{
  "version": 4,
  "terraform_version": "1.15.6",
  "serial": 87,
  "lineage": "82a0f0cb-4e06-1172-bca3-6b391a60fe14",
  "outputs": {},
  "resources": [
    {
      "mode": "data",
      "type": "nebius_iam_v1_project",
      "name": "this",
      "provider": "provider[\"terraform-provider.storage.eu-north1.nebius.cloud/nebius/nebius\"]",
      "instances": [
        {
          "schema_version": 0,
          "attributes": {
            "created_at": "2026-06-19T00:25:30.040791Z",
            "id": "project-e02qk7z0pr005jndcar132",
            "labels": null,
            "metadata": {},
            "name": "demoday-sergey",
            "parent_id": "tenant-e00znpks4hqd7c0e72",
            "region": "eu-north2",
            "resource_version": 1,
            "status": {
              "container_state": "ACTIVE",
              "region": "eu-north2",
              "suspension_state": "NONE"
            },
            "updated_at": "2026-06-19T00:25:45.003433Z"
          },
          "sensitive_attributes": [],
          "identity_schema_version": 0
        }
      ]
    },
    {
      "mode": "data",
      "type": "nebius_iam_v1_tenant",
      "name": "this",
      "provider": "provider[\"terraform-provider.storage.eu-north1.nebius.cloud/nebius/nebius\"]",
      "instances": [
        {
          "schema_version": 0,
          "attributes": {
            "created_at": "2026-02-13T19:28:36.332185Z",
            "id": "tenant-e00znpks4hqd7c0e72",
            "labels": null,
            "metadata": {},
            "name": "csa-hiring-sandboxK",
            "parent_id": "root-g00root",
            "region": "eu-north1",
            "resource_version": 4,
            "status": {
              "container_state": "ACTIVE",
              "region": "eu-north1",
              "suspension_state": "NONE"
            },
            "updated_at": "2026-02-13T19:44:31.315046Z"
          },
          "sensitive_attributes": [],
          "identity_schema_version": 0
        }
      ]
    },
    {
      "mode": "data",
      "type": "nebius_vpc_v1_subnet",
      "name": "this",
      "provider": "provider[\"terraform-provider.storage.eu-north1.nebius.cloud/nebius/nebius\"]",
      "instances": [
        {
          "schema_version": 0,
          "attributes": {
            "created_at": "2026-06-19T00:25:40.852925Z",
            "id": "vpcsubnet-e02g2fe36gdvbzke5b",
            "ipv4_private_pools": {
              "pools": null,
              "use_network_pools": true
            },
            "ipv4_public_pools": {
              "pools": null,
              "use_network_pools": true
            },
            "labels": null,
            "metadata": {},
            "name": "default-subnet-k3kajg72",
            "network_id": "vpcnetwork-e02e3n70w1zvkp01hr",
            "parent_id": "project-e02qk7z0pr005jndcar132",
            "resource_version": 1,
            "route_table_id": null,
            "status": {
              "ipv4_private_cidrs": [
                "10.24.0.0/13"
              ],
              "ipv4_public_cidrs": null,
              "route_table": {
                "default": true,
                "id": "vpcroutetable-e02gtr966vk06wdev2"
              },
              "state": "READY"
            },
            "updated_at": null
          },
          "sensitive_attributes": [],
          "identity_schema_version": 0
        }
      ]
    },
    {
      "mode": "managed",
      "type": "terraform_data",
      "name": "check_driver_presets",
      "provider": "provider[\"terraform.io/builtin/terraform\"]",
      "instances": [
        {
          "schema_version": 0,
          "attributes": {
            "id": "56dd4b1a-6c99-9778-ced4-158d14fc2d3c",
            "input": null,
            "output": null,
            "triggers_replace": null
          },
          "sensitive_attributes": [],
          "identity_schema_version": 0
        }
      ]
    },
    {
      "mode": "managed",
      "type": "terraform_data",
      "name": "check_local_nvme",
      "provider": "provider[\"terraform.io/builtin/terraform\"]",
      "instances": [
        {
          "schema_version": 0,
          "attributes": {
            "id": "6c785c19-30b9-4f20-8cb6-70b3c2549437",
            "input": null,
            "output": null,
            "triggers_replace": null
          },
          "sensitive_attributes": [],
          "identity_schema_version": 0,
          "dependencies": [
            "module.resources.data.units_data_size.k8s_ephemeral_storage_reserve"
          ],
          "create_before_destroy": true
        }
      ]
    },
    {
      "mode": "managed",
      "type": "terraform_data",
      "name": "check_nfs",
      "provider": "provider[\"terraform.io/builtin/terraform\"]",
      "instances": [
        {
          "schema_version": 0,
          "attributes": {
            "id": "67da49f7-33bd-6bab-da09-758239c434db",
            "input": null,
            "output": null,
            "triggers_replace": null
          },
          "sensitive_attributes": [],
          "identity_schema_version": 0,
          "dependencies": [
            "module.resources.data.units_data_size.k8s_ephemeral_storage_reserve",
            "terraform_data.check_region"
          ],
          "create_before_destroy": true
        }
      ]
    },
    {
      "mode": "managed",
      "type": "terraform_data",
      "name": "check_region",
      "provider": "provider[\"terraform.io/builtin/terraform\"]",
      "instances": [
        {
          "schema_version": 0,
          "attributes": {
            "id": "6aecdfce-b643-39f0-68aa-8cecb90b156e",
            "input": null,
            "output": null,
            "triggers_replace": null
          },
          "sensitive_attributes": [],
          "identity_schema_version": 0,
          "create_before_destroy": true
        }
      ]
    },
    {
      "mode": "managed",
      "type": "terraform_data",
      "name": "check_slurm_nodeset",
      "provider": "provider[\"terraform.io/builtin/terraform\"]",
      "instances": [
        {
          "index_key": "controller",
          "schema_version": 0,
          "attributes": {
            "id": "57606750-d529-8148-e589-b09ae13870e2",
            "input": null,
            "output": null,
            "triggers_replace": null
          },
          "sensitive_attributes": [],
          "identity_schema_version": 0,
          "dependencies": [
            "module.resources.data.units_data_size.k8s_ephemeral_storage_reserve",
            "terraform_data.check_region"
          ],
          "create_before_destroy": true
        },
        {
          "index_key": "login",
          "schema_version": 0,
          "attributes": {
            "id": "9119d94c-b314-1c6a-a357-cc4e4f99942c",
            "input": null,
            "output": null,
            "triggers_replace": null
          },
          "sensitive_attributes": [],
          "identity_schema_version": 0,
          "dependencies": [
            "module.resources.data.units_data_size.k8s_ephemeral_storage_reserve",
            "terraform_data.check_region"
          ],
          "create_before_destroy": true
        },
        {
          "index_key": "nfs",
          "schema_version": 0,
          "attributes": {
            "id": "a4b33280-fba4-5063-0ddd-1ed5863486eb",
            "input": null,
            "output": null,
            "triggers_replace": null
          },
          "sensitive_attributes": [],
          "identity_schema_version": 0,
          "dependencies": [
            "module.resources.data.units_data_size.k8s_ephemeral_storage_reserve",
            "terraform_data.check_region"
          ],
          "create_before_destroy": true
        },
        {
          "index_key": "system",
          "schema_version": 0,
          "attributes": {
            "id": "e1a08a33-bb66-b05f-c870-55b219b768b6",
            "input": null,
            "output": null,
            "triggers_replace": null
          },
          "sensitive_attributes": [],
          "identity_schema_version": 0,
          "dependencies": [
            "module.resources.data.units_data_size.k8s_ephemeral_storage_reserve",
            "terraform_data.check_region"
          ],
          "create_before_destroy": true
        },
        {
          "index_key": "worker_0",
          "schema_version": 0,
          "attributes": {
            "id": "565ba10d-d851-e52c-c57f-26eb94f1a8a2",
            "input": null,
            "output": null,
            "triggers_replace": null
          },
          "sensitive_attributes": [],
          "identity_schema_version": 0,
          "dependencies": [
            "module.resources.data.units_data_size.k8s_ephemeral_storage_reserve",
            "terraform_data.check_region"
          ],
          "create_before_destroy": true
        }
      ]
    },
    {
      "mode": "managed",
      "type": "terraform_data",
      "name": "check_slurm_nodeset_accounting",
      "provider": "provider[\"terraform.io/builtin/terraform\"]",
      "instances": [
        {
          "schema_version": 0,
          "attributes": {
            "id": "7b7036f0-0134-f9bf-5336-3c36e437a404",
            "input": null,
            "output": null,
            "triggers_replace": null
          },
          "sensitive_attributes": [],
          "identity_schema_version": 0,
          "create_before_destroy": true
        }
      ]
    },
    {
      "mode": "managed",
      "type": "terraform_data",
      "name": "check_variables",
      "provider": "provider[\"terraform.io/builtin/terraform\"]",
      "instances": [
        {
          "schema_version": 0,
          "attributes": {
            "id": "b2d80a41-4034-326c-820d-405f18698f12",
            "input": null,
            "output": null,
            "triggers_replace": null
          },
          "sensitive_attributes": [],
          "identity_schema_version": 0,
          "dependencies": [
            "module.resources.data.units_data_size.k8s_ephemeral_storage_reserve",
            "terraform_data.check_local_nvme",
            "terraform_data.check_nfs",
            "terraform_data.check_region",
            "terraform_data.check_slurm_nodeset",
            "terraform_data.check_slurm_nodeset_accounting"
          ],
          "create_before_destroy": true
        }
      ]
    },
    {
      "module": "module.backups[0]",
      "mode": "data",
      "type": "nebius_iam_v1_group",
      "name": "editors",
      "provider": "provider[\"terraform-provider.storage.eu-north1.nebius.cloud/nebius/nebius\"]",
      "instances": [
        {
          "schema_version": 0,
          "attributes": {
            "created_at": "2026-02-14T07:06:49.597743Z",
            "id": "group-e00bvbj95y3ypaera4",
            "labels": null,
            "metadata": {},
            "name": "editors",
            "parent_id": "tenant-e00znpks4hqd7c0e72",
            "resource_version": null,
            "status": {
              "members_count": 1,
              "service_accounts_count": 1,
              "state": null,
              "tenant_user_accounts_count": null
            },
            "updated_at": null
          },
          "sensitive_attributes": [],
          "identity_schema_version": 0
        }
      ]
    },
    {
      "module": "module.backups[0]",
      "mode": "managed",
      "type": "nebius_iam_v1_group_membership",
      "name": "backups_service_account_group",
      "provider": "provider[\"terraform-provider.storage.eu-north1.nebius.cloud/nebius/nebius\"]",
      "instances": [
        {
          "schema_version": 0,
          "attributes": {
            "created_at": "2026-06-23T20:38:44.740515Z",
            "id": "groupmembership-e00r812reayp2egbgq",
            "labels": null,
            "member_id": "serviceaccount-e02nhks0bybd358skg",
            "metadata": {},
            "name": null,
            "parent_id": "group-e00bvbj95y3ypaera4",
            "resource_version": 0,
            "status": {
              "group_member_metadata": {
                "created_at": "2026-06-23T19:47:32.410564Z",
                "id": "serviceaccount-e02nhks0bybd358skg",
                "labels": null,
                "name": "soperator-spugachev-backup-sa",
                "parent_id": "project-e02qk7z0pr005jndcar132",
                "resource_version": null,
                "updated_at": null
              },
              "service_account_status": {
                "active": true
              },
              "tenant_user_account_status": null
            },
            "updated_at": null
          },
          "sensitive_attributes": [],
          "identity_schema_version": 0,
          "dependencies": [
            "data.nebius_compute_v1_filesystem.existing_jail",
            "data.nebius_iam_v1_project.this",
            "data.nebius_vpc_v1_subnet.this",
            "module.backups.data.nebius_iam_v1_group.editors",
            "module.backups.nebius_iam_v1_service_account.backups_service_account",
            "module.cleanup.terraform_data.disk_cleanup",
            "module.filestore.data.nebius_compute_v1_filesystem.accounting",
            "module.filestore.data.nebius_compute_v1_filesystem.controller_spool",
            "module.filestore.data.nebius_compute_v1_filesystem.jail",
            "module.filestore.data.nebius_compute_v1_filesystem.jail_submount",
            "module.filestore.nebius_compute_v1_filesystem.accounting",
            "module.filestore.nebius_compute_v1_filesystem.controller_spool",
            "module.filestore.nebius_compute_v1_filesystem.jail",
            "module.filestore.nebius_compute_v1_filesystem.jail_submount",
            "module.k8s.data.units_data_size.boot_disk_minimal",
            "module.k8s.module.resources.data.units_data_size.k8s_ephemeral_storage_reserve",
            "module.k8s.nebius_compute_v1_gpu_cluster.this_v2",
            "module.k8s.nebius_mk8s_v1_cluster.this",
            "module.k8s.nebius_mk8s_v1_node_group.accounting",
            "module.k8s.nebius_mk8s_v1_node_group.controller",
            "module.k8s.nebius_mk8s_v1_node_group.login",
            "module.k8s.nebius_mk8s_v1_node_group.nfs",
            "module.k8s.nebius_mk8s_v1_node_group.system",
            "module.k8s.nebius_mk8s_v1_node_group.worker_v2",
            "module.k8s.nebius_vpc_v1_allocation.this",
            "module.k8s.terraform_data.check_resource_preset_sufficiency",
            "module.k8s.terraform_data.check_worker_gpu_fabric",
            "module.k8s.terraform_data.kubectl_cluster_context",
            "module.nfs-server.nebius_compute_v1_disk.nfs-boot-disk",
            "module.nfs-server.nebius_compute_v1_disk.nfs-storage-disk",
            "module.nfs-server.nebius_compute_v1_instance.nfs_server",
            "module.resources.data.units_data_size.k8s_ephemeral_storage_reserve",
            "terraform_data.check_local_nvme",
            "terraform_data.check_nfs",
            "terraform_data.check_region",
            "terraform_data.check_slurm_nodeset",
            "terraform_data.check_slurm_nodeset_accounting",
            "terraform_data.check_variables"
          ]
        }
      ]
    },
    {
      "module": "module.backups[0]",
      "mode": "managed",
      "type": "nebius_iam_v1_service_account",
      "name": "backups_service_account",
      "provider": "provider[\"terraform-provider.storage.eu-north1.nebius.cloud/nebius/nebius\"]",
      "instances": [
        {
          "schema_version": 0,
          "attributes": {
            "created_at": "2026-06-23T19:47:32.410564Z",
            "description": null,
            "id": "serviceaccount-e02nhks0bybd358skg",
            "labels": null,
            "metadata": {},
            "name": "soperator-spugachev-backup-sa",
            "parent_id": "project-e02qk7z0pr005jndcar132",
            "resource_version": 0,
            "status": {
              "active": true
            },
            "updated_at": null
          },
          "sensitive_attributes": [],
          "identity_schema_version": 0,
          "dependencies": [
            "data.nebius_compute_v1_filesystem.existing_jail",
            "data.nebius_iam_v1_project.this",
            "data.nebius_vpc_v1_subnet.this",
            "module.cleanup.terraform_data.disk_cleanup",
            "module.filestore.data.nebius_compute_v1_filesystem.accounting",
            "module.filestore.data.nebius_compute_v1_filesystem.controller_spool",
            "module.filestore.data.nebius_compute_v1_filesystem.jail",
            "module.filestore.data.nebius_compute_v1_filesystem.jail_submount",
            "module.filestore.nebius_compute_v1_filesystem.accounting",
            "module.filestore.nebius_compute_v1_filesystem.controller_spool",
            "module.filestore.nebius_compute_v1_filesystem.jail",
            "module.filestore.nebius_compute_v1_filesystem.jail_submount",
            "module.k8s.data.units_data_size.boot_disk_minimal",
            "module.k8s.module.resources.data.units_data_size.k8s_ephemeral_storage_reserve",
            "module.k8s.nebius_compute_v1_gpu_cluster.this_v2",
            "module.k8s.nebius_mk8s_v1_cluster.this",
            "module.k8s.nebius_mk8s_v1_node_group.accounting",
            "module.k8s.nebius_mk8s_v1_node_group.controller",
            "module.k8s.nebius_mk8s_v1_node_group.login",
            "module.k8s.nebius_mk8s_v1_node_group.nfs",
            "module.k8s.nebius_mk8s_v1_node_group.system",
            "module.k8s.nebius_mk8s_v1_node_group.worker_v2",
            "module.k8s.nebius_vpc_v1_allocation.this",
            "module.k8s.terraform_data.check_resource_preset_sufficiency",
            "module.k8s.terraform_data.check_worker_gpu_fabric",
            "module.k8s.terraform_data.kubectl_cluster_context",
            "module.nfs-server.nebius_compute_v1_disk.nfs-boot-disk",
            "module.nfs-server.nebius_compute_v1_disk.nfs-storage-disk",
            "module.nfs-server.nebius_compute_v1_instance.nfs_server",
            "module.resources.data.units_data_size.k8s_ephemeral_storage_reserve",
            "terraform_data.check_local_nvme",
            "terraform_data.check_nfs",
            "terraform_data.check_region",
            "terraform_data.check_slurm_nodeset",
            "terraform_data.check_slurm_nodeset_accounting",
            "terraform_data.check_variables"
          ]
        }
      ]
    },
    {
      "module": "module.backups[0]",
      "mode": "managed",
      "type": "terraform_data",
      "name": "k8s_backups_bucket_access_secret",
      "provider": "provider[\"terraform.io/builtin/terraform\"]",
      "instances": [
        {
          "schema_version": 0,
          "attributes": {
            "id": "cc577a04-0af2-39ee-fb7b-4031062a4d99",
            "input": null,
            "output": null,
            "triggers_replace": {
              "value": {
                "k8s_cluster_context": "nebius-spugachev-slurm",
                "k8s_cluster_id": "mk8scluster-e02fv10y8fh5nghh2m",
                "namespace": "soperator",
                "secret_name": "jail-backup",
                "service_account_id": "serviceaccount-e02nhks0bybd358skg"
              },
              "type": [
                "object",
                {
                  "k8s_cluster_context": "string",
                  "k8s_cluster_id": "string",
                  "namespace": "string",
                  "secret_name": "string",
                  "service_account_id": "string"
                }
              ]
            }
          },
          "sensitive_attributes": [],
          "identity_schema_version": 0,
          "dependencies": [
            "data.nebius_compute_v1_filesystem.existing_jail",
            "data.nebius_iam_v1_project.this",
            "data.nebius_vpc_v1_subnet.this",
            "module.backups.nebius_iam_v1_service_account.backups_service_account",
            "module.cleanup.terraform_data.disk_cleanup",
            "module.filestore.data.nebius_compute_v1_filesystem.accounting",
            "module.filestore.data.nebius_compute_v1_filesystem.controller_spool",
            "module.filestore.data.nebius_compute_v1_filesystem.jail",
            "module.filestore.data.nebius_compute_v1_filesystem.jail_submount",
            "module.filestore.nebius_compute_v1_filesystem.accounting",
            "module.filestore.nebius_compute_v1_filesystem.controller_spool",
            "module.filestore.nebius_compute_v1_filesystem.jail",
            "module.filestore.nebius_compute_v1_filesystem.jail_submount",
            "module.k8s.data.units_data_size.boot_disk_minimal",
            "module.k8s.module.resources.data.units_data_size.k8s_ephemeral_storage_reserve",
            "module.k8s.nebius_compute_v1_gpu_cluster.this_v2",
            "module.k8s.nebius_mk8s_v1_cluster.this",
            "module.k8s.nebius_mk8s_v1_node_group.accounting",
            "module.k8s.nebius_mk8s_v1_node_group.controller",
            "module.k8s.nebius_mk8s_v1_node_group.login",
            "module.k8s.nebius_mk8s_v1_node_group.nfs",
            "module.k8s.nebius_mk8s_v1_node_group.system",
            "module.k8s.nebius_mk8s_v1_node_group.worker_v2",
            "module.k8s.nebius_vpc_v1_allocation.this",
            "module.k8s.terraform_data.check_resource_preset_sufficiency",
            "module.k8s.terraform_data.check_worker_gpu_fabric",
            "module.k8s.terraform_data.kubectl_cluster_context",
            "module.nfs-server.nebius_compute_v1_disk.nfs-boot-disk",
            "module.nfs-server.nebius_compute_v1_disk.nfs-storage-disk",
            "module.nfs-server.nebius_compute_v1_instance.nfs_server",
            "module.resources.data.units_data_size.k8s_ephemeral_storage_reserve",
            "terraform_data.check_local_nvme",
            "terraform_data.check_nfs",
            "terraform_data.check_region",
            "terraform_data.check_slurm_nodeset",
            "terraform_data.check_slurm_nodeset_accounting",
            "terraform_data.check_variables"
          ]
        }
      ]
    },
    {
      "module": "module.backups_store[0]",
      "mode": "managed",
      "type": "nebius_storage_v1_bucket",
      "name": "backups_bucket",
      "provider": "provider[\"terraform-provider.storage.eu-north1.nebius.cloud/nebius/nebius\"]",
      "instances": [
        {
          "schema_version": 0,
          "attributes": {
            "bucket_policy": null,
            "cors": null,
            "created_at": "2026-06-23T19:47:40.669379Z",
            "default_storage_class": null,
            "force_storage_class": null,
            "id": "storagebucket-e0215758169660748466661",
            "labels": null,
            "lifecycle_configuration": null,
            "max_size_bytes": null,
            "metadata": {},
            "name": "soperator-spugachev-backups",
            "object_audit_logging": null,
            "parent_id": "project-e02qk7z0pr005jndcar132",
            "resource_version": 1,
            "status": {
              "anonymous_access_enabled": null,
              "counters": null,
              "deleted_at": null,
              "domain_name": "storage.eu-north2.nebius.cloud",
              "purge_at": null,
              "region": "eu-north2",
              "state": "ACTIVE",
              "suspension_state": "NOT_SUSPENDED"
            },
            "updated_at": "2026-06-23T19:47:43.195197Z",
            "versioning_policy": "DISABLED"
          },
          "sensitive_attributes": [],
          "identity_schema_version": 0,
          "dependencies": [
            "data.nebius_compute_v1_filesystem.existing_jail",
            "data.nebius_iam_v1_project.this",
            "data.nebius_vpc_v1_subnet.this",
            "module.cleanup.terraform_data.disk_cleanup",
            "module.filestore.data.nebius_compute_v1_filesystem.accounting",
            "module.filestore.data.nebius_compute_v1_filesystem.controller_spool",
            "module.filestore.data.nebius_compute_v1_filesystem.jail",
            "module.filestore.data.nebius_compute_v1_filesystem.jail_submount",
            "module.filestore.nebius_compute_v1_filesystem.accounting",
            "module.filestore.nebius_compute_v1_filesystem.controller_spool",
            "module.filestore.nebius_compute_v1_filesystem.jail",
            "module.filestore.nebius_compute_v1_filesystem.jail_submount",
            "module.fluxcd.terraform_data.flux2",
            "module.fluxcd.terraform_data.flux_namespace",
            "module.k8s.data.units_data_size.boot_disk_minimal",
            "module.k8s.module.resources.data.units_data_size.k8s_ephemeral_storage_reserve",
            "module.k8s.nebius_compute_v1_gpu_cluster.this_v2",
            "module.k8s.nebius_mk8s_v1_cluster.this",
            "module.k8s.nebius_mk8s_v1_node_group.accounting",
            "module.k8s.nebius_mk8s_v1_node_group.controller",
            "module.k8s.nebius_mk8s_v1_node_group.login",
            "module.k8s.nebius_mk8s_v1_node_group.nfs",
            "module.k8s.nebius_mk8s_v1_node_group.system",
            "module.k8s.nebius_mk8s_v1_node_group.worker_v2",
            "module.k8s.nebius_vpc_v1_allocation.this",
            "module.k8s.terraform_data.check_resource_preset_sufficiency",
            "module.k8s.terraform_data.check_worker_gpu_fabric",
            "module.k8s.terraform_data.kubectl_cluster_context",
            "module.nfs-server.nebius_compute_v1_disk.nfs-boot-disk",
            "module.nfs-server.nebius_compute_v1_disk.nfs-storage-disk",
            "module.nfs-server.nebius_compute_v1_instance.nfs_server",
            "module.resources.data.units_data_size.k8s_ephemeral_storage_reserve",
            "terraform_data.check_local_nvme",
            "terraform_data.check_nfs",
            "terraform_data.check_region",
            "terraform_data.check_slurm_nodeset",
            "terraform_data.check_slurm_nodeset_accounting",
            "terraform_data.check_variables"
          ]
        }
      ]
    },
    {
      "module": "module.cleanup",
      "mode": "managed",
      "type": "terraform_data",
      "name": "disk_cleanup",
      "provider": "provider[\"terraform.io/builtin/terraform\"]",
      "instances": [
        {
          "schema_version": 0,
          "attributes": {
            "id": "6cf8d739-497c-c799-7bf9-3007b2cedfc5",
            "input": null,
            "output": null,
            "triggers_replace": {
              "value": {
                "parent_id": "project-e02qk7z0pr005jndcar132"
              },
              "type": [
                "object",
                {
                  "parent_id": "string"
                }
              ]
            }
          },
          "sensitive_attributes": [],
          "identity_schema_version": 0,
          "create_before_destroy": true
        }
      ]
    },
    {
      "module": "module.filestore",
      "mode": "managed",
      "type": "nebius_compute_v1_filesystem",
      "name": "accounting",
      "provider": "provider[\"terraform-provider.storage.eu-north1.nebius.cloud/nebius/nebius\"]",
      "instances": [
        {
          "index_key": 0,
          "schema_version": 0,
          "attributes": {
            "block_size_bytes": 4096,
            "created_at": "2026-06-23T19:32:10.943717Z",
            "forbid_deletion": false,
            "id": "computefilesystem-e02qtyjekjn5d6rhwq",
            "labels": null,
            "metadata": {},
            "name": "soperator-spugachev-accounting",
            "parent_id": "project-e02qk7z0pr005jndcar132",
            "resource_version": 1,
            "size_bytes": 107374182400,
            "size_gibibytes": null,
            "size_kibibytes": null,
            "size_mebibytes": null,
            "status": {
              "block_size_bytes": 4096,
              "read_only_attachments": null,
              "read_write_attachments": [
                "computeinstance-e02pzgccp3s088spc7",
                "computeinstance-e02bqb438cykaf6pek"
              ],
              "reconciling": null,
              "size_bytes": 107374182400,
              "state": "READY",
              "state_description": null
            },
            "type": "NETWORK_SSD",
            "updated_at": null
          },
          "sensitive_attributes": [],
          "identity_schema_version": 0,
          "dependencies": [
            "data.nebius_iam_v1_project.this",
            "module.resources.data.units_data_size.k8s_ephemeral_storage_reserve",
            "terraform_data.check_local_nvme",
            "terraform_data.check_nfs",
            "terraform_data.check_region",
            "terraform_data.check_slurm_nodeset",
            "terraform_data.check_slurm_nodeset_accounting",
            "terraform_data.check_variables"
          ],
          "create_before_destroy": true
        }
      ]
    },
    {
      "module": "module.filestore",
      "mode": "managed",
      "type": "nebius_compute_v1_filesystem",
      "name": "controller_spool",
      "provider": "provider[\"terraform-provider.storage.eu-north1.nebius.cloud/nebius/nebius\"]",
      "instances": [
        {
          "index_key": 0,
          "schema_version": 0,
          "attributes": {
            "block_size_bytes": 4096,
            "created_at": "2026-06-23T19:32:10.952385Z",
            "forbid_deletion": false,
            "id": "computefilesystem-e02scbpyf4k635rmzc",
            "labels": null,
            "metadata": {},
            "name": "soperator-spugachev-controller-spool",
            "parent_id": "project-e02qk7z0pr005jndcar132",
            "resource_version": 1,
            "size_bytes": 25769803776,
            "size_gibibytes": null,
            "size_kibibytes": null,
            "size_mebibytes": null,
            "status": {
              "block_size_bytes": 4096,
              "read_only_attachments": null,
              "read_write_attachments": [
                "computeinstance-e02bqb438cykaf6pek"
              ],
              "reconciling": null,
              "size_bytes": 25769803776,
              "state": "READY",
              "state_description": null
            },
            "type": "NETWORK_SSD",
            "updated_at": null
          },
          "sensitive_attributes": [],
          "identity_schema_version": 0,
          "dependencies": [
            "data.nebius_iam_v1_project.this",
            "module.resources.data.units_data_size.k8s_ephemeral_storage_reserve",
            "terraform_data.check_local_nvme",
            "terraform_data.check_nfs",
            "terraform_data.check_region",
            "terraform_data.check_slurm_nodeset",
            "terraform_data.check_slurm_nodeset_accounting",
            "terraform_data.check_variables"
          ],
          "create_before_destroy": true
        }
      ]
    },
    {
      "module": "module.filestore",
      "mode": "managed",
      "type": "nebius_compute_v1_filesystem",
      "name": "jail",
      "provider": "provider[\"terraform-provider.storage.eu-north1.nebius.cloud/nebius/nebius\"]",
      "instances": [
        {
          "index_key": 0,
          "schema_version": 0,
          "attributes": {
            "block_size_bytes": 4096,
            "created_at": "2026-06-23T19:32:10.942314Z",
            "forbid_deletion": false,
            "id": "computefilesystem-e02ppcd6nn4411prvg",
            "labels": null,
            "metadata": {},
            "name": "soperator-spugachev-jail",
            "parent_id": "project-e02qk7z0pr005jndcar132",
            "resource_version": 1,
            "size_bytes": 322122547200,
            "size_gibibytes": null,
            "size_kibibytes": null,
            "size_mebibytes": null,
            "status": {
              "block_size_bytes": 4096,
              "read_only_attachments": null,
              "read_write_attachments": [
                "computeinstance-e02hkxmdbghxq73ayn",
                "computeinstance-e02sn2qvmv1dnegngv",
                "computeinstance-e02sh4thsw215378cy",
                "computeinstance-e02sxnq2p23j6vp8w5",
                "computeinstance-e02pzgccp3s088spc7",
                "computeinstance-e02t1y7mntn994x3f4",
                "computeinstance-e02r5r0t8zhyavbfqp",
                "computeinstance-e02bqb438cykaf6pek"
              ],
              "reconciling": null,
              "size_bytes": 322122547200,
              "state": "READY",
              "state_description": null
            },
            "type": "NETWORK_SSD",
            "updated_at": null
          },
          "sensitive_attributes": [],
          "identity_schema_version": 0,
          "dependencies": [
            "data.nebius_iam_v1_project.this",
            "module.resources.data.units_data_size.k8s_ephemeral_storage_reserve",
            "terraform_data.check_local_nvme",
            "terraform_data.check_nfs",
            "terraform_data.check_region",
            "terraform_data.check_slurm_nodeset",
            "terraform_data.check_slurm_nodeset_accounting",
            "terraform_data.check_variables"
          ],
          "create_before_destroy": true
        }
      ]
    },
    {
      "module": "module.filestore",
      "mode": "managed",
      "type": "nebius_compute_v1_filesystem",
      "name": "jail_submount",
      "provider": "provider[\"terraform-provider.storage.eu-north1.nebius.cloud/nebius/nebius\"]",
      "instances": [
        {
          "index_key": "data",
          "schema_version": 0,
          "attributes": {
            "block_size_bytes": 4096,
            "created_at": "2026-06-23T19:32:10.942228Z",
            "forbid_deletion": false,
            "id": "computefilesystem-e02pr1q5she4wq0stn",
            "labels": null,
            "metadata": {},
            "name": "soperator-spugachev-jail-submount-data",
            "parent_id": "project-e02qk7z0pr005jndcar132",
            "resource_version": 1,
            "size_bytes": 644245094400,
            "size_gibibytes": null,
            "size_kibibytes": null,
            "size_mebibytes": null,
            "status": {
              "block_size_bytes": 4096,
              "read_only_attachments": null,
              "read_write_attachments": [
                "computeinstance-e02hkxmdbghxq73ayn",
                "computeinstance-e02sn2qvmv1dnegngv",
                "computeinstance-e02sh4thsw215378cy",
                "computeinstance-e02sxnq2p23j6vp8w5",
                "computeinstance-e02pzgccp3s088spc7",
                "computeinstance-e02t1y7mntn994x3f4",
                "computeinstance-e02r5r0t8zhyavbfqp",
                "computeinstance-e02bqb438cykaf6pek"
              ],
              "reconciling": null,
              "size_bytes": 644245094400,
              "state": "READY",
              "state_description": null
            },
            "type": "NETWORK_SSD",
            "updated_at": null
          },
          "sensitive_attributes": [],
          "identity_schema_version": 0,
          "dependencies": [
            "data.nebius_iam_v1_project.this",
            "module.resources.data.units_data_size.k8s_ephemeral_storage_reserve",
            "terraform_data.check_local_nvme",
            "terraform_data.check_nfs",
            "terraform_data.check_region",
            "terraform_data.check_slurm_nodeset",
            "terraform_data.check_slurm_nodeset_accounting",
            "terraform_data.check_variables"
          ],
          "create_before_destroy": true
        }
      ]
    },
    {
      "module": "module.fluxcd",
      "mode": "managed",
      "type": "terraform_data",
      "name": "flux2",
      "provider": "provider[\"terraform.io/builtin/terraform\"]",
      "instances": [
        {
          "schema_version": 0,
          "attributes": {
            "id": "c5a7a288-f9ae-3281-48e7-ee8a3826e6a1",
            "input": null,
            "output": null,
            "triggers_replace": {
              "value": {
                "first_run": "true"
              },
              "type": [
                "object",
                {
                  "first_run": "string"
                }
              ]
            }
          },
          "sensitive_attributes": [],
          "identity_schema_version": 0,
          "dependencies": [
            "data.nebius_iam_v1_project.this",
            "data.nebius_vpc_v1_subnet.this",
            "module.cleanup.terraform_data.disk_cleanup",
            "module.filestore.data.nebius_compute_v1_filesystem.accounting",
            "module.filestore.data.nebius_compute_v1_filesystem.controller_spool",
            "module.filestore.data.nebius_compute_v1_filesystem.jail",
            "module.filestore.data.nebius_compute_v1_filesystem.jail_submount",
            "module.filestore.nebius_compute_v1_filesystem.accounting",
            "module.filestore.nebius_compute_v1_filesystem.controller_spool",
            "module.filestore.nebius_compute_v1_filesystem.jail",
            "module.filestore.nebius_compute_v1_filesystem.jail_submount",
            "module.fluxcd.terraform_data.flux_namespace",
            "module.k8s.data.units_data_size.boot_disk_minimal",
            "module.k8s.module.resources.data.units_data_size.k8s_ephemeral_storage_reserve",
            "module.k8s.nebius_compute_v1_gpu_cluster.this_v2",
            "module.k8s.nebius_mk8s_v1_cluster.this",
            "module.k8s.nebius_mk8s_v1_node_group.accounting",
            "module.k8s.nebius_mk8s_v1_node_group.controller",
            "module.k8s.nebius_mk8s_v1_node_group.login",
            "module.k8s.nebius_mk8s_v1_node_group.nfs",
            "module.k8s.nebius_mk8s_v1_node_group.system",
            "module.k8s.nebius_mk8s_v1_node_group.worker_v2",
            "module.k8s.nebius_vpc_v1_allocation.this",
            "module.k8s.terraform_data.check_resource_preset_sufficiency",
            "module.k8s.terraform_data.check_worker_gpu_fabric",
            "module.k8s.terraform_data.kubectl_cluster_context",
            "module.nfs-server.nebius_compute_v1_disk.nfs-boot-disk",
            "module.nfs-server.nebius_compute_v1_disk.nfs-storage-disk",
            "module.nfs-server.nebius_compute_v1_instance.nfs_server",
            "module.resources.data.units_data_size.k8s_ephemeral_storage_reserve",
            "terraform_data.check_local_nvme",
            "terraform_data.check_nfs",
            "terraform_data.check_region",
            "terraform_data.check_slurm_nodeset",
            "terraform_data.check_slurm_nodeset_accounting",
            "terraform_data.check_variables"
          ]
        }
      ]
    },
    {
      "module": "module.fluxcd",
      "mode": "managed",
      "type": "terraform_data",
      "name": "flux_namespace",
      "provider": "provider[\"terraform.io/builtin/terraform\"]",
      "instances": [
        {
          "schema_version": 0,
          "attributes": {
            "id": "17137fcf-a5dd-daa8-7d9e-6315985fc63e",
            "input": null,
            "output": null,
            "triggers_replace": {
              "value": {
                "first_run": "true"
              },
              "type": [
                "object",
                {
                  "first_run": "string"
                }
              ]
            }
          },
          "sensitive_attributes": [],
          "identity_schema_version": 0,
          "dependencies": [
            "data.nebius_iam_v1_project.this",
            "data.nebius_vpc_v1_subnet.this",
            "module.cleanup.terraform_data.disk_cleanup",
            "module.filestore.data.nebius_compute_v1_filesystem.accounting",
            "module.filestore.data.nebius_compute_v1_filesystem.controller_spool",
            "module.filestore.data.nebius_compute_v1_filesystem.jail",
            "module.filestore.data.nebius_compute_v1_filesystem.jail_submount",
            "module.filestore.nebius_compute_v1_filesystem.accounting",
            "module.filestore.nebius_compute_v1_filesystem.controller_spool",
            "module.filestore.nebius_compute_v1_filesystem.jail",
            "module.filestore.nebius_compute_v1_filesystem.jail_submount",
            "module.k8s.data.units_data_size.boot_disk_minimal",
            "module.k8s.module.resources.data.units_data_size.k8s_ephemeral_storage_reserve",
            "module.k8s.nebius_compute_v1_gpu_cluster.this_v2",
            "module.k8s.nebius_mk8s_v1_cluster.this",
            "module.k8s.nebius_mk8s_v1_node_group.accounting",
            "module.k8s.nebius_mk8s_v1_node_group.controller",
            "module.k8s.nebius_mk8s_v1_node_group.login",
            "module.k8s.nebius_mk8s_v1_node_group.nfs",
            "module.k8s.nebius_mk8s_v1_node_group.system",
            "module.k8s.nebius_mk8s_v1_node_group.worker_v2",
            "module.k8s.nebius_vpc_v1_allocation.this",
            "module.k8s.terraform_data.check_resource_preset_sufficiency",
            "module.k8s.terraform_data.check_worker_gpu_fabric",
            "module.k8s.terraform_data.kubectl_cluster_context",
            "module.nfs-server.nebius_compute_v1_disk.nfs-boot-disk",
            "module.nfs-server.nebius_compute_v1_disk.nfs-storage-disk",
            "module.nfs-server.nebius_compute_v1_instance.nfs_server",
            "module.resources.data.units_data_size.k8s_ephemeral_storage_reserve",
            "terraform_data.check_local_nvme",
            "terraform_data.check_nfs",
            "terraform_data.check_region",
            "terraform_data.check_slurm_nodeset",
            "terraform_data.check_slurm_nodeset_accounting",
            "terraform_data.check_variables"
          ]
        }
      ]
    },
    {
      "module": "module.k8s",
      "mode": "data",
      "type": "units_data_size",
      "name": "boot_disk_minimal",
      "provider": "provider[\"registry.terraform.io/dstaroff/units\"]",
      "instances": [
        {
          "schema_version": 0,
          "attributes": {
            "bytes": 137438953472,
            "gibibytes": 128,
            "gigabytes": 137.438953472,
            "kibibytes": 134217728,
            "kilobytes": 137438953.472,
            "mebibytes": 131072,
            "megabytes": 137438.953472,
            "pebibytes": 0.0001220703125,
            "petabytes": 0.000137438953472,
            "tebibytes": 0.125,
            "terabytes": 0.137438953472
          },
          "sensitive_attributes": [],
          "identity_schema_version": 0
        }
      ]
    },
    {
      "module": "module.k8s",
      "mode": "managed",
      "type": "nebius_compute_v1_gpu_cluster",
      "name": "this_v2",
      "provider": "provider[\"terraform-provider.storage.eu-north1.nebius.cloud/nebius/nebius\"]",
      "instances": [
        {
          "index_key": "eu-north2-a",
          "schema_version": 0,
          "attributes": {
            "created_at": "2026-06-23T19:32:14.818222Z",
            "id": "computegpucluster-e02skkb3qn3k5pes8f",
            "infiniband_fabric": "eu-north2-a",
            "labels": null,
            "metadata": {},
            "name": "soperator-spugachev-eu-north2-a",
            "parent_id": "project-e02qk7z0pr005jndcar132",
            "resource_version": 1,
            "status": {
              "infiniband_topology_path": {
                "instances": [
                  {
                    "instance_id": "computeinstance-e02r5r0t8zhyavbfqp",
                    "path": [
                      "01f1e7051ead547dff3970328471c7db",
                      "5bea166305e0bc460a7d825662a2ee3e",
                      "66322f2b5174cff324c2f50f05e51e64"
                    ]
                  },
                  {
                    "instance_id": "computeinstance-e02t1y7mntn994x3f4",
                    "path": [
                      "01f1e7051ead547dff3970328471c7db",
                      "ee18a6584b58693bbedb2c2550060e8e",
                      "5a23ed4508531506a721942a3c88c9f8"
                    ]
                  }
                ]
              },
              "instances": [
                "computeinstance-e02t1y7mntn994x3f4",
                "computeinstance-e02r5r0t8zhyavbfqp"
              ],
              "reconciling": null
            },
            "updated_at": null
          },
          "sensitive_attributes": [],
          "identity_schema_version": 0,
          "dependencies": [
            "data.nebius_iam_v1_project.this",
            "data.nebius_vpc_v1_subnet.this",
            "module.cleanup.terraform_data.disk_cleanup",
            "module.filestore.data.nebius_compute_v1_filesystem.accounting",
            "module.filestore.data.nebius_compute_v1_filesystem.controller_spool",
            "module.filestore.data.nebius_compute_v1_filesystem.jail",
            "module.filestore.data.nebius_compute_v1_filesystem.jail_submount",
            "module.filestore.nebius_compute_v1_filesystem.accounting",
            "module.filestore.nebius_compute_v1_filesystem.controller_spool",
            "module.filestore.nebius_compute_v1_filesystem.jail",
            "module.filestore.nebius_compute_v1_filesystem.jail_submount",
            "module.nfs-server.nebius_compute_v1_disk.nfs-boot-disk",
            "module.nfs-server.nebius_compute_v1_disk.nfs-storage-disk",
            "module.nfs-server.nebius_compute_v1_instance.nfs_server",
            "module.resources.data.units_data_size.k8s_ephemeral_storage_reserve",
            "terraform_data.check_local_nvme",
            "terraform_data.check_nfs",
            "terraform_data.check_region",
            "terraform_data.check_slurm_nodeset",
            "terraform_data.check_slurm_nodeset_accounting",
            "terraform_data.check_variables"
          ]
        }
      ]
    },
    {
      "module": "module.k8s",
      "mode": "managed",
      "type": "nebius_mk8s_v1_cluster",
      "name": "this",
      "provider": "provider[\"terraform-provider.storage.eu-north1.nebius.cloud/nebius/nebius\"]",
      "instances": [
        {
          "schema_version": 0,
          "attributes": {
            "control_plane": {
              "audit_logs": {},
              "endpoints": {
                "public_endpoint": {
                  "allowed_cidrs": null
                }
              },
              "etcd_cluster_size": 3,
              "karpenter": null,
              "subnet_id": "vpcsubnet-e02g2fe36gdvbzke5b",
              "version": "1.33"
            },
            "created_at": "2026-06-23T19:32:15Z",
            "id": "mk8scluster-e02fv10y8fh5nghh2m",
            "kube_network": null,
            "labels": null,
            "metadata": {},
            "name": "soperator-spugachev",
            "parent_id": "project-e02qk7z0pr005jndcar132",
            "resource_version": 2,
            "status": {
              "control_plane": {
                "auth": {
                  "cluster_ca_certificate": "-----BEGIN CERTIFICATE-----\nMIIC6jCCAdKgAwIBAgIBADANBgkqhkiG9w0BAQsFADAVMRMwEQYDVQQDEwprdWJl\ncm5ldGVzMB4XDTI2MDYyMzE5Mjc1NloXDTM2MDYyMDE5MzI1NlowFTETMBEGA1UE\nAxMKa3ViZXJuZXRlczCCASIwDQYJKoZIhvcNAQEBBQADggEPADCCAQoCggEBAKza\noNSsK1s0lD3sRBL03solYRHK9Mc2StgAgu4e7KK4bavwMOVDPzhHfFi+hNpoo/fA\nXzOwk4Y7LjeuFlZRR771lcdYGMWt8qPJ392EYFooxqtupeRdHfIVqXAS2kD0XXc6\nzIoUKOpp2Tt1U/nHvT7OvfBKmIe2zB8hKWX9iAV2AXLqOfcJbqWKrFQMrpdBb4PU\nK2MnX+F2miTdZgIVL/5yu/8fYElpz50cWq/B/nFKNkeHd1pP9ynmClR/WNYp2Vi0\nTOxNzPnD1muogPY4J4Uyc5aRwH67rb49PgHVoQ2ZG1JcC8Ym4kDPN14j/jd+Eyyx\nO32MI+oWxoBYXL+YWFsCAwEAAaNFMEMwDgYDVR0PAQH/BAQDAgKkMBIGA1UdEwEB\n/wQIMAYBAf8CAQAwHQYDVR0OBBYEFOe+11vkAToVaVsH7df1dqtiXMF3MA0GCSqG\nSIb3DQEBCwUAA4IBAQAfWQ3HMuscesxRB0fbelQIqFFZZV9V/JPX75HUBAdt2AfH\nUxDBLAY71CaNxDQ/8pIdsErkR0cO0rmDNUo7TxfT0nuoNbz8D3I47bWYSjKPf92R\nuQcQiBaaNFV+pUNECSmJ2P8gyZy1kwELWkb0Hqu1vRjjP+whM23mTMby2xzelOl2\n12HshlHUPTP3FBoUV49/sjH/hB+jiFc+0W7Ccz29kyxUGeR9En47EznjXDrWF3Ol\nVUTe8yiR3x0rjvF2IHzbvf65NZmrqRsUBfoj9qquk0ktE7F2v5+81Y22pOu1yUvO\n96jBTIBLQRl+4Tq7Ba8a/gc06z+jhz7LpOxFCa9P\n-----END CERTIFICATE-----\n"
                },
                "endpoints": {
                  "private_endpoint": "https://pr.mk8scluster-e02fv10y8fh5nghh2m.mk8s.eu-north2.nebius.cloud:443",
                  "public_endpoint": "https://pu.mk8scluster-e02fv10y8fh5nghh2m.mk8s.eu-north2.nebius.cloud:443"
                },
                "etcd_cluster_size": 3,
                "version": "1.33"
              },
              "events": null,
              "reconciling": null,
              "state": "RUNNING"
            },
            "updated_at": "2026-06-23T19:42:23Z"
          },
          "sensitive_attributes": [],
          "identity_schema_version": 0,
          "dependencies": [
            "data.nebius_iam_v1_project.this",
            "data.nebius_vpc_v1_subnet.this",
            "module.cleanup.terraform_data.disk_cleanup",
            "module.filestore.data.nebius_compute_v1_filesystem.accounting",
            "module.filestore.data.nebius_compute_v1_filesystem.controller_spool",
            "module.filestore.data.nebius_compute_v1_filesystem.jail",
            "module.filestore.data.nebius_compute_v1_filesystem.jail_submount",
            "module.filestore.nebius_compute_v1_filesystem.accounting",
            "module.filestore.nebius_compute_v1_filesystem.controller_spool",
            "module.filestore.nebius_compute_v1_filesystem.jail",
            "module.filestore.nebius_compute_v1_filesystem.jail_submount",
            "module.nfs-server.nebius_compute_v1_disk.nfs-boot-disk",
            "module.nfs-server.nebius_compute_v1_disk.nfs-storage-disk",
            "module.nfs-server.nebius_compute_v1_instance.nfs_server",
            "module.resources.data.units_data_size.k8s_ephemeral_storage_reserve",
            "terraform_data.check_local_nvme",
            "terraform_data.check_nfs",
            "terraform_data.check_region",
            "terraform_data.check_slurm_nodeset",
            "terraform_data.check_slurm_nodeset_accounting",
            "terraform_data.check_variables"
          ]
        }
      ]
    },
    {
      "module": "module.k8s",
      "mode": "managed",
      "type": "nebius_mk8s_v1_node_group",
      "name": "accounting",
      "provider": "provider[\"terraform-provider.storage.eu-north1.nebius.cloud/nebius/nebius\"]",
      "instances": [
        {
          "index_key": 0,
          "schema_version": 0,
          "attributes": {
            "auto_repair": null,
            "autoscaling": null,
            "created_at": "2026-06-23T19:41:43Z",
            "fixed_node_count": 1,
            "id": "mk8snodegroup-e02g532t16tvf6rkp9",
            "labels": {
              "slurm.nebius.ai/jail": "true",
              "slurm.nebius.ai/nodeset": "accounting",
              "slurm.nebius.ai/workload": "cpu"
            },
            "metadata": {},
            "name": "accounting",
            "parent_id": "mk8scluster-e02fv10y8fh5nghh2m",
            "resource_version": 1,
            "status": {
              "events": null,
              "node_count": 1,
              "outdated_node_count": null,
              "ready_node_count": 1,
              "reconciling": null,
              "state": "RUNNING",
              "strategy": {
                "drain_timeout": null,
                "max_surge": {
                  "count": 1,
                  "percent": null
                },
                "max_unavailable": {
                  "count": 0,
                  "percent": null
                }
              },
              "target_node_count": 1,
              "version": "v1.33.7-nebius-node.66"
            },
            "strategy": null,
            "template": {
              "boot_disk": {
                "block_size_bytes": 4096,
                "size_bytes": 137438953472,
                "size_gibibytes": null,
                "size_kibibytes": null,
                "size_mebibytes": null,
                "type": "NETWORK_SSD"
              },
              "cloud_init_user_data": null,
              "filesystems": [
                {
                  "attach_mode": "READ_WRITE",
                  "existing_filesystem": {
                    "id": "computefilesystem-e02ppcd6nn4411prvg"
                  },
                  "mount_tag": "jail"
                },
                {
                  "attach_mode": "READ_WRITE",
                  "existing_filesystem": {
                    "id": "computefilesystem-e02pr1q5she4wq0stn"
                  },
                  "mount_tag": "jail-submount-data"
                },
                {
                  "attach_mode": "READ_WRITE",
                  "existing_filesystem": {
                    "id": "computefilesystem-e02qtyjekjn5d6rhwq"
                  },
                  "mount_tag": "accounting"
                }
              ],
              "gpu_cluster": null,
              "gpu_settings": null,
              "local_disks": null,
              "max_pods": null,
              "metadata": {
                "labels": {
                  "node.kubernetes.io/exclude-from-external-load-balancers": "true",
                  "slurm.nebius.ai/jail": "true",
                  "slurm.nebius.ai/nodeset": "accounting",
                  "slurm.nebius.ai/workload": "cpu"
                }
              },
              "network_interfaces": [
                {
                  "public_ip_address": null,
                  "security_groups": [],
                  "subnet_id": "vpcsubnet-e02g2fe36gdvbzke5b"
                }
              ],
              "os": "ubuntu24.04",
              "preemptible": null,
              "reservation_policy": null,
              "resources": {
                "platform": "cpu-d3",
                "preset": "16vcpu-64gb"
              },
              "service_account_id": null,
              "taints": [
                {
                  "effect": "NO_SCHEDULE",
                  "key": "slurm.nebius.ai/nodeset",
                  "value": "accounting"
                }
              ]
            },
            "updated_at": "2026-06-23T19:41:43Z",
            "version": "1.33"
          },
          "sensitive_attributes": [
            [
              {
                "type": "get_attr",
                "value": "template"
              },
              {
                "type": "get_attr",
                "value": "cloud_init_user_data"
              }
            ]
          ],
          "identity_schema_version": 0,
          "dependencies": [
            "data.nebius_iam_v1_project.this",
            "data.nebius_vpc_v1_subnet.this",
            "module.cleanup.terraform_data.disk_cleanup",
            "module.filestore.data.nebius_compute_v1_filesystem.accounting",
            "module.filestore.data.nebius_compute_v1_filesystem.controller_spool",
            "module.filestore.data.nebius_compute_v1_filesystem.jail",
            "module.filestore.data.nebius_compute_v1_filesystem.jail_submount",
            "module.filestore.nebius_compute_v1_filesystem.accounting",
            "module.filestore.nebius_compute_v1_filesystem.controller_spool",
            "module.filestore.nebius_compute_v1_filesystem.jail",
            "module.filestore.nebius_compute_v1_filesystem.jail_submount",
            "module.k8s.data.units_data_size.boot_disk_minimal",
            "module.k8s.module.resources.data.units_data_size.k8s_ephemeral_storage_reserve",
            "module.k8s.nebius_mk8s_v1_cluster.this",
            "module.k8s.terraform_data.check_resource_preset_sufficiency",
            "module.nfs-server.nebius_compute_v1_disk.nfs-boot-disk",
            "module.nfs-server.nebius_compute_v1_disk.nfs-storage-disk",
            "module.nfs-server.nebius_compute_v1_instance.nfs_server",
            "module.resources.data.units_data_size.k8s_ephemeral_storage_reserve",
            "terraform_data.check_local_nvme",
            "terraform_data.check_nfs",
            "terraform_data.check_region",
            "terraform_data.check_slurm_nodeset",
            "terraform_data.check_slurm_nodeset_accounting",
            "terraform_data.check_variables"
          ]
        }
      ]
    },
    {
      "module": "module.k8s",
      "mode": "managed",
      "type": "nebius_mk8s_v1_node_group",
      "name": "controller",
      "provider": "provider[\"terraform-provider.storage.eu-north1.nebius.cloud/nebius/nebius\"]",
      "instances": [
        {
          "schema_version": 0,
          "attributes": {
            "auto_repair": null,
            "autoscaling": null,
            "created_at": "2026-06-23T19:41:44Z",
            "fixed_node_count": 1,
            "id": "mk8snodegroup-e02ctde8tfhqb0r9n9",
            "labels": {
              "slurm.nebius.ai/jail": "true",
              "slurm.nebius.ai/nodeset": "controller",
              "slurm.nebius.ai/workload": "cpu"
            },
            "metadata": {},
            "name": "controller",
            "parent_id": "mk8scluster-e02fv10y8fh5nghh2m",
            "resource_version": 1,
            "status": {
              "events": null,
              "node_count": 1,
              "outdated_node_count": null,
              "ready_node_count": 1,
              "reconciling": null,
              "state": "RUNNING",
              "strategy": {
                "drain_timeout": null,
                "max_surge": {
                  "count": 1,
                  "percent": null
                },
                "max_unavailable": {
                  "count": 0,
                  "percent": null
                }
              },
              "target_node_count": 1,
              "version": "v1.33.7-nebius-node.66"
            },
            "strategy": null,
            "template": {
              "boot_disk": {
                "block_size_bytes": 4096,
                "size_bytes": 137438953472,
                "size_gibibytes": null,
                "size_kibibytes": null,
                "size_mebibytes": null,
                "type": "NETWORK_SSD"
              },
              "cloud_init_user_data": null,
              "filesystems": [
                {
                  "attach_mode": "READ_WRITE",
                  "existing_filesystem": {
                    "id": "computefilesystem-e02scbpyf4k635rmzc"
                  },
                  "mount_tag": "controller-spool"
                },
                {
                  "attach_mode": "READ_WRITE",
                  "existing_filesystem": {
                    "id": "computefilesystem-e02ppcd6nn4411prvg"
                  },
                  "mount_tag": "jail"
                },
                {
                  "attach_mode": "READ_WRITE",
                  "existing_filesystem": {
                    "id": "computefilesystem-e02pr1q5she4wq0stn"
                  },
                  "mount_tag": "jail-submount-data"
                },
                {
                  "attach_mode": "READ_WRITE",
                  "existing_filesystem": {
                    "id": "computefilesystem-e02qtyjekjn5d6rhwq"
                  },
                  "mount_tag": "accounting"
                }
              ],
              "gpu_cluster": null,
              "gpu_settings": null,
              "local_disks": null,
              "max_pods": null,
              "metadata": {
                "labels": {
                  "node.kubernetes.io/exclude-from-external-load-balancers": "true",
                  "slurm.nebius.ai/jail": "true",
                  "slurm.nebius.ai/nodeset": "controller",
                  "slurm.nebius.ai/workload": "cpu"
                }
              },
              "network_interfaces": [
                {
                  "public_ip_address": null,
                  "security_groups": [],
                  "subnet_id": "vpcsubnet-e02g2fe36gdvbzke5b"
                }
              ],
              "os": "ubuntu24.04",
              "preemptible": null,
              "reservation_policy": null,
              "resources": {
                "platform": "cpu-d3",
                "preset": "16vcpu-64gb"
              },
              "service_account_id": null,
              "taints": [
                {
                  "effect": "NO_SCHEDULE",
                  "key": "slurm.nebius.ai/nodeset",
                  "value": "controller"
                }
              ]
            },
            "updated_at": "2026-06-23T19:41:44Z",
            "version": "1.33"
          },
          "sensitive_attributes": [
            [
              {
                "type": "get_attr",
                "value": "template"
              },
              {
                "type": "get_attr",
                "value": "cloud_init_user_data"
              }
            ]
          ],
          "identity_schema_version": 0,
          "dependencies": [
            "data.nebius_iam_v1_project.this",
            "data.nebius_vpc_v1_subnet.this",
            "module.cleanup.terraform_data.disk_cleanup",
            "module.filestore.data.nebius_compute_v1_filesystem.accounting",
            "module.filestore.data.nebius_compute_v1_filesystem.controller_spool",
            "module.filestore.data.nebius_compute_v1_filesystem.jail",
            "module.filestore.data.nebius_compute_v1_filesystem.jail_submount",
            "module.filestore.nebius_compute_v1_filesystem.accounting",
            "module.filestore.nebius_compute_v1_filesystem.controller_spool",
            "module.filestore.nebius_compute_v1_filesystem.jail",
            "module.filestore.nebius_compute_v1_filesystem.jail_submount",
            "module.k8s.data.units_data_size.boot_disk_minimal",
            "module.k8s.module.resources.data.units_data_size.k8s_ephemeral_storage_reserve",
            "module.k8s.nebius_mk8s_v1_cluster.this",
            "module.k8s.terraform_data.check_resource_preset_sufficiency",
            "module.nfs-server.nebius_compute_v1_disk.nfs-boot-disk",
            "module.nfs-server.nebius_compute_v1_disk.nfs-storage-disk",
            "module.nfs-server.nebius_compute_v1_instance.nfs_server",
            "module.resources.data.units_data_size.k8s_ephemeral_storage_reserve",
            "terraform_data.check_local_nvme",
            "terraform_data.check_nfs",
            "terraform_data.check_region",
            "terraform_data.check_slurm_nodeset",
            "terraform_data.check_slurm_nodeset_accounting",
            "terraform_data.check_variables"
          ]
        }
      ]
    },
    {
      "module": "module.k8s",
      "mode": "managed",
      "type": "nebius_mk8s_v1_node_group",
      "name": "login",
      "provider": "provider[\"terraform-provider.storage.eu-north1.nebius.cloud/nebius/nebius\"]",
      "instances": [
        {
          "schema_version": 0,
          "attributes": {
            "auto_repair": null,
            "autoscaling": null,
            "created_at": "2026-06-23T19:41:43Z",
            "fixed_node_count": 1,
            "id": "mk8snodegroup-e02hvked061gpapbpe",
            "labels": {
              "slurm.nebius.ai/jail": "true",
              "slurm.nebius.ai/nodeset": "login",
              "slurm.nebius.ai/workload": "cpu"
            },
            "metadata": {},
            "name": "login",
            "parent_id": "mk8scluster-e02fv10y8fh5nghh2m",
            "resource_version": 1,
            "status": {
              "events": null,
              "node_count": 1,
              "outdated_node_count": null,
              "ready_node_count": 1,
              "reconciling": null,
              "state": "RUNNING",
              "strategy": {
                "drain_timeout": null,
                "max_surge": {
                  "count": 1,
                  "percent": null
                },
                "max_unavailable": {
                  "count": 0,
                  "percent": null
                }
              },
              "target_node_count": 1,
              "version": "v1.33.7-nebius-node.66"
            },
            "strategy": null,
            "template": {
              "boot_disk": {
                "block_size_bytes": 4096,
                "size_bytes": 274877906944,
                "size_gibibytes": null,
                "size_kibibytes": null,
                "size_mebibytes": null,
                "type": "NETWORK_SSD"
              },
              "cloud_init_user_data": null,
              "filesystems": [
                {
                  "attach_mode": "READ_WRITE",
                  "existing_filesystem": {
                    "id": "computefilesystem-e02ppcd6nn4411prvg"
                  },
                  "mount_tag": "jail"
                },
                {
                  "attach_mode": "READ_WRITE",
                  "existing_filesystem": {
                    "id": "computefilesystem-e02pr1q5she4wq0stn"
                  },
                  "mount_tag": "jail-submount-data"
                }
              ],
              "gpu_cluster": null,
              "gpu_settings": null,
              "local_disks": null,
              "max_pods": null,
              "metadata": {
                "labels": {
                  "slurm.nebius.ai/jail": "true",
                  "slurm.nebius.ai/nodeset": "login",
                  "slurm.nebius.ai/workload": "cpu"
                }
              },
              "network_interfaces": [
                {
                  "public_ip_address": null,
                  "security_groups": [],
                  "subnet_id": "vpcsubnet-e02g2fe36gdvbzke5b"
                }
              ],
              "os": "ubuntu24.04",
              "preemptible": null,
              "reservation_policy": null,
              "resources": {
                "platform": "cpu-d3",
                "preset": "16vcpu-64gb"
              },
              "service_account_id": null,
              "taints": [
                {
                  "effect": "NO_SCHEDULE",
                  "key": "slurm.nebius.ai/nodeset",
                  "value": "login"
                }
              ]
            },
            "updated_at": "2026-06-23T19:41:43Z",
            "version": "1.33"
          },
          "sensitive_attributes": [
            [
              {
                "type": "get_attr",
                "value": "template"
              },
              {
                "type": "get_attr",
                "value": "cloud_init_user_data"
              }
            ]
          ],
          "identity_schema_version": 0,
          "dependencies": [
            "data.nebius_iam_v1_project.this",
            "data.nebius_vpc_v1_subnet.this",
            "module.cleanup.terraform_data.disk_cleanup",
            "module.filestore.data.nebius_compute_v1_filesystem.accounting",
            "module.filestore.data.nebius_compute_v1_filesystem.controller_spool",
            "module.filestore.data.nebius_compute_v1_filesystem.jail",
            "module.filestore.data.nebius_compute_v1_filesystem.jail_submount",
            "module.filestore.nebius_compute_v1_filesystem.accounting",
            "module.filestore.nebius_compute_v1_filesystem.controller_spool",
            "module.filestore.nebius_compute_v1_filesystem.jail",
            "module.filestore.nebius_compute_v1_filesystem.jail_submount",
            "module.k8s.data.units_data_size.boot_disk_minimal",
            "module.k8s.module.resources.data.units_data_size.k8s_ephemeral_storage_reserve",
            "module.k8s.nebius_mk8s_v1_cluster.this",
            "module.k8s.terraform_data.check_resource_preset_sufficiency",
            "module.nfs-server.nebius_compute_v1_disk.nfs-boot-disk",
            "module.nfs-server.nebius_compute_v1_disk.nfs-storage-disk",
            "module.nfs-server.nebius_compute_v1_instance.nfs_server",
            "module.resources.data.units_data_size.k8s_ephemeral_storage_reserve",
            "terraform_data.check_local_nvme",
            "terraform_data.check_nfs",
            "terraform_data.check_region",
            "terraform_data.check_slurm_nodeset",
            "terraform_data.check_slurm_nodeset_accounting",
            "terraform_data.check_variables"
          ]
        }
      ]
    },
    {
      "module": "module.k8s",
      "mode": "managed",
      "type": "nebius_mk8s_v1_node_group",
      "name": "nfs",
      "provider": "provider[\"terraform-provider.storage.eu-north1.nebius.cloud/nebius/nebius\"]",
      "instances": [
        {
          "index_key": 0,
          "schema_version": 0,
          "attributes": {
            "auto_repair": null,
            "autoscaling": null,
            "created_at": "2026-06-23T19:41:42Z",
            "fixed_node_count": 1,
            "id": "mk8snodegroup-e02qgac1jar55kxh4d",
            "labels": {
              "slurm.nebius.ai/nodeset": "nfs",
              "slurm.nebius.ai/workload": "cpu"
            },
            "metadata": {},
            "name": "nfs",
            "parent_id": "mk8scluster-e02fv10y8fh5nghh2m",
            "resource_version": 1,
            "status": {
              "events": null,
              "node_count": 1,
              "outdated_node_count": null,
              "ready_node_count": 1,
              "reconciling": null,
              "state": "RUNNING",
              "strategy": {
                "drain_timeout": null,
                "max_surge": {
                  "count": 1,
                  "percent": null
                },
                "max_unavailable": {
                  "count": 0,
                  "percent": null
                }
              },
              "target_node_count": 1,
              "version": "v1.33.7-nebius-node.66"
            },
            "strategy": null,
            "template": {
              "boot_disk": {
                "block_size_bytes": 4096,
                "size_bytes": 137438953472,
                "size_gibibytes": null,
                "size_kibibytes": null,
                "size_mebibytes": null,
                "type": "NETWORK_SSD"
              },
              "cloud_init_user_data": null,
              "filesystems": null,
              "gpu_cluster": null,
              "gpu_settings": null,
              "local_disks": null,
              "max_pods": null,
              "metadata": {
                "labels": {
                  "node.kubernetes.io/exclude-from-external-load-balancers": "true",
                  "slurm.nebius.ai/nodeset": "nfs",
                  "slurm.nebius.ai/workload": "cpu"
                }
              },
              "network_interfaces": [
                {
                  "public_ip_address": null,
                  "security_groups": [],
                  "subnet_id": "vpcsubnet-e02g2fe36gdvbzke5b"
                }
              ],
              "os": "ubuntu24.04",
              "preemptible": null,
              "reservation_policy": null,
              "resources": {
                "platform": "cpu-d3",
                "preset": "32vcpu-128gb"
              },
              "service_account_id": null,
              "taints": [
                {
                  "effect": "NO_SCHEDULE",
                  "key": "slurm.nebius.ai/nodeset",
                  "value": "nfs"
                }
              ]
            },
            "updated_at": "2026-06-23T19:41:42Z",
            "version": "1.33"
          },
          "sensitive_attributes": [
            [
              {
                "type": "get_attr",
                "value": "template"
              },
              {
                "type": "get_attr",
                "value": "cloud_init_user_data"
              }
            ]
          ],
          "identity_schema_version": 0,
          "dependencies": [
            "data.nebius_iam_v1_project.this",
            "data.nebius_vpc_v1_subnet.this",
            "module.cleanup.terraform_data.disk_cleanup",
            "module.filestore.data.nebius_compute_v1_filesystem.accounting",
            "module.filestore.data.nebius_compute_v1_filesystem.controller_spool",
            "module.filestore.data.nebius_compute_v1_filesystem.jail",
            "module.filestore.data.nebius_compute_v1_filesystem.jail_submount",
            "module.filestore.nebius_compute_v1_filesystem.accounting",
            "module.filestore.nebius_compute_v1_filesystem.controller_spool",
            "module.filestore.nebius_compute_v1_filesystem.jail",
            "module.filestore.nebius_compute_v1_filesystem.jail_submount",
            "module.k8s.data.units_data_size.boot_disk_minimal",
            "module.k8s.module.resources.data.units_data_size.k8s_ephemeral_storage_reserve",
            "module.k8s.nebius_mk8s_v1_cluster.this",
            "module.k8s.terraform_data.check_resource_preset_sufficiency",
            "module.nfs-server.nebius_compute_v1_disk.nfs-boot-disk",
            "module.nfs-server.nebius_compute_v1_disk.nfs-storage-disk",
            "module.nfs-server.nebius_compute_v1_instance.nfs_server",
            "module.resources.data.units_data_size.k8s_ephemeral_storage_reserve",
            "terraform_data.check_local_nvme",
            "terraform_data.check_nfs",
            "terraform_data.check_region",
            "terraform_data.check_slurm_nodeset",
            "terraform_data.check_slurm_nodeset_accounting",
            "terraform_data.check_variables"
          ]
        }
      ]
    },
    {
      "module": "module.k8s",
      "mode": "managed",
      "type": "nebius_mk8s_v1_node_group",
      "name": "system",
      "provider": "provider[\"terraform-provider.storage.eu-north1.nebius.cloud/nebius/nebius\"]",
      "instances": [
        {
          "schema_version": 0,
          "attributes": {
            "auto_repair": null,
            "autoscaling": {
              "max_node_count": 9,
              "min_node_count": 3
            },
            "created_at": "2026-06-23T19:41:43Z",
            "fixed_node_count": null,
            "id": "mk8snodegroup-e02n3e6vj634b7fv42",
            "labels": {
              "slurm.nebius.ai/jail": "true",
              "slurm.nebius.ai/nodeset": "system",
              "slurm.nebius.ai/workload": "cpu"
            },
            "metadata": {},
            "name": "system",
            "parent_id": "mk8scluster-e02fv10y8fh5nghh2m",
            "resource_version": 1,
            "status": {
              "events": null,
              "node_count": 3,
              "outdated_node_count": null,
              "ready_node_count": 3,
              "reconciling": null,
              "state": "RUNNING",
              "strategy": {
                "drain_timeout": null,
                "max_surge": {
                  "count": 1,
                  "percent": null
                },
                "max_unavailable": {
                  "count": 0,
                  "percent": null
                }
              },
              "target_node_count": 3,
              "version": "v1.33.7-nebius-node.66"
            },
            "strategy": null,
            "template": {
              "boot_disk": {
                "block_size_bytes": 4096,
                "size_bytes": 137438953472,
                "size_gibibytes": null,
                "size_kibibytes": null,
                "size_mebibytes": null,
                "type": "NETWORK_SSD"
              },
              "cloud_init_user_data": null,
              "filesystems": [
                {
                  "attach_mode": "READ_WRITE",
                  "existing_filesystem": {
                    "id": "computefilesystem-e02ppcd6nn4411prvg"
                  },
                  "mount_tag": "jail"
                },
                {
                  "attach_mode": "READ_WRITE",
                  "existing_filesystem": {
                    "id": "computefilesystem-e02pr1q5she4wq0stn"
                  },
                  "mount_tag": "jail-submount-data"
                }
              ],
              "gpu_cluster": null,
              "gpu_settings": null,
              "local_disks": null,
              "max_pods": null,
              "metadata": {
                "labels": {
                  "node.kubernetes.io/exclude-from-external-load-balancers": "true",
                  "slurm.nebius.ai/jail": "true",
                  "slurm.nebius.ai/nodeset": "system",
                  "slurm.nebius.ai/workload": "cpu"
                }
              },
              "network_interfaces": [
                {
                  "public_ip_address": null,
                  "security_groups": [],
                  "subnet_id": "vpcsubnet-e02g2fe36gdvbzke5b"
                }
              ],
              "os": "ubuntu24.04",
              "preemptible": null,
              "reservation_policy": null,
              "resources": {
                "platform": "cpu-d3",
                "preset": "16vcpu-64gb"
              },
              "service_account_id": null,
              "taints": null
            },
            "updated_at": "2026-06-23T19:41:43Z",
            "version": "1.33"
          },
          "sensitive_attributes": [
            [
              {
                "type": "get_attr",
                "value": "template"
              },
              {
                "type": "get_attr",
                "value": "cloud_init_user_data"
              }
            ]
          ],
          "identity_schema_version": 0,
          "dependencies": [
            "data.nebius_iam_v1_project.this",
            "data.nebius_vpc_v1_subnet.this",
            "module.cleanup.terraform_data.disk_cleanup",
            "module.filestore.data.nebius_compute_v1_filesystem.accounting",
            "module.filestore.data.nebius_compute_v1_filesystem.controller_spool",
            "module.filestore.data.nebius_compute_v1_filesystem.jail",
            "module.filestore.data.nebius_compute_v1_filesystem.jail_submount",
            "module.filestore.nebius_compute_v1_filesystem.accounting",
            "module.filestore.nebius_compute_v1_filesystem.controller_spool",
            "module.filestore.nebius_compute_v1_filesystem.jail",
            "module.filestore.nebius_compute_v1_filesystem.jail_submount",
            "module.k8s.data.units_data_size.boot_disk_minimal",
            "module.k8s.module.resources.data.units_data_size.k8s_ephemeral_storage_reserve",
            "module.k8s.nebius_mk8s_v1_cluster.this",
            "module.k8s.terraform_data.check_resource_preset_sufficiency",
            "module.nfs-server.nebius_compute_v1_disk.nfs-boot-disk",
            "module.nfs-server.nebius_compute_v1_disk.nfs-storage-disk",
            "module.nfs-server.nebius_compute_v1_instance.nfs_server",
            "module.resources.data.units_data_size.k8s_ephemeral_storage_reserve",
            "terraform_data.check_local_nvme",
            "terraform_data.check_nfs",
            "terraform_data.check_region",
            "terraform_data.check_slurm_nodeset",
            "terraform_data.check_slurm_nodeset_accounting",
            "terraform_data.check_variables"
          ]
        }
      ]
    },
    {
      "module": "module.k8s",
      "mode": "managed",
      "type": "nebius_mk8s_v1_node_group",
      "name": "worker_v2",
      "provider": "provider[\"terraform-provider.storage.eu-north1.nebius.cloud/nebius/nebius\"]",
      "instances": [
        {
          "index_key": 0,
          "schema_version": 0,
          "attributes": {
            "auto_repair": {
              "conditions": [
                {
                  "disabled": true,
                  "status": "TRUE",
                  "timeout": null,
                  "type": "NebiusBootDiskIOError"
                },
                {
                  "disabled": true,
                  "status": "UNKNOWN",
                  "timeout": null,
                  "type": "NodeReady"
                },
                {
                  "disabled": null,
                  "status": "TRUE",
                  "timeout": "1s",
                  "type": "HardwareIssuesSuspected"
                }
              ]
            },
            "autoscaling": null,
            "created_at": "2026-06-23T19:41:44Z",
            "fixed_node_count": 2,
            "id": "mk8snodegroup-e02c6cm3tde2gpg2wg",
            "labels": {
              "slurm.nebius.ai/jail": "true",
              "slurm.nebius.ai/nodeset": "worker",
              "slurm.nebius.ai/workload": "gpu"
            },
            "metadata": {},
            "name": "worker-0",
            "parent_id": "mk8scluster-e02fv10y8fh5nghh2m",
            "resource_version": 1,
            "status": {
              "events": null,
              "node_count": 2,
              "outdated_node_count": null,
              "ready_node_count": 2,
              "reconciling": null,
              "state": "RUNNING",
              "strategy": {
                "drain_timeout": null,
                "max_surge": {
                  "count": null,
                  "percent": 0
                },
                "max_unavailable": {
                  "count": null,
                  "percent": 50
                }
              },
              "target_node_count": 2,
              "version": "v1.33.7-nebius-node.66"
            },
            "strategy": {
              "drain_timeout": null,
              "max_surge": {
                "count": null,
                "percent": 0
              },
              "max_unavailable": {
                "count": null,
                "percent": 50
              }
            },
            "template": {
              "boot_disk": {
                "block_size_bytes": 4096,
                "size_bytes": 549755813888,
                "size_gibibytes": null,
                "size_kibibytes": null,
                "size_mebibytes": null,
                "type": "NETWORK_SSD"
              },
              "cloud_init_user_data": "#cloud-config\n\n\n\n\n\nwrite_files:\n\n  - path: /etc/modprobe.d/nvidia_config.conf\n    owner: root:root\n    permissions: \"0644\"\n    content: |\n\n      options nvidia NVreg_RestrictProfilingToAdminUsers=0\n\n      options nvidia NVreg_EnableStreamMemOPs=1\n\n      options nvidia NVreg_RegistryDwords=\"PeerMappingOverride=1;\"\n\n  - path: /usr/local/bin/nvidia-config-check.sh\n    owner: root:root\n    permissions: \"0755\"\n    content: |\n        #!/usr/bin/env bash\n        set -euo pipefail\n\n        modprobe_conf=\"/etc/modprobe.d/nvidia_config.conf\"\n        params_file=\"/proc/driver/nvidia/params\"\n\n        log_prefix=\"[nvidia-config]\"\n        log() {\n            echo \"${log_prefix} $(date -u +%Y-%m-%dT%H:%M:%SZ) $*\"\n        }\n\n        trim() {\n            local value=\"${1:-}\"\n            value=\"${value#\"${value%%[![:space:]]*}\"}\"\n            value=\"${value%\"${value##*[![:space:]]}\"}\"\n            printf '%s\\n' \"${value}\"\n        }\n\n        unquote() {\n            local value\n            value=\"$(trim \"${1:-}\")\"\n            if [[ \"${value}\" =~ ^\\\"(.*)\\\"$ ]]; then\n                printf '%s\\n' \"${BASH_REMATCH[1]}\"\n                return\n            fi\n            if [[ \"${value}\" =~ ^\\'(.*)\\'$ ]]; then\n                printf '%s\\n' \"${BASH_REMATCH[1]}\"\n                return\n            fi\n            printf '%s\\n' \"${value}\"\n        }\n\n        normalize_param_name() {\n            local key=\"${1:-}\"\n            case \"${key}\" in\n                NVreg_RestrictProfilingToAdminUsers)\n                    printf '%s\\n' \"RmProfilingAdminOnly\"\n                    ;;\n                NVreg_*)\n                    printf '%s\\n' \"${key#NVreg_}\"\n                    ;;\n                *)\n                    printf '%s\\n' \"${key}\"\n                    ;;\n            esac\n        }\n\n        declare -A current_params=()\n\n        load_current_params() {\n            local line key value\n\n            while IFS= read -r line; do\n                line=\"$(trim \"${line}\")\"\n                [[ -n \"${line}\" ]] || continue\n\n                if [[ \"${line}\" == *:* ]]; then\n                    key=\"$(trim \"${line%%:*}\")\"\n                    value=\"$(trim \"${line#*:}\")\"\n                    current_params[\"${key}\"]=\"$(unquote \"${value}\")\"\n                fi\n            done \u003c \"${params_file}\"\n        }\n\n        current_param_value() {\n            local key=\"${1:-}\" registry_dwords\n            if [[ -v current_params[\"${key}\"] ]]; then\n                printf '%s\\n' \"${current_params[\"${key}\"]}\"\n                return\n            fi\n\n            # Nested values under RegistryDwords are checked separately\n            if [[ -v current_params[\"RegistryDwords\"] ]]; then\n                registry_dwords=\"${current_params[\"RegistryDwords\"]}\"\n                printf '%s\\n' \"${registry_dwords}\" | grep -Eo \"(^|[[:space:];])${key}=[^[:space:];\\\"]+\" | tail -n1 | sed -E \"s/(^|[[:space:];])${key}=//\" || true\n            fi\n        }\n\n        check_param() {\n            local key=\"${1:-}\" desired_raw=\"${2:-}\" normalized_key desired current\n\n            normalized_key=\"$(normalize_param_name \"${key}\")\"\n            desired=\"$(unquote \"${desired_raw}\")\"\n            current=\"$(current_param_value \"${normalized_key}\")\"\n\n            log \"check key=${normalized_key} desired=${desired:-unknown} current=${current:-missing}\"\n\n            if [[ -z \"${current}\" ]]; then\n                log \"mismatch=${normalized_key} reason=missing desired=${desired}\"\n                return 1\n            fi\n\n            if [[ \"${current}\" != \"${desired}\" ]]; then\n                log \"mismatch=${normalized_key} desired=${desired} current=${current}\"\n                return 1\n            fi\n\n            return 0\n        }\n\n        parse_and_check_option() {\n            local key=\"${1:-}\" value=\"${2:-}\" registry_entry registry_key registry_value rc=0\n\n            if [[ \"${key}\" == \"NVreg_RegistryDwords\" ]]; then\n                while IFS= read -r registry_entry; do\n                    registry_entry=\"$(trim \"${registry_entry}\")\"\n                    [[ -n \"${registry_entry}\" ]] || continue\n                    registry_key=\"${registry_entry%%=*}\"\n                    registry_value=\"${registry_entry#*=}\"\n                    if ! check_param \"${registry_key}\" \"${registry_value}\"; then\n                        rc=1\n                    fi\n                done \u003c \u003c(printf '%s\\n' \"$(unquote \"${value}\")\" | tr ';' '\\n')\n                return \"${rc}\"\n            fi\n\n            if [[ \"${key}\" == \"NVreg_RegistryDwordsPerDevice\" ]]; then\n                log \"status=skip reason=unsupported_device_scoped_option key=${key} value=${value@Q}\"\n                return 0\n            fi\n\n            check_param \"${key}\" \"${value}\"\n        }\n\n        log \"start\"\n\n        if [ ! -f \"${modprobe_conf}\" ]; then\n            log \"status=skip reason=missing_conf file=${modprobe_conf}\"\n            exit 0\n        fi\n\n        if [ ! -r \"${params_file}\" ]; then\n            log \"status=skip reason=nvidia_params_missing\"\n            exit 0\n        fi\n\n        load_current_params\n\n        mismatch=0\n        while IFS= read -r raw_line; do\n            line=\"$(trim \"${raw_line%%#*}\")\"\n            [[ -n \"${line}\" ]] || continue\n\n            # Match an options line like:\n            # options nvidia NVreg_EnableMSI=1 NVreg_RmLogonRC=0\n            if [[ ! \"${line}\" =~ ^options[[:space:]]+nvidia[[:space:]]+(.+)$ ]]; then\n                log \"status=skip reason=unsupported_line line=${line@Q}\"\n                continue\n            fi\n\n            line=\"${BASH_REMATCH[1]}\"\n            while [[ -n \"${line}\" ]]; do\n                # Match a double-quoted value like:\n                # NVreg_RegistryDwords=\"RmLogonRC=0;RmMsg=0x1\"\n                if [[ \"${line}\" =~ ^([A-Za-z0-9_]+)=\\\"([^\\\"]*)\\\"[[:space:]]*(.*)$ ]]; then\n                    key=\"${BASH_REMATCH[1]}\"\n                    value=\"${BASH_REMATCH[2]}\"\n                    line=\"${BASH_REMATCH[3]}\"\n                # Match a single-quoted value like:\n                # NVreg_TemporaryFilePath='/var/tmp/nvidia'\n                elif [[ \"${line}\" =~ ^([A-Za-z0-9_]+)=\\'([^\\']*)\\'[[:space:]]*(.*)$ ]]; then\n                    key=\"${BASH_REMATCH[1]}\"\n                    value=\"${BASH_REMATCH[2]}\"\n                    line=\"${BASH_REMATCH[3]}\"\n                # Match an unquoted scalar like:\n                # NVreg_EnableStreamMemOPs=1\n                elif [[ \"${line}\" =~ ^([A-Za-z0-9_]+)=([^[:space:]]+)[[:space:]]*(.*)$ ]]; then\n                    key=\"${BASH_REMATCH[1]}\"\n                    value=\"${BASH_REMATCH[2]}\"\n                    line=\"${BASH_REMATCH[3]}\"\n                else\n                    log \"status=skip reason=unparsed_segment segment=${line@Q}\"\n                    mismatch=1\n                    break\n                fi\n\n                if ! parse_and_check_option \"${key}\" \"${value}\"; then\n                    mismatch=1\n                fi\n            done\n        done \u003c \"${modprobe_conf}\"\n\n        if [ \"${mismatch}\" -eq 1 ]; then\n            log \"action=reboot (mismatch)\"\n            shutdown -r +1 \"cloud-init: apply /etc/modprobe.d/nvidia_config.conf\"\n        else\n            log \"status=ok\"\n        fi\n\n        log \"end\"\n\n\n\n\n\nruncmd:\n\n  - [ bash, -lc, \"/usr/local/bin/nvidia-config-check.sh \u003e\u003e /var/log/nvidia-config-check.log 2\u003e\u00261\" ]\n\n\n\n",
              "filesystems": [
                {
                  "attach_mode": "READ_WRITE",
                  "existing_filesystem": {
                    "id": "computefilesystem-e02ppcd6nn4411prvg"
                  },
                  "mount_tag": "jail"
                },
                {
                  "attach_mode": "READ_WRITE",
                  "existing_filesystem": {
                    "id": "computefilesystem-e02pr1q5she4wq0stn"
                  },
                  "mount_tag": "jail-submount-data"
                }
              ],
              "gpu_cluster": {
                "id": "computegpucluster-e02skkb3qn3k5pes8f"
              },
              "gpu_settings": {
                "drivers_preset": "cuda13.0"
              },
              "local_disks": null,
              "max_pods": null,
              "metadata": {
                "labels": {
                  "nebius.com/gpu": "true",
                  "node.kubernetes.io/exclude-from-external-load-balancers": "true",
                  "slurm.nebius.ai/jail": "true",
                  "slurm.nebius.ai/nodeset": "worker",
                  "slurm.nebius.ai/nodeset-name": "worker",
                  "slurm.nebius.ai/workload": "gpu"
                }
              },
              "network_interfaces": [
                {
                  "public_ip_address": null,
                  "security_groups": [],
                  "subnet_id": "vpcsubnet-e02g2fe36gdvbzke5b"
                }
              ],
              "os": "ubuntu24.04",
              "preemptible": null,
              "reservation_policy": null,
              "resources": {
                "platform": "gpu-h200-sxm",
                "preset": "8gpu-128vcpu-1600gb"
              },
              "service_account_id": null,
              "taints": [
                {
                  "effect": "NO_SCHEDULE",
                  "key": "nvidia.com/gpu",
                  "value": "8"
                }
              ]
            },
            "updated_at": "2026-06-23T19:41:44Z",
            "version": "1.33"
          },
          "sensitive_attributes": [
            [
              {
                "type": "get_attr",
                "value": "template"
              },
              {
                "type": "get_attr",
                "value": "cloud_init_user_data"
              }
            ]
          ],
          "identity_schema_version": 0,
          "dependencies": [
            "data.nebius_iam_v1_project.this",
            "data.nebius_vpc_v1_subnet.this",
            "module.cleanup.terraform_data.disk_cleanup",
            "module.filestore.data.nebius_compute_v1_filesystem.accounting",
            "module.filestore.data.nebius_compute_v1_filesystem.controller_spool",
            "module.filestore.data.nebius_compute_v1_filesystem.jail",
            "module.filestore.data.nebius_compute_v1_filesystem.jail_submount",
            "module.filestore.nebius_compute_v1_filesystem.accounting",
            "module.filestore.nebius_compute_v1_filesystem.controller_spool",
            "module.filestore.nebius_compute_v1_filesystem.jail",
            "module.filestore.nebius_compute_v1_filesystem.jail_submount",
            "module.k8s.data.units_data_size.boot_disk_minimal",
            "module.k8s.module.resources.data.units_data_size.k8s_ephemeral_storage_reserve",
            "module.k8s.nebius_compute_v1_gpu_cluster.this_v2",
            "module.k8s.nebius_mk8s_v1_cluster.this",
            "module.k8s.terraform_data.check_resource_preset_sufficiency",
            "module.nfs-server.nebius_compute_v1_disk.nfs-boot-disk",
            "module.nfs-server.nebius_compute_v1_disk.nfs-storage-disk",
            "module.nfs-server.nebius_compute_v1_instance.nfs_server",
            "module.resources.data.units_data_size.k8s_ephemeral_storage_reserve",
            "terraform_data.check_local_nvme",
            "terraform_data.check_nfs",
            "terraform_data.check_region",
            "terraform_data.check_slurm_nodeset",
            "terraform_data.check_slurm_nodeset_accounting",
            "terraform_data.check_variables"
          ]
        }
      ]
    },
    {
      "module": "module.k8s",
      "mode": "managed",
      "type": "nebius_vpc_v1_allocation",
      "name": "this",
      "provider": "provider[\"terraform-provider.storage.eu-north1.nebius.cloud/nebius/nebius\"]",
      "instances": [
        {
          "schema_version": 0,
          "attributes": {
            "created_at": "2026-06-23T19:32:14.915367Z",
            "id": "vpcallocation-e02a0ac45he90zy9e3",
            "ipv4_private": null,
            "ipv4_public": {
              "cidr": "/32",
              "pool_id": null,
              "subnet_id": "vpcsubnet-e02g2fe36gdvbzke5b"
            },
            "labels": null,
            "metadata": {},
            "name": "soperator-spugachev-public-static-ip",
            "parent_id": "project-e02qk7z0pr005jndcar132",
            "resource_version": 2,
            "status": {
              "assignment": {
                "load_balancer": {
                  "id": "vpcloadbalancer-e02kkcs1jxgb08ya8n"
                },
                "network_interface": null
              },
              "details": {
                "allocated_cidr": "185.82.70.159/32",
                "pool_id": "vpcpool-e02n47vhtwnev2m84x",
                "subnet_id": "vpcsubnet-e02g2fe36gdvbzke5b",
                "version": "IPV4"
              },
              "state": "ASSIGNED",
              "static": true
            },
            "updated_at": "2026-06-23T19:57:38.762458Z"
          },
          "sensitive_attributes": [],
          "identity_schema_version": 0,
          "dependencies": [
            "data.nebius_iam_v1_project.this",
            "data.nebius_vpc_v1_subnet.this",
            "module.cleanup.terraform_data.disk_cleanup",
            "module.filestore.data.nebius_compute_v1_filesystem.accounting",
            "module.filestore.data.nebius_compute_v1_filesystem.controller_spool",
            "module.filestore.data.nebius_compute_v1_filesystem.jail",
            "module.filestore.data.nebius_compute_v1_filesystem.jail_submount",
            "module.filestore.nebius_compute_v1_filesystem.accounting",
            "module.filestore.nebius_compute_v1_filesystem.controller_spool",
            "module.filestore.nebius_compute_v1_filesystem.jail",
            "module.filestore.nebius_compute_v1_filesystem.jail_submount",
            "module.nfs-server.nebius_compute_v1_disk.nfs-boot-disk",
            "module.nfs-server.nebius_compute_v1_disk.nfs-storage-disk",
            "module.nfs-server.nebius_compute_v1_instance.nfs_server",
            "module.resources.data.units_data_size.k8s_ephemeral_storage_reserve",
            "terraform_data.check_local_nvme",
            "terraform_data.check_nfs",
            "terraform_data.check_region",
            "terraform_data.check_slurm_nodeset",
            "terraform_data.check_slurm_nodeset_accounting",
            "terraform_data.check_variables"
          ],
          "create_before_destroy": true
        }
      ]
    },
    {
      "module": "module.k8s",
      "mode": "managed",
      "type": "terraform_data",
      "name": "check_resource_preset_sufficiency",
      "provider": "provider[\"terraform.io/builtin/terraform\"]",
      "instances": [
        {
          "index_key": "0",
          "schema_version": 0,
          "attributes": {
            "id": "b6e9ea86-246a-f1ce-4706-f25f45deb17b",
            "input": null,
            "output": null,
            "triggers_replace": null
          },
          "sensitive_attributes": [],
          "identity_schema_version": 0,
          "dependencies": [
            "data.nebius_iam_v1_project.this",
            "data.nebius_vpc_v1_subnet.this",
            "module.cleanup.terraform_data.disk_cleanup",
            "module.filestore.data.nebius_compute_v1_filesystem.accounting",
            "module.filestore.data.nebius_compute_v1_filesystem.controller_spool",
            "module.filestore.data.nebius_compute_v1_filesystem.jail",
            "module.filestore.data.nebius_compute_v1_filesystem.jail_submount",
            "module.filestore.nebius_compute_v1_filesystem.accounting",
            "module.filestore.nebius_compute_v1_filesystem.controller_spool",
            "module.filestore.nebius_compute_v1_filesystem.jail",
            "module.filestore.nebius_compute_v1_filesystem.jail_submount",
            "module.k8s.data.units_data_size.boot_disk_minimal",
            "module.k8s.module.resources.data.units_data_size.k8s_ephemeral_storage_reserve",
            "module.nfs-server.nebius_compute_v1_disk.nfs-boot-disk",
            "module.nfs-server.nebius_compute_v1_disk.nfs-storage-disk",
            "module.nfs-server.nebius_compute_v1_instance.nfs_server",
            "module.resources.data.units_data_size.k8s_ephemeral_storage_reserve",
            "terraform_data.check_local_nvme",
            "terraform_data.check_nfs",
            "terraform_data.check_region",
            "terraform_data.check_slurm_nodeset",
            "terraform_data.check_slurm_nodeset_accounting",
            "terraform_data.check_variables"
          ]
        },
        {
          "index_key": "1",
          "schema_version": 0,
          "attributes": {
            "id": "65fb20af-d4af-af07-42c9-539f24948f00",
            "input": null,
            "output": null,
            "triggers_replace": null
          },
          "sensitive_attributes": [],
          "identity_schema_version": 0,
          "dependencies": [
            "data.nebius_iam_v1_project.this",
            "data.nebius_vpc_v1_subnet.this",
            "module.cleanup.terraform_data.disk_cleanup",
            "module.filestore.data.nebius_compute_v1_filesystem.accounting",
            "module.filestore.data.nebius_compute_v1_filesystem.controller_spool",
            "module.filestore.data.nebius_compute_v1_filesystem.jail",
            "module.filestore.data.nebius_compute_v1_filesystem.jail_submount",
            "module.filestore.nebius_compute_v1_filesystem.accounting",
            "module.filestore.nebius_compute_v1_filesystem.controller_spool",
            "module.filestore.nebius_compute_v1_filesystem.jail",
            "module.filestore.nebius_compute_v1_filesystem.jail_submount",
            "module.k8s.data.units_data_size.boot_disk_minimal",
            "module.k8s.module.resources.data.units_data_size.k8s_ephemeral_storage_reserve",
            "module.nfs-server.nebius_compute_v1_disk.nfs-boot-disk",
            "module.nfs-server.nebius_compute_v1_disk.nfs-storage-disk",
            "module.nfs-server.nebius_compute_v1_instance.nfs_server",
            "module.resources.data.units_data_size.k8s_ephemeral_storage_reserve",
            "terraform_data.check_local_nvme",
            "terraform_data.check_nfs",
            "terraform_data.check_region",
            "terraform_data.check_slurm_nodeset",
            "terraform_data.check_slurm_nodeset_accounting",
            "terraform_data.check_variables"
          ]
        },
        {
          "index_key": "2",
          "schema_version": 0,
          "attributes": {
            "id": "40c519ce-a123-6cf8-9b56-33d5b791f70e",
            "input": null,
            "output": null,
            "triggers_replace": null
          },
          "sensitive_attributes": [],
          "identity_schema_version": 0,
          "dependencies": [
            "data.nebius_iam_v1_project.this",
            "data.nebius_vpc_v1_subnet.this",
            "module.cleanup.terraform_data.disk_cleanup",
            "module.filestore.data.nebius_compute_v1_filesystem.accounting",
            "module.filestore.data.nebius_compute_v1_filesystem.controller_spool",
            "module.filestore.data.nebius_compute_v1_filesystem.jail",
            "module.filestore.data.nebius_compute_v1_filesystem.jail_submount",
            "module.filestore.nebius_compute_v1_filesystem.accounting",
            "module.filestore.nebius_compute_v1_filesystem.controller_spool",
            "module.filestore.nebius_compute_v1_filesystem.jail",
            "module.filestore.nebius_compute_v1_filesystem.jail_submount",
            "module.k8s.data.units_data_size.boot_disk_minimal",
            "module.k8s.module.resources.data.units_data_size.k8s_ephemeral_storage_reserve",
            "module.nfs-server.nebius_compute_v1_disk.nfs-boot-disk",
            "module.nfs-server.nebius_compute_v1_disk.nfs-storage-disk",
            "module.nfs-server.nebius_compute_v1_instance.nfs_server",
            "module.resources.data.units_data_size.k8s_ephemeral_storage_reserve",
            "terraform_data.check_local_nvme",
            "terraform_data.check_nfs",
            "terraform_data.check_region",
            "terraform_data.check_slurm_nodeset",
            "terraform_data.check_slurm_nodeset_accounting",
            "terraform_data.check_variables"
          ]
        },
        {
          "index_key": "3",
          "schema_version": 0,
          "attributes": {
            "id": "c8c7a29b-ea8e-977a-5b30-067fd646a30d",
            "input": null,
            "output": null,
            "triggers_replace": null
          },
          "sensitive_attributes": [],
          "identity_schema_version": 0,
          "dependencies": [
            "data.nebius_iam_v1_project.this",
            "data.nebius_vpc_v1_subnet.this",
            "module.cleanup.terraform_data.disk_cleanup",
            "module.filestore.data.nebius_compute_v1_filesystem.accounting",
            "module.filestore.data.nebius_compute_v1_filesystem.controller_spool",
            "module.filestore.data.nebius_compute_v1_filesystem.jail",
            "module.filestore.data.nebius_compute_v1_filesystem.jail_submount",
            "module.filestore.nebius_compute_v1_filesystem.accounting",
            "module.filestore.nebius_compute_v1_filesystem.controller_spool",
            "module.filestore.nebius_compute_v1_filesystem.jail",
            "module.filestore.nebius_compute_v1_filesystem.jail_submount",
            "module.k8s.data.units_data_size.boot_disk_minimal",
            "module.k8s.module.resources.data.units_data_size.k8s_ephemeral_storage_reserve",
            "module.nfs-server.nebius_compute_v1_disk.nfs-boot-disk",
            "module.nfs-server.nebius_compute_v1_disk.nfs-storage-disk",
            "module.nfs-server.nebius_compute_v1_instance.nfs_server",
            "module.resources.data.units_data_size.k8s_ephemeral_storage_reserve",
            "terraform_data.check_local_nvme",
            "terraform_data.check_nfs",
            "terraform_data.check_region",
            "terraform_data.check_slurm_nodeset",
            "terraform_data.check_slurm_nodeset_accounting",
            "terraform_data.check_variables"
          ]
        },
        {
          "index_key": "4",
          "schema_version": 0,
          "attributes": {
            "id": "80d90c07-1da3-e7a9-6bd6-3a4e82ed223b",
            "input": null,
            "output": null,
            "triggers_replace": null
          },
          "sensitive_attributes": [],
          "identity_schema_version": 0,
          "dependencies": [
            "data.nebius_iam_v1_project.this",
            "data.nebius_vpc_v1_subnet.this",
            "module.cleanup.terraform_data.disk_cleanup",
            "module.filestore.data.nebius_compute_v1_filesystem.accounting",
            "module.filestore.data.nebius_compute_v1_filesystem.controller_spool",
            "module.filestore.data.nebius_compute_v1_filesystem.jail",
            "module.filestore.data.nebius_compute_v1_filesystem.jail_submount",
            "module.filestore.nebius_compute_v1_filesystem.accounting",
            "module.filestore.nebius_compute_v1_filesystem.controller_spool",
            "module.filestore.nebius_compute_v1_filesystem.jail",
            "module.filestore.nebius_compute_v1_filesystem.jail_submount",
            "module.k8s.data.units_data_size.boot_disk_minimal",
            "module.k8s.module.resources.data.units_data_size.k8s_ephemeral_storage_reserve",
            "module.nfs-server.nebius_compute_v1_disk.nfs-boot-disk",
            "module.nfs-server.nebius_compute_v1_disk.nfs-storage-disk",
            "module.nfs-server.nebius_compute_v1_instance.nfs_server",
            "module.resources.data.units_data_size.k8s_ephemeral_storage_reserve",
            "terraform_data.check_local_nvme",
            "terraform_data.check_nfs",
            "terraform_data.check_region",
            "terraform_data.check_slurm_nodeset",
            "terraform_data.check_slurm_nodeset_accounting",
            "terraform_data.check_variables"
          ]
        },
        {
          "index_key": "5",
          "schema_version": 0,
          "attributes": {
            "id": "238fafa3-86b2-fa3e-84d0-1b459bf5e5fc",
            "input": null,
            "output": null,
            "triggers_replace": null
          },
          "sensitive_attributes": [],
          "identity_schema_version": 0,
          "dependencies": [
            "data.nebius_iam_v1_project.this",
            "data.nebius_vpc_v1_subnet.this",
            "module.cleanup.terraform_data.disk_cleanup",
            "module.filestore.data.nebius_compute_v1_filesystem.accounting",
            "module.filestore.data.nebius_compute_v1_filesystem.controller_spool",
            "module.filestore.data.nebius_compute_v1_filesystem.jail",
            "module.filestore.data.nebius_compute_v1_filesystem.jail_submount",
            "module.filestore.nebius_compute_v1_filesystem.accounting",
            "module.filestore.nebius_compute_v1_filesystem.controller_spool",
            "module.filestore.nebius_compute_v1_filesystem.jail",
            "module.filestore.nebius_compute_v1_filesystem.jail_submount",
            "module.k8s.data.units_data_size.boot_disk_minimal",
            "module.k8s.module.resources.data.units_data_size.k8s_ephemeral_storage_reserve",
            "module.nfs-server.nebius_compute_v1_disk.nfs-boot-disk",
            "module.nfs-server.nebius_compute_v1_disk.nfs-storage-disk",
            "module.nfs-server.nebius_compute_v1_instance.nfs_server",
            "module.resources.data.units_data_size.k8s_ephemeral_storage_reserve",
            "terraform_data.check_local_nvme",
            "terraform_data.check_nfs",
            "terraform_data.check_region",
            "terraform_data.check_slurm_nodeset",
            "terraform_data.check_slurm_nodeset_accounting",
            "terraform_data.check_variables"
          ]
        }
      ]
    },
    {
      "module": "module.k8s",
      "mode": "managed",
      "type": "terraform_data",
      "name": "check_worker_gpu_fabric",
      "provider": "provider[\"terraform.io/builtin/terraform\"]",
      "instances": [
        {
          "index_key": "0",
          "schema_version": 0,
          "attributes": {
            "id": "ea2fe13f-d67e-a0fd-3174-ba6d44709a2c",
            "input": null,
            "output": null,
            "triggers_replace": null
          },
          "sensitive_attributes": [],
          "identity_schema_version": 0,
          "dependencies": [
            "data.nebius_iam_v1_project.this",
            "data.nebius_vpc_v1_subnet.this",
            "module.cleanup.terraform_data.disk_cleanup",
            "module.filestore.data.nebius_compute_v1_filesystem.accounting",
            "module.filestore.data.nebius_compute_v1_filesystem.controller_spool",
            "module.filestore.data.nebius_compute_v1_filesystem.jail",
            "module.filestore.data.nebius_compute_v1_filesystem.jail_submount",
            "module.filestore.nebius_compute_v1_filesystem.accounting",
            "module.filestore.nebius_compute_v1_filesystem.controller_spool",
            "module.filestore.nebius_compute_v1_filesystem.jail",
            "module.filestore.nebius_compute_v1_filesystem.jail_submount",
            "module.k8s.module.resources.data.units_data_size.k8s_ephemeral_storage_reserve",
            "module.nfs-server.nebius_compute_v1_disk.nfs-boot-disk",
            "module.nfs-server.nebius_compute_v1_disk.nfs-storage-disk",
            "module.nfs-server.nebius_compute_v1_instance.nfs_server",
            "module.resources.data.units_data_size.k8s_ephemeral_storage_reserve",
            "terraform_data.check_local_nvme",
            "terraform_data.check_nfs",
            "terraform_data.check_region",
            "terraform_data.check_slurm_nodeset",
            "terraform_data.check_slurm_nodeset_accounting",
            "terraform_data.check_variables"
          ]
        }
      ]
    },
    {
      "module": "module.k8s",
      "mode": "managed",
      "type": "terraform_data",
      "name": "kubectl_cluster_context",
      "provider": "provider[\"terraform.io/builtin/terraform\"]",
      "instances": [
        {
          "schema_version": 0,
          "attributes": {
            "id": "a23570db-8945-fe4b-08a6-6dbf746df936",
            "input": null,
            "output": null,
            "triggers_replace": {
              "value": [
                "mk8scluster-e02fv10y8fh5nghh2m",
                "2026-06-23T20:38:43Z"
              ],
              "type": [
                "tuple",
                [
                  "string",
                  "string"
                ]
              ]
            }
          },
          "sensitive_attributes": [],
          "identity_schema_version": 0,
          "dependencies": [
            "data.nebius_iam_v1_project.this",
            "data.nebius_vpc_v1_subnet.this",
            "module.cleanup.terraform_data.disk_cleanup",
            "module.filestore.data.nebius_compute_v1_filesystem.accounting",
            "module.filestore.data.nebius_compute_v1_filesystem.controller_spool",
            "module.filestore.data.nebius_compute_v1_filesystem.jail",
            "module.filestore.data.nebius_compute_v1_filesystem.jail_submount",
            "module.filestore.nebius_compute_v1_filesystem.accounting",
            "module.filestore.nebius_compute_v1_filesystem.controller_spool",
            "module.filestore.nebius_compute_v1_filesystem.jail",
            "module.filestore.nebius_compute_v1_filesystem.jail_submount",
            "module.k8s.nebius_mk8s_v1_cluster.this",
            "module.nfs-server.nebius_compute_v1_disk.nfs-boot-disk",
            "module.nfs-server.nebius_compute_v1_disk.nfs-storage-disk",
            "module.nfs-server.nebius_compute_v1_instance.nfs_server",
            "module.resources.data.units_data_size.k8s_ephemeral_storage_reserve",
            "terraform_data.check_local_nvme",
            "terraform_data.check_nfs",
            "terraform_data.check_region",
            "terraform_data.check_slurm_nodeset",
            "terraform_data.check_slurm_nodeset_accounting",
            "terraform_data.check_variables"
          ]
        }
      ]
    },
    {
      "module": "module.k8s.module.resources",
      "mode": "data",
      "type": "units_data_size",
      "name": "k8s_ephemeral_storage_reserve",
      "provider": "provider[\"registry.terraform.io/dstaroff/units\"]",
      "instances": [
        {
          "schema_version": 0,
          "attributes": {
            "bytes": 51539607552,
            "gibibytes": 48,
            "gigabytes": 51.539607552,
            "kibibytes": 50331648,
            "kilobytes": 51539607.552,
            "mebibytes": 49152,
            "megabytes": 51539.607552,
            "pebibytes": 0.0000457763671875,
            "petabytes": 0.000051539607552,
            "tebibytes": 0.046875,
            "terabytes": 0.051539607552
          },
          "sensitive_attributes": [],
          "identity_schema_version": 0
        }
      ]
    },
    {
      "module": "module.k8s_cleanup",
      "mode": "managed",
      "type": "terraform_data",
      "name": "kruise_webhook_cleanup",
      "provider": "provider[\"terraform.io/builtin/terraform\"]",
      "instances": [
        {
          "schema_version": 0,
          "attributes": {
            "id": "56ba5386-1609-2c3a-2561-b6ccec42fe40",
            "input": null,
            "output": null,
            "triggers_replace": {
              "value": {
                "k8s_cluster_context": "nebius-spugachev-slurm",
                "k8s_cluster_id": "mk8scluster-e02fv10y8fh5nghh2m",
                "webhook_prefix": "kruise"
              },
              "type": [
                "object",
                {
                  "k8s_cluster_context": "string",
                  "k8s_cluster_id": "string",
                  "webhook_prefix": "string"
                }
              ]
            }
          },
          "sensitive_attributes": [],
          "identity_schema_version": 0,
          "dependencies": [
            "data.nebius_iam_v1_project.this",
            "data.nebius_vpc_v1_subnet.this",
            "module.cleanup.terraform_data.disk_cleanup",
            "module.filestore.data.nebius_compute_v1_filesystem.accounting",
            "module.filestore.data.nebius_compute_v1_filesystem.controller_spool",
            "module.filestore.data.nebius_compute_v1_filesystem.jail",
            "module.filestore.data.nebius_compute_v1_filesystem.jail_submount",
            "module.filestore.nebius_compute_v1_filesystem.accounting",
            "module.filestore.nebius_compute_v1_filesystem.controller_spool",
            "module.filestore.nebius_compute_v1_filesystem.jail",
            "module.filestore.nebius_compute_v1_filesystem.jail_submount",
            "module.k8s.data.units_data_size.boot_disk_minimal",
            "module.k8s.module.resources.data.units_data_size.k8s_ephemeral_storage_reserve",
            "module.k8s.nebius_compute_v1_gpu_cluster.this_v2",
            "module.k8s.nebius_mk8s_v1_cluster.this",
            "module.k8s.nebius_mk8s_v1_node_group.accounting",
            "module.k8s.nebius_mk8s_v1_node_group.controller",
            "module.k8s.nebius_mk8s_v1_node_group.login",
            "module.k8s.nebius_mk8s_v1_node_group.nfs",
            "module.k8s.nebius_mk8s_v1_node_group.system",
            "module.k8s.nebius_mk8s_v1_node_group.worker_v2",
            "module.k8s.nebius_vpc_v1_allocation.this",
            "module.k8s.terraform_data.check_resource_preset_sufficiency",
            "module.k8s.terraform_data.check_worker_gpu_fabric",
            "module.k8s.terraform_data.kubectl_cluster_context",
            "module.nfs-server.nebius_compute_v1_disk.nfs-boot-disk",
            "module.nfs-server.nebius_compute_v1_disk.nfs-storage-disk",
            "module.nfs-server.nebius_compute_v1_instance.nfs_server",
            "module.resources.data.units_data_size.k8s_ephemeral_storage_reserve",
            "terraform_data.check_local_nvme",
            "terraform_data.check_nfs",
            "terraform_data.check_region",
            "terraform_data.check_slurm_nodeset",
            "terraform_data.check_slurm_nodeset_accounting",
            "terraform_data.check_variables"
          ]
        }
      ]
    },
    {
      "module": "module.k8s_cleanup",
      "mode": "managed",
      "type": "terraform_data",
      "name": "login_service_cleanup",
      "provider": "provider[\"terraform.io/builtin/terraform\"]",
      "instances": [
        {
          "schema_version": 0,
          "attributes": {
            "id": "5cb51624-e337-26ff-b209-39ccc8e9b41a",
            "input": null,
            "output": null,
            "triggers_replace": {
              "value": {
                "k8s_cluster_context": "nebius-spugachev-slurm",
                "k8s_cluster_id": "mk8scluster-e02fv10y8fh5nghh2m",
                "namespace": "soperator",
                "service_name": "soperator-login-svc"
              },
              "type": [
                "object",
                {
                  "k8s_cluster_context": "string",
                  "k8s_cluster_id": "string",
                  "namespace": "string",
                  "service_name": "string"
                }
              ]
            }
          },
          "sensitive_attributes": [],
          "identity_schema_version": 0,
          "dependencies": [
            "data.nebius_iam_v1_project.this",
            "data.nebius_vpc_v1_subnet.this",
            "module.cleanup.terraform_data.disk_cleanup",
            "module.filestore.data.nebius_compute_v1_filesystem.accounting",
            "module.filestore.data.nebius_compute_v1_filesystem.controller_spool",
            "module.filestore.data.nebius_compute_v1_filesystem.jail",
            "module.filestore.data.nebius_compute_v1_filesystem.jail_submount",
            "module.filestore.nebius_compute_v1_filesystem.accounting",
            "module.filestore.nebius_compute_v1_filesystem.controller_spool",
            "module.filestore.nebius_compute_v1_filesystem.jail",
            "module.filestore.nebius_compute_v1_filesystem.jail_submount",
            "module.k8s.data.units_data_size.boot_disk_minimal",
            "module.k8s.module.resources.data.units_data_size.k8s_ephemeral_storage_reserve",
            "module.k8s.nebius_compute_v1_gpu_cluster.this_v2",
            "module.k8s.nebius_mk8s_v1_cluster.this",
            "module.k8s.nebius_mk8s_v1_node_group.accounting",
            "module.k8s.nebius_mk8s_v1_node_group.controller",
            "module.k8s.nebius_mk8s_v1_node_group.login",
            "module.k8s.nebius_mk8s_v1_node_group.nfs",
            "module.k8s.nebius_mk8s_v1_node_group.system",
            "module.k8s.nebius_mk8s_v1_node_group.worker_v2",
            "module.k8s.nebius_vpc_v1_allocation.this",
            "module.k8s.terraform_data.check_resource_preset_sufficiency",
            "module.k8s.terraform_data.check_worker_gpu_fabric",
            "module.k8s.terraform_data.kubectl_cluster_context",
            "module.nfs-server.nebius_compute_v1_disk.nfs-boot-disk",
            "module.nfs-server.nebius_compute_v1_disk.nfs-storage-disk",
            "module.nfs-server.nebius_compute_v1_instance.nfs_server",
            "module.resources.data.units_data_size.k8s_ephemeral_storage_reserve",
            "terraform_data.check_local_nvme",
            "terraform_data.check_nfs",
            "terraform_data.check_region",
            "terraform_data.check_slurm_nodeset",
            "terraform_data.check_slurm_nodeset_accounting",
            "terraform_data.check_variables"
          ]
        }
      ]
    },
    {
      "module": "module.login_script",
      "mode": "data",
      "type": "kubernetes_service_v1",
      "name": "slurm_login",
      "provider": "provider[\"registry.terraform.io/hashicorp/kubernetes\"]",
      "instances": [
        {
          "schema_version": 0,
          "attributes": {
            "id": "soperator/soperator-login-svc",
            "metadata": [
              {
                "annotations": {
                  "nebius.com/load-balancer-allocation-id": "vpcallocation-e02a0ac45he90zy9e3"
                },
                "generation": 0,
                "labels": {
                  "app.kubernetes.io/component": "login",
                  "app.kubernetes.io/instance": "soperator",
                  "app.kubernetes.io/managed-by": "slurm-operator",
                  "app.kubernetes.io/name": "slurmcluster",
                  "app.kubernetes.io/part-of": "slurm-operator"
                },
                "name": "soperator-login-svc",
                "namespace": "soperator",
                "resource_version": "16855",
                "uid": "b4505f4d-8fe1-4531-a258-aab91f55ca57"
              }
            ],
            "spec": [
              {
                "allocate_load_balancer_node_ports": true,
                "cluster_ip": "10.26.39.229",
                "cluster_ips": [
                  "10.26.39.229"
                ],
                "external_ips": [],
                "external_name": "",
                "external_traffic_policy": "Cluster",
                "health_check_node_port": 0,
                "internal_traffic_policy": "Cluster",
                "ip_families": [
                  "IPv4"
                ],
                "ip_family_policy": "SingleStack",
                "load_balancer_class": "",
                "load_balancer_ip": "",
                "load_balancer_source_ranges": [],
                "port": [
                  {
                    "app_protocol": "",
                    "name": "",
                    "node_port": 30560,
                    "port": 22,
                    "protocol": "TCP",
                    "target_port": "sshd"
                  }
                ],
                "publish_not_ready_addresses": false,
                "selector": {
                  "app.kubernetes.io/component": "login",
                  "app.kubernetes.io/instance": "soperator",
                  "app.kubernetes.io/name": "slurmcluster"
                },
                "session_affinity": "None",
                "session_affinity_config": [],
                "type": "LoadBalancer"
              }
            ],
            "status": [
              {
                "load_balancer": [
                  {
                    "ingress": [
                      {
                        "hostname": "",
                        "ip": "185.82.70.159",
                        "ip_mode": "VIP"
                      }
                    ]
                  }
                ]
              }
            ]
          },
          "sensitive_attributes": [],
          "identity_schema_version": 0
        }
      ]
    },
    {
      "module": "module.login_script",
      "mode": "managed",
      "type": "local_file",
      "name": "this",
      "provider": "provider[\"registry.terraform.io/hashicorp/local\"]",
      "instances": [
        {
          "schema_version": 0,
          "attributes": {
            "content": "#!/bin/bash\n\nset -e\n\nusage() { echo \"usage: ${0} [-u \u003cssh_user\u003e] -k \u003cpath_to_ssh_key\u003e [-h]\" \u003e\u00262; exit 1; }\n\nwhile getopts u:k:a:p:n:h flag\ndo\n    case \"${flag}\" in\n        u) user=${OPTARG};;\n        k) key=${OPTARG};;\n        h) usage;;\n        *) usage;;\n    esac\ndone\n\nif [ -z \"${key}\" ]; then\n    usage\nfi\n\nif [ -z \"${user}\" ]; then\n    user=root\nfi\n\nssh -i \"${key}\" \"${user}\"@\"185.82.70.159\"\n",
            "content_base64": null,
            "content_base64sha256": "+Uk2da9qGk5kxNUy/1NUpG52CUuhsOAVCBoI6N5xKtU=",
            "content_base64sha512": "smM1iOeXYM5q6fp3vCh6TxYMN118eVczeV9wvUXP2CE/XECwJepzV25CDwO9+rtnDwcgxDhiR4G5Y3EpAl7yeg==",
            "content_md5": "d08827c60031977d525142e724a2077e",
            "content_sha1": "2e90ae74bda7b374b43b27f6faf316c1931219f2",
            "content_sha256": "f9493675af6a1a4e64c4d532ff5354a46e76094ba1b0e015081a08e8de712ad5",
            "content_sha512": "b2633588e79760ce6ae9fa77bc287a4f160c375d7c795733795f70bd45cfd8213f5c40b025ea73576e420f03bdfabb670f0720c438624781b9637129025ef27a",
            "directory_permission": "0777",
            "file_permission": "0774",
            "filename": "./login.sh",
            "id": "2e90ae74bda7b374b43b27f6faf316c1931219f2",
            "sensitive_content": null,
            "source": null
          },
          "sensitive_attributes": [
            [
              {
                "type": "get_attr",
                "value": "sensitive_content"
              }
            ]
          ],
          "identity_schema_version": 0,
          "dependencies": [
            "data.nebius_compute_v1_filesystem.existing_jail",
            "data.nebius_iam_v1_project.this",
            "data.nebius_vpc_v1_subnet.this",
            "module.backups.data.nebius_iam_v1_group.editors",
            "module.backups.nebius_iam_v1_group_membership.backups_service_account_group",
            "module.backups.nebius_iam_v1_service_account.backups_service_account",
            "module.backups.terraform_data.k8s_backups_bucket_access_secret",
            "module.backups_store.nebius_storage_v1_bucket.backups_bucket",
            "module.backups_store.terraform_data.cleanup_bucket",
            "module.cleanup.terraform_data.disk_cleanup",
            "module.filestore.data.nebius_compute_v1_filesystem.accounting",
            "module.filestore.data.nebius_compute_v1_filesystem.controller_spool",
            "module.filestore.data.nebius_compute_v1_filesystem.jail",
            "module.filestore.data.nebius_compute_v1_filesystem.jail_submount",
            "module.filestore.nebius_compute_v1_filesystem.accounting",
            "module.filestore.nebius_compute_v1_filesystem.controller_spool",
            "module.filestore.nebius_compute_v1_filesystem.jail",
            "module.filestore.nebius_compute_v1_filesystem.jail_submount",
            "module.fluxcd.terraform_data.flux2",
            "module.fluxcd.terraform_data.flux_namespace",
            "module.k8s.data.units_data_size.boot_disk_minimal",
            "module.k8s.module.resources.data.units_data_size.k8s_ephemeral_storage_reserve",
            "module.k8s.nebius_compute_v1_gpu_cluster.this_v2",
            "module.k8s.nebius_mk8s_v1_cluster.this",
            "module.k8s.nebius_mk8s_v1_node_group.accounting",
            "module.k8s.nebius_mk8s_v1_node_group.controller",
            "module.k8s.nebius_mk8s_v1_node_group.login",
            "module.k8s.nebius_mk8s_v1_node_group.nfs",
            "module.k8s.nebius_mk8s_v1_node_group.system",
            "module.k8s.nebius_mk8s_v1_node_group.worker_v2",
            "module.k8s.nebius_vpc_v1_allocation.this",
            "module.k8s.terraform_data.check_resource_preset_sufficiency",
            "module.k8s.terraform_data.check_worker_gpu_fabric",
            "module.k8s.terraform_data.kubectl_cluster_context",
            "module.login_script.data.kubernetes_service_v1.slurm_login",
            "module.login_script.terraform_data.lb_service_ip",
            "module.login_script.terraform_data.wait_for_slurm_login_service",
            "module.nfs-server.nebius_compute_v1_disk.nfs-boot-disk",
            "module.nfs-server.nebius_compute_v1_disk.nfs-storage-disk",
            "module.nfs-server.nebius_compute_v1_instance.nfs_server",
            "module.o11y.terraform_data.o11y_static_key_secret",
            "module.o11y.terraform_data.opentelemetry_collector_cm",
            "module.resources.data.units_data_size.k8s_ephemeral_storage_reserve",
            "module.slurm.helm_release.soperator_fluxcd_ad_hoc_cm",
            "module.slurm.helm_release.soperator_fluxcd_bootstrap",
            "module.slurm.helm_release.soperator_fluxcd_cm",
            "module.slurm.local_file.flux_release_rendered_nodesets",
            "module.slurm.terraform_data.check_worker_nodesets",
            "module.slurm.terraform_data.wait_for_slurm_cluster_available",
            "module.slurm.terraform_data.wait_for_slurm_cluster_hr",
            "module.slurm.terraform_data.wait_for_soperator_activechecks_hr",
            "terraform_data.check_local_nvme",
            "terraform_data.check_nfs",
            "terraform_data.check_region",
            "terraform_data.check_slurm_nodeset",
            "terraform_data.check_slurm_nodeset_accounting",
            "terraform_data.check_variables"
          ]
        }
      ]
    },
    {
      "module": "module.login_script",
      "mode": "managed",
      "type": "terraform_data",
      "name": "lb_service_ip",
      "provider": "provider[\"terraform.io/builtin/terraform\"]",
      "instances": [
        {
          "schema_version": 0,
          "attributes": {
            "id": "a0383919-77df-518f-866d-09e4a599f15d",
            "input": {
              "value": "185.82.70.159",
              "type": "string"
            },
            "output": {
              "value": "185.82.70.159",
              "type": "string"
            },
            "triggers_replace": {
              "value": [
                "16855"
              ],
              "type": [
                "tuple",
                [
                  "string"
                ]
              ]
            }
          },
          "sensitive_attributes": [],
          "identity_schema_version": 0,
          "dependencies": [
            "data.nebius_compute_v1_filesystem.existing_jail",
            "data.nebius_iam_v1_project.this",
            "data.nebius_vpc_v1_subnet.this",
            "module.backups.data.nebius_iam_v1_group.editors",
            "module.backups.nebius_iam_v1_group_membership.backups_service_account_group",
            "module.backups.nebius_iam_v1_service_account.backups_service_account",
            "module.backups.terraform_data.k8s_backups_bucket_access_secret",
            "module.backups_store.nebius_storage_v1_bucket.backups_bucket",
            "module.backups_store.terraform_data.cleanup_bucket",
            "module.cleanup.terraform_data.disk_cleanup",
            "module.filestore.data.nebius_compute_v1_filesystem.accounting",
            "module.filestore.data.nebius_compute_v1_filesystem.controller_spool",
            "module.filestore.data.nebius_compute_v1_filesystem.jail",
            "module.filestore.data.nebius_compute_v1_filesystem.jail_submount",
            "module.filestore.nebius_compute_v1_filesystem.accounting",
            "module.filestore.nebius_compute_v1_filesystem.controller_spool",
            "module.filestore.nebius_compute_v1_filesystem.jail",
            "module.filestore.nebius_compute_v1_filesystem.jail_submount",
            "module.fluxcd.terraform_data.flux2",
            "module.fluxcd.terraform_data.flux_namespace",
            "module.k8s.data.units_data_size.boot_disk_minimal",
            "module.k8s.module.resources.data.units_data_size.k8s_ephemeral_storage_reserve",
            "module.k8s.nebius_compute_v1_gpu_cluster.this_v2",
            "module.k8s.nebius_mk8s_v1_cluster.this",
            "module.k8s.nebius_mk8s_v1_node_group.accounting",
            "module.k8s.nebius_mk8s_v1_node_group.controller",
            "module.k8s.nebius_mk8s_v1_node_group.login",
            "module.k8s.nebius_mk8s_v1_node_group.nfs",
            "module.k8s.nebius_mk8s_v1_node_group.system",
            "module.k8s.nebius_mk8s_v1_node_group.worker_v2",
            "module.k8s.nebius_vpc_v1_allocation.this",
            "module.k8s.terraform_data.check_resource_preset_sufficiency",
            "module.k8s.terraform_data.check_worker_gpu_fabric",
            "module.k8s.terraform_data.kubectl_cluster_context",
            "module.login_script.data.kubernetes_service_v1.slurm_login",
            "module.login_script.terraform_data.wait_for_slurm_login_service",
            "module.nfs-server.nebius_compute_v1_disk.nfs-boot-disk",
            "module.nfs-server.nebius_compute_v1_disk.nfs-storage-disk",
            "module.nfs-server.nebius_compute_v1_instance.nfs_server",
            "module.o11y.terraform_data.o11y_static_key_secret",
            "module.o11y.terraform_data.opentelemetry_collector_cm",
            "module.resources.data.units_data_size.k8s_ephemeral_storage_reserve",
            "module.slurm.helm_release.soperator_fluxcd_ad_hoc_cm",
            "module.slurm.helm_release.soperator_fluxcd_bootstrap",
            "module.slurm.helm_release.soperator_fluxcd_cm",
            "module.slurm.local_file.flux_release_rendered_nodesets",
            "module.slurm.terraform_data.check_worker_nodesets",
            "module.slurm.terraform_data.wait_for_slurm_cluster_available",
            "module.slurm.terraform_data.wait_for_slurm_cluster_hr",
            "module.slurm.terraform_data.wait_for_soperator_activechecks_hr",
            "terraform_data.check_local_nvme",
            "terraform_data.check_nfs",
            "terraform_data.check_region",
            "terraform_data.check_slurm_nodeset",
            "terraform_data.check_slurm_nodeset_accounting",
            "terraform_data.check_variables"
          ]
        }
      ]
    },
    {
      "module": "module.login_script",
      "mode": "managed",
      "type": "terraform_data",
      "name": "wait_for_slurm_login_service",
      "provider": "provider[\"terraform.io/builtin/terraform\"]",
      "instances": [
        {
          "schema_version": 0,
          "attributes": {
            "id": "8c40a720-313e-6144-8889-85be35472788",
            "input": null,
            "output": null,
            "triggers_replace": null
          },
          "sensitive_attributes": [],
          "identity_schema_version": 0,
          "dependencies": [
            "data.nebius_compute_v1_filesystem.existing_jail",
            "data.nebius_iam_v1_project.this",
            "data.nebius_vpc_v1_subnet.this",
            "module.backups.data.nebius_iam_v1_group.editors",
            "module.backups.nebius_iam_v1_group_membership.backups_service_account_group",
            "module.backups.nebius_iam_v1_service_account.backups_service_account",
            "module.backups.terraform_data.k8s_backups_bucket_access_secret",
            "module.backups_store.nebius_storage_v1_bucket.backups_bucket",
            "module.backups_store.terraform_data.cleanup_bucket",
            "module.cleanup.terraform_data.disk_cleanup",
            "module.filestore.data.nebius_compute_v1_filesystem.accounting",
            "module.filestore.data.nebius_compute_v1_filesystem.controller_spool",
            "module.filestore.data.nebius_compute_v1_filesystem.jail",
            "module.filestore.data.nebius_compute_v1_filesystem.jail_submount",
            "module.filestore.nebius_compute_v1_filesystem.accounting",
            "module.filestore.nebius_compute_v1_filesystem.controller_spool",
            "module.filestore.nebius_compute_v1_filesystem.jail",
            "module.filestore.nebius_compute_v1_filesystem.jail_submount",
            "module.fluxcd.terraform_data.flux2",
            "module.fluxcd.terraform_data.flux_namespace",
            "module.k8s.data.units_data_size.boot_disk_minimal",
            "module.k8s.module.resources.data.units_data_size.k8s_ephemeral_storage_reserve",
            "module.k8s.nebius_compute_v1_gpu_cluster.this_v2",
            "module.k8s.nebius_mk8s_v1_cluster.this",
            "module.k8s.nebius_mk8s_v1_node_group.accounting",
            "module.k8s.nebius_mk8s_v1_node_group.controller",
            "module.k8s.nebius_mk8s_v1_node_group.login",
            "module.k8s.nebius_mk8s_v1_node_group.nfs",
            "module.k8s.nebius_mk8s_v1_node_group.system",
            "module.k8s.nebius_mk8s_v1_node_group.worker_v2",
            "module.k8s.nebius_vpc_v1_allocation.this",
            "module.k8s.terraform_data.check_resource_preset_sufficiency",
            "module.k8s.terraform_data.check_worker_gpu_fabric",
            "module.k8s.terraform_data.kubectl_cluster_context",
            "module.nfs-server.nebius_compute_v1_disk.nfs-boot-disk",
            "module.nfs-server.nebius_compute_v1_disk.nfs-storage-disk",
            "module.nfs-server.nebius_compute_v1_instance.nfs_server",
            "module.o11y.terraform_data.o11y_static_key_secret",
            "module.o11y.terraform_data.opentelemetry_collector_cm",
            "module.resources.data.units_data_size.k8s_ephemeral_storage_reserve",
            "module.slurm.helm_release.soperator_fluxcd_ad_hoc_cm",
            "module.slurm.helm_release.soperator_fluxcd_bootstrap",
            "module.slurm.helm_release.soperator_fluxcd_cm",
            "module.slurm.local_file.flux_release_rendered_nodesets",
            "module.slurm.terraform_data.check_worker_nodesets",
            "module.slurm.terraform_data.wait_for_slurm_cluster_available",
            "module.slurm.terraform_data.wait_for_slurm_cluster_hr",
            "module.slurm.terraform_data.wait_for_soperator_activechecks_hr",
            "terraform_data.check_local_nvme",
            "terraform_data.check_nfs",
            "terraform_data.check_region",
            "terraform_data.check_slurm_nodeset",
            "terraform_data.check_slurm_nodeset_accounting",
            "terraform_data.check_variables"
          ]
        }
      ]
    },
    {
      "module": "module.resources",
      "mode": "data",
      "type": "units_data_size",
      "name": "k8s_ephemeral_storage_reserve",
      "provider": "provider[\"registry.terraform.io/dstaroff/units\"]",
      "instances": [
        {
          "schema_version": 0,
          "attributes": {
            "bytes": 51539607552,
            "gibibytes": 48,
            "gigabytes": 51.539607552,
            "kibibytes": 50331648,
            "kilobytes": 51539607.552,
            "mebibytes": 49152,
            "megabytes": 51539.607552,
            "pebibytes": 0.0000457763671875,
            "petabytes": 0.000051539607552,
            "tebibytes": 0.046875,
            "terabytes": 0.051539607552
          },
          "sensitive_attributes": [],
          "identity_schema_version": 0
        }
      ]
    },
    {
      "module": "module.slurm",
      "mode": "managed",
      "type": "helm_release",
      "name": "soperator_fluxcd_ad_hoc_cm",
      "provider": "provider[\"registry.terraform.io/hashicorp/helm\"]",
      "instances": [
        {
          "schema_version": 1,
          "attributes": {
            "atomic": false,
            "chart": "raw",
            "cleanup_on_fail": false,
            "create_namespace": false,
            "dependency_update": false,
            "description": null,
            "devel": null,
            "disable_crd_hooks": false,
            "disable_openapi_validation": false,
            "disable_webhooks": false,
            "force_update": false,
            "id": "soperator-fluxcd-values",
            "keyring": null,
            "lint": false,
            "manifest": null,
            "max_history": 0,
            "metadata": [
              {
                "app_version": "1.0.0",
                "chart": "raw",
                "first_deployed": 1782244065,
                "last_deployed": 1782244065,
                "name": "soperator-fluxcd-values",
                "namespace": "flux-system",
                "notes": "",
                "revision": 1,
                "values": "{\"resources\":[{\"apiVersion\":\"v1\",\"data\":{\"values.yaml\":\"# Empty config map for ad-hoc values overrides\\n\"},\"kind\":\"ConfigMap\",\"metadata\":{\"annotations\":{\"helm.sh/resource-policy\":\"keep\"},\"labels\":{\"reconcile.fluxcd.io/watch\":\"Enabled\"},\"name\":\"soperator-fluxcd-values\"}}]}",
                "version": "2.0.0"
              }
            ],
            "name": "soperator-fluxcd-values",
            "namespace": "flux-system",
            "pass_credentials": false,
            "postrender": [],
            "recreate_pods": false,
            "render_subchart_notes": true,
            "replace": false,
            "repository": "https://bedag.github.io/helm-charts/",
            "repository_ca_file": null,
            "repository_cert_file": null,
            "repository_key_file": null,
            "repository_password": null,
            "repository_username": null,
            "reset_values": false,
            "reuse_values": false,
            "set": [],
            "set_list": [],
            "set_sensitive": [],
            "skip_crds": false,
            "status": "deployed",
            "timeout": 300,
            "upgrade_install": null,
            "values": [
              "resources:\n  - apiVersion: v1\n    kind: ConfigMap\n    metadata:\n      name: soperator-fluxcd-values\n      labels:\n        reconcile.fluxcd.io/watch: Enabled\n      annotations:\n        \"helm.sh/resource-policy\": keep\n    data:\n      values.yaml: |\n        # Empty config map for ad-hoc values overrides\n"
            ],
            "verify": false,
            "version": "2.0.0",
            "wait": true,
            "wait_for_jobs": false
          },
          "sensitive_attributes": [
            [
              {
                "type": "get_attr",
                "value": "repository_password"
              }
            ]
          ],
          "identity_schema_version": 0,
          "private": "eyJzY2hlbWFfdmVyc2lvbiI6IjEifQ==",
          "dependencies": [
            "data.nebius_compute_v1_filesystem.existing_jail",
            "data.nebius_iam_v1_project.this",
            "data.nebius_vpc_v1_subnet.this",
            "module.backups.data.nebius_iam_v1_group.editors",
            "module.backups.nebius_iam_v1_group_membership.backups_service_account_group",
            "module.backups.nebius_iam_v1_service_account.backups_service_account",
            "module.backups.terraform_data.k8s_backups_bucket_access_secret",
            "module.backups_store.nebius_storage_v1_bucket.backups_bucket",
            "module.backups_store.terraform_data.cleanup_bucket",
            "module.cleanup.terraform_data.disk_cleanup",
            "module.filestore.data.nebius_compute_v1_filesystem.accounting",
            "module.filestore.data.nebius_compute_v1_filesystem.controller_spool",
            "module.filestore.data.nebius_compute_v1_filesystem.jail",
            "module.filestore.data.nebius_compute_v1_filesystem.jail_submount",
            "module.filestore.nebius_compute_v1_filesystem.accounting",
            "module.filestore.nebius_compute_v1_filesystem.controller_spool",
            "module.filestore.nebius_compute_v1_filesystem.jail",
            "module.filestore.nebius_compute_v1_filesystem.jail_submount",
            "module.fluxcd.terraform_data.flux2",
            "module.fluxcd.terraform_data.flux_namespace",
            "module.k8s.data.units_data_size.boot_disk_minimal",
            "module.k8s.module.resources.data.units_data_size.k8s_ephemeral_storage_reserve",
            "module.k8s.nebius_compute_v1_gpu_cluster.this_v2",
            "module.k8s.nebius_mk8s_v1_cluster.this",
            "module.k8s.nebius_mk8s_v1_node_group.accounting",
            "module.k8s.nebius_mk8s_v1_node_group.controller",
            "module.k8s.nebius_mk8s_v1_node_group.login",
            "module.k8s.nebius_mk8s_v1_node_group.nfs",
            "module.k8s.nebius_mk8s_v1_node_group.system",
            "module.k8s.nebius_mk8s_v1_node_group.worker_v2",
            "module.k8s.nebius_vpc_v1_allocation.this",
            "module.k8s.terraform_data.check_resource_preset_sufficiency",
            "module.k8s.terraform_data.check_worker_gpu_fabric",
            "module.k8s.terraform_data.kubectl_cluster_context",
            "module.nfs-server.nebius_compute_v1_disk.nfs-boot-disk",
            "module.nfs-server.nebius_compute_v1_disk.nfs-storage-disk",
            "module.nfs-server.nebius_compute_v1_instance.nfs_server",
            "module.o11y.terraform_data.o11y_static_key_secret",
            "module.o11y.terraform_data.opentelemetry_collector_cm",
            "module.resources.data.units_data_size.k8s_ephemeral_storage_reserve",
            "terraform_data.check_local_nvme",
            "terraform_data.check_nfs",
            "terraform_data.check_region",
            "terraform_data.check_slurm_nodeset",
            "terraform_data.check_slurm_nodeset_accounting",
            "terraform_data.check_variables"
          ]
        }
      ]
    },
    {
      "module": "module.slurm",
      "mode": "managed",
      "type": "helm_release",
      "name": "soperator_fluxcd_bootstrap",
      "provider": "provider[\"registry.terraform.io/hashicorp/helm\"]",
      "instances": [
        {
          "schema_version": 1,
          "attributes": {
            "atomic": false,
            "chart": "helm-soperator-fluxcd-bootstrap",
            "cleanup_on_fail": false,
            "create_namespace": false,
            "dependency_update": false,
            "description": null,
            "devel": null,
            "disable_crd_hooks": false,
            "disable_openapi_validation": false,
            "disable_webhooks": false,
            "force_update": false,
            "id": "soperator-fluxcd-bootstrap",
            "keyring": null,
            "lint": false,
            "manifest": null,
            "max_history": 0,
            "metadata": [
              {
                "app_version": "4.1.0",
                "chart": "helm-soperator-fluxcd-bootstrap",
                "first_deployed": 1782244068,
                "last_deployed": 1782244068,
                "name": "soperator-fluxcd-bootstrap",
                "namespace": "flux-system",
                "notes": "",
                "revision": 1,
                "values": "{\"helmRepository\":{\"url\":\"oci://cr.eu-north1.nebius.cloud/soperator\"}}",
                "version": "4.1.0"
              }
            ],
            "name": "soperator-fluxcd-bootstrap",
            "namespace": "flux-system",
            "pass_credentials": false,
            "postrender": [],
            "recreate_pods": false,
            "render_subchart_notes": true,
            "replace": false,
            "repository": "oci://cr.eu-north1.nebius.cloud/soperator",
            "repository_ca_file": null,
            "repository_cert_file": null,
            "repository_key_file": null,
            "repository_password": null,
            "repository_username": null,
            "reset_values": false,
            "reuse_values": false,
            "set": [
              {
                "name": "helmRepository.url",
                "type": "",
                "value": "oci://cr.eu-north1.nebius.cloud/soperator"
              }
            ],
            "set_list": [],
            "set_sensitive": [],
            "skip_crds": false,
            "status": "deployed",
            "timeout": 300,
            "upgrade_install": null,
            "values": null,
            "verify": false,
            "version": "4.1.0",
            "wait": true,
            "wait_for_jobs": false
          },
          "sensitive_attributes": [
            [
              {
                "type": "get_attr",
                "value": "repository_password"
              }
            ]
          ],
          "identity_schema_version": 0,
          "private": "eyJzY2hlbWFfdmVyc2lvbiI6IjEifQ==",
          "dependencies": [
            "data.nebius_compute_v1_filesystem.existing_jail",
            "data.nebius_iam_v1_project.this",
            "data.nebius_vpc_v1_subnet.this",
            "module.backups.data.nebius_iam_v1_group.editors",
            "module.backups.nebius_iam_v1_group_membership.backups_service_account_group",
            "module.backups.nebius_iam_v1_service_account.backups_service_account",
            "module.backups.terraform_data.k8s_backups_bucket_access_secret",
            "module.backups_store.nebius_storage_v1_bucket.backups_bucket",
            "module.backups_store.terraform_data.cleanup_bucket",
            "module.cleanup.terraform_data.disk_cleanup",
            "module.filestore.data.nebius_compute_v1_filesystem.accounting",
            "module.filestore.data.nebius_compute_v1_filesystem.controller_spool",
            "module.filestore.data.nebius_compute_v1_filesystem.jail",
            "module.filestore.data.nebius_compute_v1_filesystem.jail_submount",
            "module.filestore.nebius_compute_v1_filesystem.accounting",
            "module.filestore.nebius_compute_v1_filesystem.controller_spool",
            "module.filestore.nebius_compute_v1_filesystem.jail",
            "module.filestore.nebius_compute_v1_filesystem.jail_submount",
            "module.fluxcd.terraform_data.flux2",
            "module.fluxcd.terraform_data.flux_namespace",
            "module.k8s.data.units_data_size.boot_disk_minimal",
            "module.k8s.module.resources.data.units_data_size.k8s_ephemeral_storage_reserve",
            "module.k8s.nebius_compute_v1_gpu_cluster.this_v2",
            "module.k8s.nebius_mk8s_v1_cluster.this",
            "module.k8s.nebius_mk8s_v1_node_group.accounting",
            "module.k8s.nebius_mk8s_v1_node_group.controller",
            "module.k8s.nebius_mk8s_v1_node_group.login",
            "module.k8s.nebius_mk8s_v1_node_group.nfs",
            "module.k8s.nebius_mk8s_v1_node_group.system",
            "module.k8s.nebius_mk8s_v1_node_group.worker_v2",
            "module.k8s.nebius_vpc_v1_allocation.this",
            "module.k8s.terraform_data.check_resource_preset_sufficiency",
            "module.k8s.terraform_data.check_worker_gpu_fabric",
            "module.k8s.terraform_data.kubectl_cluster_context",
            "module.nfs-server.nebius_compute_v1_disk.nfs-boot-disk",
            "module.nfs-server.nebius_compute_v1_disk.nfs-storage-disk",
            "module.nfs-server.nebius_compute_v1_instance.nfs_server",
            "module.o11y.terraform_data.o11y_static_key_secret",
            "module.o11y.terraform_data.opentelemetry_collector_cm",
            "module.resources.data.units_data_size.k8s_ephemeral_storage_reserve",
            "module.slurm.helm_release.soperator_fluxcd_cm",
            "module.slurm.local_file.flux_release_rendered_nodesets",
            "terraform_data.check_local_nvme",
            "terraform_data.check_nfs",
            "terraform_data.check_region",
            "terraform_data.check_slurm_nodeset",
            "terraform_data.check_slurm_nodeset_accounting",
            "terraform_data.check_variables"
          ]
        }
      ]
    },
    {
      "module": "module.slurm",
      "mode": "managed",
      "type": "helm_release",
      "name": "soperator_fluxcd_cm",
      "provider": "provider[\"registry.terraform.io/hashicorp/helm\"]",
      "instances": [
        {
          "schema_version": 1,
          "attributes": {
            "atomic": false,
            "chart": "raw",
            "cleanup_on_fail": false,
            "create_namespace": false,
            "dependency_update": false,
            "description": null,
            "devel": null,
            "disable_crd_hooks": false,
            "disable_openapi_validation": false,
            "disable_webhooks": false,
            "force_update": false,
            "id": "terraform-fluxcd-values",
            "keyring": null,
            "lint": false,
            "manifest": null,
            "max_history": 0,
            "metadata": [
              {
                "app_version": "1.0.0",
                "chart": "raw",
                "first_deployed": 1782244065,
                "last_deployed": 1782244065,
                "name": "terraform-fluxcd-values",
                "namespace": "flux-system",
                "notes": "",
                "revision": 1,
                "values": "{\"resources\":[{\"apiVersion\":\"v1\",\"data\":{\"values.yaml\":\"helmRepository:\\n  interval: 15m\\n  nfsServer:\\n    url: oci://cr.eu-north1.nebius.cloud/soperator\\n  soperator:\\n    url: oci://cr.eu-north1.nebius.cloud/soperator\\ncertManager:\\n  enabled: true\\n  interval: 5m\\n  timeout: 5m\\nbackup:\\n  enabled: true\\n  interval: 5m\\n  timeout: 5m\\n  config:\\n    enabled: true\\n    version: 4.1.0\\n    values:\\n      secret:\\n        name: jail-backup\\n      bucket:\\n        endpoint: https://storage.eu-north2.nebius.cloud:443\\n        name: soperator-spugachev-backups\\n      backup:\\n        schedule: \\\"@daily-random\\\"\\n      prune:\\n        schedule: \\\"@daily-random\\\"\\n      retention:\\n        keepDaily: 3\\n\\nmariadbOperator:\\n  enabled: true\\n  interval: 5m\\n  timeout: 5m\\n  version: 25.10.2\\n  values: null\\nobservability:\\n  enabled: true\\n  clusterName: spugachev\\n  publicEndpointEnabled: false\\n  region: eu-north2\\n  opentelemetry:\\n    enabled: true\\n    logs:\\n      values:\\n        resources:\\n          requests:\\n            memory: 200Mi\\n            cpu: 200m\\n          limits:\\n            memory: 200Mi\\n        jailLogs:\\n          enabled: true\\n          resources:\\n            requests:\\n              memory: 1Gi\\n              cpu: 1000m\\n            limits:\\n              memory: 1Gi\\n\\n    events:\\n      interval: 5m\\n      timeout: 5m\\n      values:\\n        resources:\\n          requests:\\n            memory: 128Mi\\n            cpu: 100m\\n          limits:\\n            memory: 128Mi\\n  prometheusOperator:\\n    enabled: true\\n    interval: 5m\\n    timeout: 5m\\n  vmStack:\\n    enabled: true\\n    crds:\\n      interval: 5m\\n      timeout: 5m\\n    interval: 5m\\n    timeout: 5m\\n    values:\\n      vmagent:\\n        spec:\\n          extraArgs:\\n            promscrape.maxScrapeSize: \\\"33554432\\\"\\n          externalLabels:\\n            iam_tenant_id: tenant-e00znpks4hqd7c0e72\\n            iam_project_id: project-e02qk7z0pr005jndcar132\\n            mk8s_cluster_id: mk8scluster-e02fv10y8fh5nghh2m\\n          resources:\\n            requests:\\n              memory: 10Gi\\n              cpu: 5000m\\n            limits:\\n              memory: 10Gi\\n      vmsingle:\\n        spec:\\n          extraArgs:\\n            dedup.minScrapeInterval: 30s\\n            maxLabelsPerTimeseries: \\\"40\\\"\\n            search.maxQueryLen: \\\"18765\\\"\\n            search.maxUniqueTimeseries: \\\"500000\\\"\\n          retentionPeriod: 7d\\n          extraEnvs:\\n          - name: GOMAXPROCS\\n            value: \\\"6\\\"\\n          storage:\\n            accessModes:\\n              - ReadWriteOnce\\n            resources:\\n              requests:\\n                storage: 512Gi\\n          resources:\\n            requests:\\n              memory: 24Gi\\n              cpu: 6000m\\n            limits:\\n              memory: 24Gi\\n      prometheusNodeExporter:\\n        enabled: true\\n        extraArgs:\\n          - '--collector.ethtool.device-exclude=ibp.*'\\n          - '--no-collector.infiniband'\\n  vmLogs:\\n    enabled: true\\n    interval: 5m\\n    timeout: 5m\\n    values:\\n      persistentVolume:\\n        enabled: true\\n        size: 256Gi\\n        accessMode: ReadWriteOnce\\n      resources:\\n        requests:\\n          memory: 2Gi\\n          cpu: 1000m\\n        limits:\\n          memory: 2Gi\\n  dcgmExporter:\\n    enabled: true\\n    version: 4.1.0\\n    values:\\n      hpcJobMapDir: /var/run/nebius/slurm\\n      # waits for nvidia toolkit when not running on preinstalled gpu drivers, so opposite of use_preinstalled_gpu_drivers\\n      validateToolkit: false\\n      resources:\\n        requests:\\n          memory: 0.5Gi\\n          cpu: 0.05m\\n        limits:\\n          memory: 0.5Gi\\n\\nsecurityProfilesOperator:\\n  enabled: true\\n  interval: 5m\\n  timeout: 5m\\n  values:\\n    daemon:\\n      resources:\\n        limits:\\n          memory: 128Mi\\n        requests:\\n          cpu: 100m\\n          memory: 128Mi\\n    resources:\\n      limits:\\n        cpu: 500m\\n        memory: 3Gi\\n      requests:\\n        cpu: 500m\\n        memory: 3Gi\\nslurmCluster:\\n  enabled: true\\n  interval: 5m\\n  timeout: 5m\\n  version: 4.1.0\\n  namespace: soperator\\n  releaseName: soperator\\n  overrideValues:\\n    clusterName: soperator\\n    cudaVersion: 13.0.2\\n    useDefaultAppArmorProfile: true\\n    maintenance: none\\n\\n\\n    partitionConfiguration:\\n      configType: structured\\n      partitions:\\n        - name: main\\n          isAll: true\\n          config: \\\"Default=YES PriorityTier=10 PreemptMode=OFF MaxTime=INFINITE State=UP OverSubscribe=YES\\\"\\n        - name: hidden\\n          isAll: true\\n          config: \\\"Default=NO PriorityTier=10 PreemptMode=OFF Hidden=YES MaxTime=INFINITE State=UP OverSubscribe=YES\\\"\\n\\n\\n    k8sNodeFilters:\\n      - name: system\\n        affinity:\\n          nodeAffinity:\\n            requiredDuringSchedulingIgnoredDuringExecution:\\n              nodeSelectorTerms:\\n                - matchExpressions:\\n                    - key: slurm.nebius.ai/nodeset\\n                      operator: In\\n                      values:\\n                        - system\\n\\n      - name: accounting\\n        affinity:\\n          nodeAffinity:\\n            requiredDuringSchedulingIgnoredDuringExecution:\\n              nodeSelectorTerms:\\n                - matchExpressions:\\n                    - key: slurm.nebius.ai/nodeset\\n                      operator: In\\n                      values:\\n                        - accounting\\n        tolerations:\\n          - key: slurm.nebius.ai/nodeset\\n            operator: Equal\\n            value: accounting\\n            effect: NoSchedule\\n\\n      - name: controller\\n        affinity:\\n          nodeAffinity:\\n            requiredDuringSchedulingIgnoredDuringExecution:\\n              nodeSelectorTerms:\\n                - matchExpressions:\\n                    - key: slurm.nebius.ai/nodeset\\n                      operator: In\\n                      values:\\n                        - controller\\n        tolerations:\\n          - key: slurm.nebius.ai/nodeset\\n            operator: Equal\\n            value: controller\\n            effect: NoSchedule\\n\\n      - name: login\\n        affinity:\\n          nodeAffinity:\\n            requiredDuringSchedulingIgnoredDuringExecution:\\n              nodeSelectorTerms:\\n                - matchExpressions:\\n                    - key: slurm.nebius.ai/nodeset\\n                      operator: In\\n                      values:\\n                        - login\\n        tolerations:\\n          - key: slurm.nebius.ai/nodeset\\n            operator: Equal\\n            value: login\\n            effect: NoSchedule\\n\\n      - name: worker\\n        affinity:\\n          nodeAffinity:\\n            requiredDuringSchedulingIgnoredDuringExecution:\\n              nodeSelectorTerms:\\n                - matchExpressions:\\n                    - key: slurm.nebius.ai/nodeset\\n                      operator: In\\n                      values:\\n                        - \\\"worker-0\\\"\\n        tolerations:\\n          - key: slurm.nebius.ai/nodeset\\n            operator: Equal\\n            value: worker\\n            effect: NoSchedule\\n          - key: nvidia.com/gpu\\n            operator: Exists\\n            effect: NoSchedule\\n\\n    volumeSources:\\n      - name: jail\\n        persistentVolumeClaim:\\n          claimName: jail-pvc\\n          readOnly: false\\n\\n      - name: controller-spool\\n        persistentVolumeClaim:\\n          claimName: controller-spool-pvc\\n          readOnly: false\\n\\n      - name: worker-spool\\n        emptyDir:\\n          sizeLimit: 382Gi\\n\\n\\n      - name: home-dir\\n        createPVC: true\\n        storageClassName: nfs\\n        size: 42 # capacity is not enforced by neither NFS server nor csi-driver-nfs\\n        persistentVolumeClaim:\\n          claimName: \\\"home-dir\\\"\\n\\n      - name: motd-nebius-o11y\\n        configMap:\\n          name: motd-nebius-o11y\\n          defaultMode: 500\\n\\n      - name: jail-submount-data\\n        persistentVolumeClaim:\\n          claimName: jail-submount-data-pvc\\n          readOnly: false\\n\\n      - name: sys-host\\n        hostPath:\\n          path: /sys\\n          type: Directory\\n\\n      - hostPath:\\n          path: /\\n          type: \\\"\\\"\\n        name: nvidia-driver-root\\n\\n      - name: hpc-jobs-dir\\n        hostPath:\\n          path: /var/run/nebius/slurm\\n          type: DirectoryOrCreate\\n\\n    populateJail:\\n      k8sNodeFilterName: system\\n\\n    periodicChecks:\\n      ncclBenchmark:\\n        enabled: false\\n        k8sNodeFilterName: system\\n\\n    slurmNodes:\\n      sssd:\\n        enabled: false\\n        resources:\\n          cpu: 200m\\n          memory: 0.5Gi\\n          ephemeralStorage: 5Gi\\n        sssdConfSecretRefName: \\\"\\\"\\n        sssdLdapCAConfigMapRefName: \\\"\\\"\\n\\n      accounting:\\n        enabled: true\\n        k8sNodeFilterName: accounting\\n        mariadbOperator:\\n          enabled: true\\n          protectedSecret: true\\n          resources:\\n            cpu: 2000m\\n            memory: 12Gi\\n            ephemeralStorage: 16Gi\\n          metrics:\\n            enabled: true\\n          storage:\\n            ephemeral: false\\n            volumeClaimTemplate:\\n              accessModes:\\n                - ReadWriteOnce\\n              resources:\\n                requests:\\n                  storage: 100Gi\\n        slurmdbd:\\n          resources:\\n            cpu: 12900m\\n            memory: 42.5Gi\\n            ephemeralStorage: 39Gi\\n        munge:\\n          resources:\\n            cpu: 100m\\n            memory: 0.5Gi\\n            ephemeralStorage: 5Gi\\n        customInitContainers:\\n          - name: ensure-jail-virtiofs\\n            image: cr.eu-north1.nebius.cloud/soperator/busybox\\n            volumeMounts: [{ name: jail, mountPath: /volume-mount }]\\n            command: [\\\"grep\\\", \\\" /volume-mount virtiofs \\\", \\\"/proc/mounts\\\"]\\n\\n      controller:\\n        size: 1\\n        k8sNodeFilterName: controller\\n        slurmctld:\\n          resources:\\n            cpu: 14000m\\n            memory: 54Gi\\n            ephemeralStorage: 55Gi\\n        munge:\\n          resources:\\n            cpu: 100m\\n            memory: 0.5Gi\\n            ephemeralStorage: 5Gi\\n        customInitContainers:\\n          - name: ensure-jail-virtiofs\\n            image: cr.eu-north1.nebius.cloud/soperator/busybox\\n            volumeMounts: [{ name: jail, mountPath: /volume-mount }]\\n            command: [\\\"grep\\\", \\\" /volume-mount virtiofs \\\", \\\"/proc/mounts\\\"]\\n        volumes:\\n          spool:\\n            volumeClaimTemplateSpec:\\n              accessModes:\\n                - ReadWriteOnce\\n              resources:\\n                requests:\\n                  storage: 50Gi\\n              storageClassName: \\\"compute-csi-network-ssd-ext4\\\"\\n      login:\\n        size: 1\\n        k8sNodeFilterName: login\\n        sshdServiceType: \\\"LoadBalancer\\\"\\n        sshdServiceAnnotations:\\n          \\\"nebius.com/load-balancer-allocation-id\\\": \\\"vpcallocation-e02a0ac45he90zy9e3\\\"\\n        sshdConfigMapRefName: \\\"\\\"\\n        sshRootPublicKeys:\\n          - ssh-ed25519 AAAAC3NzaC1lZDI1NTE5AAAAIBx9GTsQyOngl1GO4WmnfJLakPKP2AnfKtYtRXJ7kI+0 nebius-demo-soperator\\n        sshd:\\n          resources:\\n            cpu: 14000m\\n            memory: 54Gi\\n            ephemeralStorage: 164Gi\\n        munge:\\n          resources:\\n            cpu: 100m\\n            memory: 0.5Gi\\n            ephemeralStorage: 5Gi\\n        customInitContainers:\\n          - name: ensure-jail-virtiofs\\n            image: cr.eu-north1.nebius.cloud/soperator/busybox\\n            volumeMounts: [{ name: jail, mountPath: /volume-mount }]\\n            command: [\\\"grep\\\", \\\" /volume-mount virtiofs \\\", \\\"/proc/mounts\\\"]\\n          - name: ensure-jail-submount-data-virtiofs\\n            image: cr.eu-north1.nebius.cloud/soperator/busybox\\n            volumeMounts: [{ name: 'data', mountPath: /volume-mount }]\\n            command: [\\\"grep\\\", \\\" /volume-mount virtiofs \\\", \\\"/proc/mounts\\\"]\\n        volumes:\\n          jailSubMounts:\\n            - mountPath: /home\\n              name: home-dir\\n              volumeSourceName: home-dir\\n            - mountPath: /etc/update-motd.d/95-nebius-o11y\\n              subPath: 95-nebius-o11y\\n              readOnly: true\\n              name: motd-nebius-o11y\\n              volumeSourceName: motd-nebius-o11y\\n            - name: data\\n              mountPath: /data\\n              volumeSourceName: jail-submount-data\\n          customMounts:\\n            - name: sys-host\\n              mountPath: /mnt/jail.upper/sys-host\\n              readOnly: true\\n              volumeSourceName: sys-host\\n\\n      exporter:\\n        enabled: true\\n        k8sNodeFilterName: system\\n        exporterContainer:\\n          resources:\\n            cpu: 250m\\n            memory: 0.25Gi\\n            ephemeralStorage: 0.5Gi\\n\\n      rest:\\n        enabled: true\\n        k8sNodeFilterName: system\\n        size: 2\\n        rest:\\n          resources:\\n            cpu: 2000m\\n            memory: 8Gi\\n            ephemeralStorage: 0.5Gi\\n        customInitContainers:\\n          - name: ensure-jail-virtiofs\\n            image: cr.eu-north1.nebius.cloud/soperator/busybox\\n            volumeMounts: [{ name: jail, mountPath: /volume-mount }]\\n            command: [\\\"grep\\\", \\\" /volume-mount virtiofs \\\", \\\"/proc/mounts\\\"]\\n\\n    sConfigController:\\n      node:\\n        k8sNodeFilterName: system\\n        size: 2\\n      container:\\n        imagePullPolicy: IfNotPresent\\n        resources:\\n          cpu: 250m\\n          memory: 256Mi\\n          ephemeralStorage: 500Mi\\n\\n  slurmClusterStorage:\\n    enabled: true\\n    interval: 5m\\n    timeout: 5m\\n    overrideValues:\\n      volume:\\n        controllerSpool:\\n          size: 24Gi\\n          filestoreDeviceName: controller-spool\\n        jail:\\n          size: 300Gi\\n          filestoreDeviceName: jail\\n        jailSubMounts:\\n          - name: data\\n            size: 600Gi\\n            filestoreDeviceName: jail-submount-data\\n        accounting:\\n          enabled: true\\n          size: 100Gi\\n          filestoreDeviceName: accounting\\n\\n      storage:\\n        accounting:\\n          matchExpressions:\\n            - key: slurm.nebius.ai/nodeset\\n              operator: In\\n              values:\\n                - accounting\\n          tolerations:\\n            - key: slurm.nebius.ai/nodeset\\n              operator: Equal\\n              value: accounting\\n              effect: NoSchedule\\n\\n        controllerSpool:\\n          matchExpressions:\\n            - key: slurm.nebius.ai/nodeset\\n              operator: In\\n              values:\\n                - controller\\n          tolerations:\\n            - key: slurm.nebius.ai/nodeset\\n              operator: Equal\\n              value: controller\\n              effect: NoSchedule\\n\\n        jail:\\n          matchExpressions:\\n            - key: slurm.nebius.ai/jail\\n              operator: In\\n              values:\\n                - \\\"true\\\"\\n          tolerations:\\n            - key: slurm.nebius.ai/nodeset\\n              operator: Exists\\n              effect: NoSchedule\\n            - key: nvidia.com/gpu\\n              operator: Exists\\n              effect: NoSchedule\\n\\nsoperatorActiveChecks:\\n  enabled: true\\n  interval: 5m\\n  timeout: 120m\\n  version: 4.1.0\\n  releaseName: soperator-activechecks\\n  namespace: soperator\\n  overrideValues:\\n    slurmClusterRefName: soperator\\n    checks:\\n      ensure-dir-snccld-logs:\\n        enabled: true\\n      \\\"all-reduce-perf-nccl-in-docker\\\":\\n        \\\"runAfterCreation\\\": false\\n      \\\"all-reduce-perf-nccl-with-ib\\\":\\n        \\\"runAfterCreation\\\": false\\n      \\\"all-reduce-perf-nccl-without-ib\\\":\\n        \\\"runAfterCreation\\\": false\\n      \\\"cuda-samples\\\":\\n        \\\"runAfterCreation\\\": false\\n      \\\"dcgmi-diag-r2\\\":\\n        \\\"runAfterCreation\\\": false\\n      \\\"dcgmi-diag-r3\\\":\\n        \\\"runAfterCreation\\\": false\\n      \\\"gpu-fryer\\\":\\n        \\\"runAfterCreation\\\": false\\n      \\\"ib-gpu-perf\\\":\\n        \\\"commentPrefix\\\": \\\"[node_problem]\\\"\\n        \\\"drainReasonPrefix\\\": null\\n        \\\"runAfterCreation\\\": false\\n      \\\"manage-jail-state\\\":\\n        \\\"runAfterCreation\\\": false\\n      \\\"mem-perf\\\":\\n        \\\"runAfterCreation\\\": false\\n      \\\"prepull-container-image\\\":\\n        \\\"runAfterCreation\\\": false\\n      \\\"ssh-check\\\":\\n        \\\"k8sJobSpec\\\":\\n          \\\"jobContainer\\\":\\n            \\\"env\\\":\\n            - \\\"name\\\": \\\"NUM_OF_LOGIN_NODES\\\"\\n              \\\"value\\\": \\\"1\\\"\\n      \\n    cudaVersion: 13.0.2\\n\\nsoperator:\\n  enabled: true\\n  interval: 5m\\n  timeout: 5m\\n  version: 4.1.0\\n  values:\\n    manager:\\n      resources:\\n        requests:\\n          memory: 2Gi\\n          cpu: 1000m\\n        limits:\\n          memory: 2Gi\\n  kruise:\\n    enabled: true\\n    interval: 5m\\n    timeout: 5m\\n    overrideValues:\\n      manager:\\n        image:\\n          repository: cr.eu-north1.nebius.cloud/soperator/kruise-manager\\n      helmHooks:\\n        image:\\n          repository: cr.eu-north1.nebius.cloud/soperator/kruise-helm-hook\\n  soperatorChecks:\\n    enabled: true\\n    interval: 5m\\n    timeout: 5m\\n    values:\\n      checks:\\n        manager:\\n          enableNodeReplacement: true\\n          enableExtensiveCheck: true\\n          env:\\n            maintenanceIgnoreNodeLabels: \\\"slurm.nebius.ai/nodeset=controller,slurm.nebius.ai/nodeset=nfs\\\"\\n          resources:\\n            requests:\\n              memory: 2Gi\\n              cpu: 1000m\\n            limits:\\n              memory: 2Gi\\n  nodeConfigurator:\\n    enabled: true\\n    interval: 5m\\n    timeout: 5m\\n    values:\\n      resources:\\n        requests:\\n          memory: 0.25Gi\\n          cpu: 500m\\n        limits:\\n          memory: 0.25Gi\\n\\nnotifier:\\n  enabled: false\\n\\nnfsServer:\\n  enabled: true\\n  version: 1.2.0\\n  overrideValues:\\n    image:\\n      repository: cr.eu-north1.nebius.cloud/soperator/nfs-server\\n      tag: 1.2.0\\n    nameOverride: nfs-server\\n    nfs:\\n      sharedDirectory: \\\"/exported\\\"\\n      shareOptions: \\\"rw,fsid=0,async,no_subtree_check,no_auth_nlm,insecure,no_root_squash\\\"\\n      threads: \\\"64\\\"\\n    storage:\\n      storageClassName: \\\"compute-csi-network-ssd-io-m3-ext4\\\"\\n      size: 558Gi\\n    storageClass:\\n      name: nfs\\n    resources:\\n      requests:\\n        memory: 113Gi\\n        cpu: 31000m\\n      limits:\\n        memory: 113Gi\\n    nodeSelector:\\n      slurm.nebius.ai/nodeset: nfs\\n    tolerations:\\n      - key: slurm.nebius.ai/nodeset\\n        operator: Equal\\n        value: nfs\\n        effect: NoSchedule\\n    monitoring:\\n      enabled: true\\n      serviceMonitor:\\n        enabled: true\\ntailscale:\\n  enabled: false\\n\\nnodesets:\\n  enabled: true\\n\\n  interval: 5m\\n  timeout: 5m\\n  version: 4.1.0\\n  namespace: soperator\\n  releaseName: soperator-nodesets\\n\\n  overrideValues: \\n    nodesets:\\n      - name: worker\\n        annotations:\\n          slurm.nebius.ai/parental-cluster-ref: soperator\\n\\n        replicas: 2\\n        maxUnavailable: 20%\\n\\n        gpu:\\n          enabled: true\\n          nvidia:\\n            gdrCopyEnabled: true\\n\\n        nodeConfig:\\n          features:\\n            - gpu_h200_sxm\\n            - network_ssd\\n          static: \\\"CPUs=128 Boards=1 SocketsPerBoard=2 CoresPerSocket=32 ThreadsPerCore=2 Gres=gpu:nvidia_h200:8\\\"\\n          dynamic: \\\"\\\\\\\"{ \\\\\\\\\\\\\\\"ib_pod\\\\\\\\\\\\\\\": \\\\\\\\\\\\\\\"$TOPO_SWITCH_TIER2\\\\\\\\\\\\\\\", \\\\\\\\\\\\\\\"ib_su\\\\\\\\\\\\\\\": \\\\\\\\\\\\\\\"$TOPO_SWITCH_TIER1\\\\\\\\\\\\\\\" }\\\\\\\"\\\"\\n          gresConfig:\\n            - AutoDetect=off Name=gpu Type=nvidia_h200 File=/dev/nvidia4 Cores=0-31 Links=-1,1,1,1,1,1,1,1 Flags=nvidia_gpu_env\\n            - AutoDetect=off Name=gpu Type=nvidia_h200 File=/dev/nvidia5 Cores=0-31 Links=1,-1,1,1,1,1,1,1 Flags=nvidia_gpu_env\\n            - AutoDetect=off Name=gpu Type=nvidia_h200 File=/dev/nvidia6 Cores=0-31 Links=1,1,-1,1,1,1,1,1 Flags=nvidia_gpu_env\\n            - AutoDetect=off Name=gpu Type=nvidia_h200 File=/dev/nvidia7 Cores=0-31 Links=1,1,1,-1,1,1,1,1 Flags=nvidia_gpu_env\\n            - AutoDetect=off Name=gpu Type=nvidia_h200 File=/dev/nvidia0 Cores=32-63 Links=1,1,1,1,-1,1,1,1 Flags=nvidia_gpu_env\\n            - AutoDetect=off Name=gpu Type=nvidia_h200 File=/dev/nvidia1 Cores=32-63 Links=1,1,1,1,1,-1,1,1 Flags=nvidia_gpu_env\\n            - AutoDetect=off Name=gpu Type=nvidia_h200 File=/dev/nvidia2 Cores=32-63 Links=1,1,1,1,1,1,-1,1 Flags=nvidia_gpu_env\\n            - AutoDetect=off Name=gpu Type=nvidia_h200 File=/dev/nvidia3 Cores=32-63 Links=1,1,1,1,1,1,1,-1 Flags=nvidia_gpu_env\\n\\n        slurmd:\\n          customEnv:\\n            - name: \\\"NVIDIA_DRIVER_CAPABILITIES\\\"\\n              value: \\\"compute,graphics,utility,video\\\"\\n          resources:\\n            cpu: 125950m\\n            memory: 1436Gi\\n            ephemeralStorage: 382Gi\\n            gpu: 8\\n\\n          volumes:\\n            spool:\\n              emptyDir: {}\\n\\n            jail:\\n              persistentVolumeClaim:\\n                claimName: jail-pvc\\n                readOnly: false\\n\\n            jailSubMounts:\\n\\n              - name: home-dir\\n                mountPath: /home\\n                volumeSource:\\n                  persistentVolumeClaim:\\n                    claimName: home-dir\\n\\n              - name: data\\n                mountPath: /data\\n                volumeSource:\\n                  persistentVolumeClaim:\\n                    claimName: jail-submount-data-pvc\\n                    readOnly: false\\n\\n              - name: scratch\\n                mountPath: /scratch\\n                volumeClaimTemplateSpec:\\n                  accessModes:\\n                    - ReadWriteOnce\\n                  storageClassName: compute-csi-network-ssd-ext4\\n                  resources:\\n                    requests:\\n                      storage: 1024Gi\\n\\n\\n\\n            persistentVolumeClaimRetentionPolicy:\\n              whenDeleted: Delete\\n              whenScaled: Delete\\n\\n            customVolumeMounts:\\n              - name: slurm-scripts\\n                mountPath: /opt/slurm_scripts/\\n                volumeSource:\\n                  configMap:\\n                    name: slurm-scripts\\n                    defaultMode: 0755\\n\\n              - name: slurm-scripts-jail\\n                mountPath: /mnt/jail.upper/opt/slurm_scripts/\\n                volumeSource:\\n                  configMap:\\n                    name: slurm-scripts\\n                    defaultMode: 0755\\n\\n              - name: sys-host\\n                mountPath: /mnt/jail.upper/sys-host\\n                readOnly: true\\n                volumeSource:\\n                  hostPath:\\n                    path: /sys\\n                    type: Directory\\n\\n\\n              - name: hpc-jobs-dir\\n                mountPath: /var/run/nebius/slurm\\n                volumeSource:\\n                  hostPath:\\n                    path: /var/run/nebius/slurm\\n                    type: DirectoryOrCreate\\n\\n              - name: nvidia-driver-root\\n                mountPath: /run/nvidia/driver\\n                readOnly: false\\n                volumeSource:\\n                  hostPath:\\n                    path: /\\n                    type: \\\"\\\"\\n\\n            sharedMemorySize: 64Gi\\n\\n          security:\\n            appArmorProfile: unconfined\\n\\n        munge:\\n          resources:\\n            cpu: 100m\\n            memory: 0.5Gi\\n            ephemeralStorage: 5Gi\\n\\n          security:\\n            appArmorProfile: unconfined\\n\\n        sssd:\\n          enabled: false\\n          resources:\\n            cpu: 200m\\n            memory: 0.5Gi\\n            ephemeralStorage: 5Gi\\n\\n        sssdConfSecretRefName: \\\"\\\"\\n        sssdLdapCAConfigMapRefName: \\\"\\\"\\n\\n        configMapRefSupervisord: custom-supervisord-config\\n        configMapRefSshd: \\n\\n        enableHostUserNamespace: true\\n\\n        priorityClass: soperator-worker-high-priority\\n        nodeSelector:\\n          slurm.nebius.ai/nodeset-name: worker\\n        tolerations:\\n          - key: nvidia.com/gpu\\n            operator: Exists\\n            effect: NoSchedule\\n\\n        customInitContainers:\\n          - name: ensure-jail-virtiofs\\n            image: cr.eu-north1.nebius.cloud/soperator/busybox\\n            volumeMounts: [{ name: jail, mountPath: /volume-mount }]\\n            command: [\\\"grep\\\", \\\" /volume-mount virtiofs \\\", \\\"/proc/mounts\\\"]\\n\\n          - name: ensure-jail-submount-data-virtiofs\\n            image: cr.eu-north1.nebius.cloud/soperator/busybox\\n            volumeMounts: [{ name: 'data', mountPath: /volume-mount }]\\n            command: [\\\"grep\\\", \\\" /volume-mount virtiofs \\\", \\\"/proc/mounts\\\"]\\n\\n          - name: ensure-node-local-jail-submount-scratch-ext4\\n            image: cr.eu-north1.nebius.cloud/soperator/busybox\\n            volumeMounts: [{ name: 'scratch', mountPath: /volume-mount }]\\n            command: [\\\"grep\\\", ' /volume-mount ext4 ', \\\"/proc/mounts\\\"]\\n\"},\"kind\":\"ConfigMap\",\"metadata\":{\"annotations\":{\"helm.sh/resource-policy\":\"keep\"},\"labels\":{\"reconcile.fluxcd.io/watch\":\"Enabled\"},\"name\":\"terraform-fluxcd-values\"}}]}",
                "version": "2.0.0"
              }
            ],
            "name": "terraform-fluxcd-values",
            "namespace": "flux-system",
            "pass_credentials": false,
            "postrender": [],
            "recreate_pods": false,
            "render_subchart_notes": true,
            "replace": false,
            "repository": "https://bedag.github.io/helm-charts/",
            "repository_ca_file": null,
            "repository_cert_file": null,
            "repository_key_file": null,
            "repository_password": null,
            "repository_username": null,
            "reset_values": false,
            "reuse_values": false,
            "set": [],
            "set_list": [],
            "set_sensitive": [],
            "skip_crds": false,
            "status": "deployed",
            "timeout": 300,
            "upgrade_install": null,
            "values": [
              "resources:\n  - apiVersion: v1\n    kind: ConfigMap\n    metadata:\n      name: terraform-fluxcd-values\n      labels:\n        reconcile.fluxcd.io/watch: Enabled\n      annotations:\n        \"helm.sh/resource-policy\": keep\n    data:\n      values.yaml: |\n        helmRepository:\n          interval: 15m\n          nfsServer:\n            url: oci://cr.eu-north1.nebius.cloud/soperator\n          soperator:\n            url: oci://cr.eu-north1.nebius.cloud/soperator\n        certManager:\n          enabled: true\n          interval: 5m\n          timeout: 5m\n        backup:\n          enabled: true\n          interval: 5m\n          timeout: 5m\n          config:\n            enabled: true\n            version: 4.1.0\n            values:\n              secret:\n                name: jail-backup\n              bucket:\n                endpoint: https://storage.eu-north2.nebius.cloud:443\n                name: soperator-spugachev-backups\n              backup:\n                schedule: \"@daily-random\"\n              prune:\n                schedule: \"@daily-random\"\n              retention:\n                keepDaily: 3\n\n        mariadbOperator:\n          enabled: true\n          interval: 5m\n          timeout: 5m\n          version: 25.10.2\n          values: null\n        observability:\n          enabled: true\n          clusterName: spugachev\n          publicEndpointEnabled: false\n          region: eu-north2\n          opentelemetry:\n            enabled: true\n            logs:\n              values:\n                resources:\n                  requests:\n                    memory: 200Mi\n                    cpu: 200m\n                  limits:\n                    memory: 200Mi\n                jailLogs:\n                  enabled: true\n                  resources:\n                    requests:\n                      memory: 1Gi\n                      cpu: 1000m\n                    limits:\n                      memory: 1Gi\n\n            events:\n              interval: 5m\n              timeout: 5m\n              values:\n                resources:\n                  requests:\n                    memory: 128Mi\n                    cpu: 100m\n                  limits:\n                    memory: 128Mi\n          prometheusOperator:\n            enabled: true\n            interval: 5m\n            timeout: 5m\n          vmStack:\n            enabled: true\n            crds:\n              interval: 5m\n              timeout: 5m\n            interval: 5m\n            timeout: 5m\n            values:\n              vmagent:\n                spec:\n                  extraArgs:\n                    promscrape.maxScrapeSize: \"33554432\"\n                  externalLabels:\n                    iam_tenant_id: tenant-e00znpks4hqd7c0e72\n                    iam_project_id: project-e02qk7z0pr005jndcar132\n                    mk8s_cluster_id: mk8scluster-e02fv10y8fh5nghh2m\n                  resources:\n                    requests:\n                      memory: 10Gi\n                      cpu: 5000m\n                    limits:\n                      memory: 10Gi\n              vmsingle:\n                spec:\n                  extraArgs:\n                    dedup.minScrapeInterval: 30s\n                    maxLabelsPerTimeseries: \"40\"\n                    search.maxQueryLen: \"18765\"\n                    search.maxUniqueTimeseries: \"500000\"\n                  retentionPeriod: 7d\n                  extraEnvs:\n                  - name: GOMAXPROCS\n                    value: \"6\"\n                  storage:\n                    accessModes:\n                      - ReadWriteOnce\n                    resources:\n                      requests:\n                        storage: 512Gi\n                  resources:\n                    requests:\n                      memory: 24Gi\n                      cpu: 6000m\n                    limits:\n                      memory: 24Gi\n              prometheusNodeExporter:\n                enabled: true\n                extraArgs:\n                  - '--collector.ethtool.device-exclude=ibp.*'\n                  - '--no-collector.infiniband'\n          vmLogs:\n            enabled: true\n            interval: 5m\n            timeout: 5m\n            values:\n              persistentVolume:\n                enabled: true\n                size: 256Gi\n                accessMode: ReadWriteOnce\n              resources:\n                requests:\n                  memory: 2Gi\n                  cpu: 1000m\n                limits:\n                  memory: 2Gi\n          dcgmExporter:\n            enabled: true\n            version: 4.1.0\n            values:\n              hpcJobMapDir: /var/run/nebius/slurm\n              # waits for nvidia toolkit when not running on preinstalled gpu drivers, so opposite of use_preinstalled_gpu_drivers\n              validateToolkit: false\n              resources:\n                requests:\n                  memory: 0.5Gi\n                  cpu: 0.05m\n                limits:\n                  memory: 0.5Gi\n\n        securityProfilesOperator:\n          enabled: true\n          interval: 5m\n          timeout: 5m\n          values:\n            daemon:\n              resources:\n                limits:\n                  memory: 128Mi\n                requests:\n                  cpu: 100m\n                  memory: 128Mi\n            resources:\n              limits:\n                cpu: 500m\n                memory: 3Gi\n              requests:\n                cpu: 500m\n                memory: 3Gi\n        slurmCluster:\n          enabled: true\n          interval: 5m\n          timeout: 5m\n          version: 4.1.0\n          namespace: soperator\n          releaseName: soperator\n          overrideValues:\n            clusterName: soperator\n            cudaVersion: 13.0.2\n            useDefaultAppArmorProfile: true\n            maintenance: none\n\n\n            partitionConfiguration:\n              configType: structured\n              partitions:\n                - name: main\n                  isAll: true\n                  config: \"Default=YES PriorityTier=10 PreemptMode=OFF MaxTime=INFINITE State=UP OverSubscribe=YES\"\n                - name: hidden\n                  isAll: true\n                  config: \"Default=NO PriorityTier=10 PreemptMode=OFF Hidden=YES MaxTime=INFINITE State=UP OverSubscribe=YES\"\n\n\n            k8sNodeFilters:\n              - name: system\n                affinity:\n                  nodeAffinity:\n                    requiredDuringSchedulingIgnoredDuringExecution:\n                      nodeSelectorTerms:\n                        - matchExpressions:\n                            - key: slurm.nebius.ai/nodeset\n                              operator: In\n                              values:\n                                - system\n\n              - name: accounting\n                affinity:\n                  nodeAffinity:\n                    requiredDuringSchedulingIgnoredDuringExecution:\n                      nodeSelectorTerms:\n                        - matchExpressions:\n                            - key: slurm.nebius.ai/nodeset\n                              operator: In\n                              values:\n                                - accounting\n                tolerations:\n                  - key: slurm.nebius.ai/nodeset\n                    operator: Equal\n                    value: accounting\n                    effect: NoSchedule\n\n              - name: controller\n                affinity:\n                  nodeAffinity:\n                    requiredDuringSchedulingIgnoredDuringExecution:\n                      nodeSelectorTerms:\n                        - matchExpressions:\n                            - key: slurm.nebius.ai/nodeset\n                              operator: In\n                              values:\n                                - controller\n                tolerations:\n                  - key: slurm.nebius.ai/nodeset\n                    operator: Equal\n                    value: controller\n                    effect: NoSchedule\n\n              - name: login\n                affinity:\n                  nodeAffinity:\n                    requiredDuringSchedulingIgnoredDuringExecution:\n                      nodeSelectorTerms:\n                        - matchExpressions:\n                            - key: slurm.nebius.ai/nodeset\n                              operator: In\n                              values:\n                                - login\n                tolerations:\n                  - key: slurm.nebius.ai/nodeset\n                    operator: Equal\n                    value: login\n                    effect: NoSchedule\n\n              - name: worker\n                affinity:\n                  nodeAffinity:\n                    requiredDuringSchedulingIgnoredDuringExecution:\n                      nodeSelectorTerms:\n                        - matchExpressions:\n                            - key: slurm.nebius.ai/nodeset\n                              operator: In\n                              values:\n                                - \"worker-0\"\n                tolerations:\n                  - key: slurm.nebius.ai/nodeset\n                    operator: Equal\n                    value: worker\n                    effect: NoSchedule\n                  - key: nvidia.com/gpu\n                    operator: Exists\n                    effect: NoSchedule\n\n            volumeSources:\n              - name: jail\n                persistentVolumeClaim:\n                  claimName: jail-pvc\n                  readOnly: false\n\n              - name: controller-spool\n                persistentVolumeClaim:\n                  claimName: controller-spool-pvc\n                  readOnly: false\n\n              - name: worker-spool\n                emptyDir:\n                  sizeLimit: 382Gi\n\n\n              - name: home-dir\n                createPVC: true\n                storageClassName: nfs\n                size: 42 # capacity is not enforced by neither NFS server nor csi-driver-nfs\n                persistentVolumeClaim:\n                  claimName: \"home-dir\"\n\n              - name: motd-nebius-o11y\n                configMap:\n                  name: motd-nebius-o11y\n                  defaultMode: 500\n\n              - name: jail-submount-data\n                persistentVolumeClaim:\n                  claimName: jail-submount-data-pvc\n                  readOnly: false\n\n              - name: sys-host\n                hostPath:\n                  path: /sys\n                  type: Directory\n\n              - hostPath:\n                  path: /\n                  type: \"\"\n                name: nvidia-driver-root\n\n              - name: hpc-jobs-dir\n                hostPath:\n                  path: /var/run/nebius/slurm\n                  type: DirectoryOrCreate\n\n            populateJail:\n              k8sNodeFilterName: system\n\n            periodicChecks:\n              ncclBenchmark:\n                enabled: false\n                k8sNodeFilterName: system\n\n            slurmNodes:\n              sssd:\n                enabled: false\n                resources:\n                  cpu: 200m\n                  memory: 0.5Gi\n                  ephemeralStorage: 5Gi\n                sssdConfSecretRefName: \"\"\n                sssdLdapCAConfigMapRefName: \"\"\n\n              accounting:\n                enabled: true\n                k8sNodeFilterName: accounting\n                mariadbOperator:\n                  enabled: true\n                  protectedSecret: true\n                  resources:\n                    cpu: 2000m\n                    memory: 12Gi\n                    ephemeralStorage: 16Gi\n                  metrics:\n                    enabled: true\n                  storage:\n                    ephemeral: false\n                    volumeClaimTemplate:\n                      accessModes:\n                        - ReadWriteOnce\n                      resources:\n                        requests:\n                          storage: 100Gi\n                slurmdbd:\n                  resources:\n                    cpu: 12900m\n                    memory: 42.5Gi\n                    ephemeralStorage: 39Gi\n                munge:\n                  resources:\n                    cpu: 100m\n                    memory: 0.5Gi\n                    ephemeralStorage: 5Gi\n                customInitContainers:\n                  - name: ensure-jail-virtiofs\n                    image: cr.eu-north1.nebius.cloud/soperator/busybox\n                    volumeMounts: [{ name: jail, mountPath: /volume-mount }]\n                    command: [\"grep\", \" /volume-mount virtiofs \", \"/proc/mounts\"]\n\n              controller:\n                size: 1\n                k8sNodeFilterName: controller\n                slurmctld:\n                  resources:\n                    cpu: 14000m\n                    memory: 54Gi\n                    ephemeralStorage: 55Gi\n                munge:\n                  resources:\n                    cpu: 100m\n                    memory: 0.5Gi\n                    ephemeralStorage: 5Gi\n                customInitContainers:\n                  - name: ensure-jail-virtiofs\n                    image: cr.eu-north1.nebius.cloud/soperator/busybox\n                    volumeMounts: [{ name: jail, mountPath: /volume-mount }]\n                    command: [\"grep\", \" /volume-mount virtiofs \", \"/proc/mounts\"]\n                volumes:\n                  spool:\n                    volumeClaimTemplateSpec:\n                      accessModes:\n                        - ReadWriteOnce\n                      resources:\n                        requests:\n                          storage: 50Gi\n                      storageClassName: \"compute-csi-network-ssd-ext4\"\n              login:\n                size: 1\n                k8sNodeFilterName: login\n                sshdServiceType: \"LoadBalancer\"\n                sshdServiceAnnotations:\n                  \"nebius.com/load-balancer-allocation-id\": \"vpcallocation-e02a0ac45he90zy9e3\"\n                sshdConfigMapRefName: \"\"\n                sshRootPublicKeys:\n                  - ssh-ed25519 AAAAC3NzaC1lZDI1NTE5AAAAIBx9GTsQyOngl1GO4WmnfJLakPKP2AnfKtYtRXJ7kI+0 nebius-demo-soperator\n                sshd:\n                  resources:\n                    cpu: 14000m\n                    memory: 54Gi\n                    ephemeralStorage: 164Gi\n                munge:\n                  resources:\n                    cpu: 100m\n                    memory: 0.5Gi\n                    ephemeralStorage: 5Gi\n                customInitContainers:\n                  - name: ensure-jail-virtiofs\n                    image: cr.eu-north1.nebius.cloud/soperator/busybox\n                    volumeMounts: [{ name: jail, mountPath: /volume-mount }]\n                    command: [\"grep\", \" /volume-mount virtiofs \", \"/proc/mounts\"]\n                  - name: ensure-jail-submount-data-virtiofs\n                    image: cr.eu-north1.nebius.cloud/soperator/busybox\n                    volumeMounts: [{ name: 'data', mountPath: /volume-mount }]\n                    command: [\"grep\", \" /volume-mount virtiofs \", \"/proc/mounts\"]\n                volumes:\n                  jailSubMounts:\n                    - mountPath: /home\n                      name: home-dir\n                      volumeSourceName: home-dir\n                    - mountPath: /etc/update-motd.d/95-nebius-o11y\n                      subPath: 95-nebius-o11y\n                      readOnly: true\n                      name: motd-nebius-o11y\n                      volumeSourceName: motd-nebius-o11y\n                    - name: data\n                      mountPath: /data\n                      volumeSourceName: jail-submount-data\n                  customMounts:\n                    - name: sys-host\n                      mountPath: /mnt/jail.upper/sys-host\n                      readOnly: true\n                      volumeSourceName: sys-host\n\n              exporter:\n                enabled: true\n                k8sNodeFilterName: system\n                exporterContainer:\n                  resources:\n                    cpu: 250m\n                    memory: 0.25Gi\n                    ephemeralStorage: 0.5Gi\n\n              rest:\n                enabled: true\n                k8sNodeFilterName: system\n                size: 2\n                rest:\n                  resources:\n                    cpu: 2000m\n                    memory: 8Gi\n                    ephemeralStorage: 0.5Gi\n                customInitContainers:\n                  - name: ensure-jail-virtiofs\n                    image: cr.eu-north1.nebius.cloud/soperator/busybox\n                    volumeMounts: [{ name: jail, mountPath: /volume-mount }]\n                    command: [\"grep\", \" /volume-mount virtiofs \", \"/proc/mounts\"]\n\n            sConfigController:\n              node:\n                k8sNodeFilterName: system\n                size: 2\n              container:\n                imagePullPolicy: IfNotPresent\n                resources:\n                  cpu: 250m\n                  memory: 256Mi\n                  ephemeralStorage: 500Mi\n\n          slurmClusterStorage:\n            enabled: true\n            interval: 5m\n            timeout: 5m\n            overrideValues:\n              volume:\n                controllerSpool:\n                  size: 24Gi\n                  filestoreDeviceName: controller-spool\n                jail:\n                  size: 300Gi\n                  filestoreDeviceName: jail\n                jailSubMounts:\n                  - name: data\n                    size: 600Gi\n                    filestoreDeviceName: jail-submount-data\n                accounting:\n                  enabled: true\n                  size: 100Gi\n                  filestoreDeviceName: accounting\n\n              storage:\n                accounting:\n                  matchExpressions:\n                    - key: slurm.nebius.ai/nodeset\n                      operator: In\n                      values:\n                        - accounting\n                  tolerations:\n                    - key: slurm.nebius.ai/nodeset\n                      operator: Equal\n                      value: accounting\n                      effect: NoSchedule\n\n                controllerSpool:\n                  matchExpressions:\n                    - key: slurm.nebius.ai/nodeset\n                      operator: In\n                      values:\n                        - controller\n                  tolerations:\n                    - key: slurm.nebius.ai/nodeset\n                      operator: Equal\n                      value: controller\n                      effect: NoSchedule\n\n                jail:\n                  matchExpressions:\n                    - key: slurm.nebius.ai/jail\n                      operator: In\n                      values:\n                        - \"true\"\n                  tolerations:\n                    - key: slurm.nebius.ai/nodeset\n                      operator: Exists\n                      effect: NoSchedule\n                    - key: nvidia.com/gpu\n                      operator: Exists\n                      effect: NoSchedule\n\n        soperatorActiveChecks:\n          enabled: true\n          interval: 5m\n          timeout: 120m\n          version: 4.1.0\n          releaseName: soperator-activechecks\n          namespace: soperator\n          overrideValues:\n            slurmClusterRefName: soperator\n            checks:\n              ensure-dir-snccld-logs:\n                enabled: true\n              \"all-reduce-perf-nccl-in-docker\":\n                \"runAfterCreation\": false\n              \"all-reduce-perf-nccl-with-ib\":\n                \"runAfterCreation\": false\n              \"all-reduce-perf-nccl-without-ib\":\n                \"runAfterCreation\": false\n              \"cuda-samples\":\n                \"runAfterCreation\": false\n              \"dcgmi-diag-r2\":\n                \"runAfterCreation\": false\n              \"dcgmi-diag-r3\":\n                \"runAfterCreation\": false\n              \"gpu-fryer\":\n                \"runAfterCreation\": false\n              \"ib-gpu-perf\":\n                \"commentPrefix\": \"[node_problem]\"\n                \"drainReasonPrefix\": null\n                \"runAfterCreation\": false\n              \"manage-jail-state\":\n                \"runAfterCreation\": false\n              \"mem-perf\":\n                \"runAfterCreation\": false\n              \"prepull-container-image\":\n                \"runAfterCreation\": false\n              \"ssh-check\":\n                \"k8sJobSpec\":\n                  \"jobContainer\":\n                    \"env\":\n                    - \"name\": \"NUM_OF_LOGIN_NODES\"\n                      \"value\": \"1\"\n              \n            cudaVersion: 13.0.2\n\n        soperator:\n          enabled: true\n          interval: 5m\n          timeout: 5m\n          version: 4.1.0\n          values:\n            manager:\n              resources:\n                requests:\n                  memory: 2Gi\n                  cpu: 1000m\n                limits:\n                  memory: 2Gi\n          kruise:\n            enabled: true\n            interval: 5m\n            timeout: 5m\n            overrideValues:\n              manager:\n                image:\n                  repository: cr.eu-north1.nebius.cloud/soperator/kruise-manager\n              helmHooks:\n                image:\n                  repository: cr.eu-north1.nebius.cloud/soperator/kruise-helm-hook\n          soperatorChecks:\n            enabled: true\n            interval: 5m\n            timeout: 5m\n            values:\n              checks:\n                manager:\n                  enableNodeReplacement: true\n                  enableExtensiveCheck: true\n                  env:\n                    maintenanceIgnoreNodeLabels: \"slurm.nebius.ai/nodeset=controller,slurm.nebius.ai/nodeset=nfs\"\n                  resources:\n                    requests:\n                      memory: 2Gi\n                      cpu: 1000m\n                    limits:\n                      memory: 2Gi\n          nodeConfigurator:\n            enabled: true\n            interval: 5m\n            timeout: 5m\n            values:\n              resources:\n                requests:\n                  memory: 0.25Gi\n                  cpu: 500m\n                limits:\n                  memory: 0.25Gi\n\n        notifier:\n          enabled: false\n\n        nfsServer:\n          enabled: true\n          version: 1.2.0\n          overrideValues:\n            image:\n              repository: cr.eu-north1.nebius.cloud/soperator/nfs-server\n              tag: 1.2.0\n            nameOverride: nfs-server\n            nfs:\n              sharedDirectory: \"/exported\"\n              shareOptions: \"rw,fsid=0,async,no_subtree_check,no_auth_nlm,insecure,no_root_squash\"\n              threads: \"64\"\n            storage:\n              storageClassName: \"compute-csi-network-ssd-io-m3-ext4\"\n              size: 558Gi\n            storageClass:\n              name: nfs\n            resources:\n              requests:\n                memory: 113Gi\n                cpu: 31000m\n              limits:\n                memory: 113Gi\n            nodeSelector:\n              slurm.nebius.ai/nodeset: nfs\n            tolerations:\n              - key: slurm.nebius.ai/nodeset\n                operator: Equal\n                value: nfs\n                effect: NoSchedule\n            monitoring:\n              enabled: true\n              serviceMonitor:\n                enabled: true\n        tailscale:\n          enabled: false\n\n        nodesets:\n          enabled: true\n        \n          interval: 5m\n          timeout: 5m\n          version: 4.1.0\n          namespace: soperator\n          releaseName: soperator-nodesets\n        \n          overrideValues: \n            nodesets:\n              - name: worker\n                annotations:\n                  slurm.nebius.ai/parental-cluster-ref: soperator\n        \n                replicas: 2\n                maxUnavailable: 20%\n        \n                gpu:\n                  enabled: true\n                  nvidia:\n                    gdrCopyEnabled: true\n        \n                nodeConfig:\n                  features:\n                    - gpu_h200_sxm\n                    - network_ssd\n                  static: \"CPUs=128 Boards=1 SocketsPerBoard=2 CoresPerSocket=32 ThreadsPerCore=2 Gres=gpu:nvidia_h200:8\"\n                  dynamic: \"\\\"{ \\\\\\\"ib_pod\\\\\\\": \\\\\\\"$TOPO_SWITCH_TIER2\\\\\\\", \\\\\\\"ib_su\\\\\\\": \\\\\\\"$TOPO_SWITCH_TIER1\\\\\\\" }\\\"\"\n                  gresConfig:\n                    - AutoDetect=off Name=gpu Type=nvidia_h200 File=/dev/nvidia4 Cores=0-31 Links=-1,1,1,1,1,1,1,1 Flags=nvidia_gpu_env\n                    - AutoDetect=off Name=gpu Type=nvidia_h200 File=/dev/nvidia5 Cores=0-31 Links=1,-1,1,1,1,1,1,1 Flags=nvidia_gpu_env\n                    - AutoDetect=off Name=gpu Type=nvidia_h200 File=/dev/nvidia6 Cores=0-31 Links=1,1,-1,1,1,1,1,1 Flags=nvidia_gpu_env\n                    - AutoDetect=off Name=gpu Type=nvidia_h200 File=/dev/nvidia7 Cores=0-31 Links=1,1,1,-1,1,1,1,1 Flags=nvidia_gpu_env\n                    - AutoDetect=off Name=gpu Type=nvidia_h200 File=/dev/nvidia0 Cores=32-63 Links=1,1,1,1,-1,1,1,1 Flags=nvidia_gpu_env\n                    - AutoDetect=off Name=gpu Type=nvidia_h200 File=/dev/nvidia1 Cores=32-63 Links=1,1,1,1,1,-1,1,1 Flags=nvidia_gpu_env\n                    - AutoDetect=off Name=gpu Type=nvidia_h200 File=/dev/nvidia2 Cores=32-63 Links=1,1,1,1,1,1,-1,1 Flags=nvidia_gpu_env\n                    - AutoDetect=off Name=gpu Type=nvidia_h200 File=/dev/nvidia3 Cores=32-63 Links=1,1,1,1,1,1,1,-1 Flags=nvidia_gpu_env\n        \n                slurmd:\n                  customEnv:\n                    - name: \"NVIDIA_DRIVER_CAPABILITIES\"\n                      value: \"compute,graphics,utility,video\"\n                  resources:\n                    cpu: 125950m\n                    memory: 1436Gi\n                    ephemeralStorage: 382Gi\n                    gpu: 8\n        \n                  volumes:\n                    spool:\n                      emptyDir: {}\n        \n                    jail:\n                      persistentVolumeClaim:\n                        claimName: jail-pvc\n                        readOnly: false\n        \n                    jailSubMounts:\n        \n                      - name: home-dir\n                        mountPath: /home\n                        volumeSource:\n                          persistentVolumeClaim:\n                            claimName: home-dir\n        \n                      - name: data\n                        mountPath: /data\n                        volumeSource:\n                          persistentVolumeClaim:\n                            claimName: jail-submount-data-pvc\n                            readOnly: false\n        \n                      - name: scratch\n                        mountPath: /scratch\n                        volumeClaimTemplateSpec:\n                          accessModes:\n                            - ReadWriteOnce\n                          storageClassName: compute-csi-network-ssd-ext4\n                          resources:\n                            requests:\n                              storage: 1024Gi\n        \n        \n        \n                    persistentVolumeClaimRetentionPolicy:\n                      whenDeleted: Delete\n                      whenScaled: Delete\n        \n                    customVolumeMounts:\n                      - name: slurm-scripts\n                        mountPath: /opt/slurm_scripts/\n                        volumeSource:\n                          configMap:\n                            name: slurm-scripts\n                            defaultMode: 0755\n        \n                      - name: slurm-scripts-jail\n                        mountPath: /mnt/jail.upper/opt/slurm_scripts/\n                        volumeSource:\n                          configMap:\n                            name: slurm-scripts\n                            defaultMode: 0755\n        \n                      - name: sys-host\n                        mountPath: /mnt/jail.upper/sys-host\n                        readOnly: true\n                        volumeSource:\n                          hostPath:\n                            path: /sys\n                            type: Directory\n        \n        \n                      - name: hpc-jobs-dir\n                        mountPath: /var/run/nebius/slurm\n                        volumeSource:\n                          hostPath:\n                            path: /var/run/nebius/slurm\n                            type: DirectoryOrCreate\n        \n                      - name: nvidia-driver-root\n                        mountPath: /run/nvidia/driver\n                        readOnly: false\n                        volumeSource:\n                          hostPath:\n                            path: /\n                            type: \"\"\n        \n                    sharedMemorySize: 64Gi\n        \n                  security:\n                    appArmorProfile: unconfined\n        \n                munge:\n                  resources:\n                    cpu: 100m\n                    memory: 0.5Gi\n                    ephemeralStorage: 5Gi\n        \n                  security:\n                    appArmorProfile: unconfined\n        \n                sssd:\n                  enabled: false\n                  resources:\n                    cpu: 200m\n                    memory: 0.5Gi\n                    ephemeralStorage: 5Gi\n        \n                sssdConfSecretRefName: \"\"\n                sssdLdapCAConfigMapRefName: \"\"\n        \n                configMapRefSupervisord: custom-supervisord-config\n                configMapRefSshd: \n        \n                enableHostUserNamespace: true\n        \n                priorityClass: soperator-worker-high-priority\n                nodeSelector:\n                  slurm.nebius.ai/nodeset-name: worker\n                tolerations:\n                  - key: nvidia.com/gpu\n                    operator: Exists\n                    effect: NoSchedule\n        \n                customInitContainers:\n                  - name: ensure-jail-virtiofs\n                    image: cr.eu-north1.nebius.cloud/soperator/busybox\n                    volumeMounts: [{ name: jail, mountPath: /volume-mount }]\n                    command: [\"grep\", \" /volume-mount virtiofs \", \"/proc/mounts\"]\n        \n                  - name: ensure-jail-submount-data-virtiofs\n                    image: cr.eu-north1.nebius.cloud/soperator/busybox\n                    volumeMounts: [{ name: 'data', mountPath: /volume-mount }]\n                    command: [\"grep\", \" /volume-mount virtiofs \", \"/proc/mounts\"]\n        \n                  - name: ensure-node-local-jail-submount-scratch-ext4\n                    image: cr.eu-north1.nebius.cloud/soperator/busybox\n                    volumeMounts: [{ name: 'scratch', mountPath: /volume-mount }]\n                    command: [\"grep\", ' /volume-mount ext4 ', \"/proc/mounts\"]\n        \n        \n        \n\n"
            ],
            "verify": false,
            "version": "2.0.0",
            "wait": true,
            "wait_for_jobs": false
          },
          "sensitive_attributes": [
            [
              {
                "type": "get_attr",
                "value": "repository_password"
              }
            ]
          ],
          "identity_schema_version": 0,
          "private": "eyJzY2hlbWFfdmVyc2lvbiI6IjEifQ==",
          "dependencies": [
            "data.nebius_compute_v1_filesystem.existing_jail",
            "data.nebius_iam_v1_project.this",
            "data.nebius_vpc_v1_subnet.this",
            "module.backups.data.nebius_iam_v1_group.editors",
            "module.backups.nebius_iam_v1_group_membership.backups_service_account_group",
            "module.backups.nebius_iam_v1_service_account.backups_service_account",
            "module.backups.terraform_data.k8s_backups_bucket_access_secret",
            "module.backups_store.nebius_storage_v1_bucket.backups_bucket",
            "module.backups_store.terraform_data.cleanup_bucket",
            "module.cleanup.terraform_data.disk_cleanup",
            "module.filestore.data.nebius_compute_v1_filesystem.accounting",
            "module.filestore.data.nebius_compute_v1_filesystem.controller_spool",
            "module.filestore.data.nebius_compute_v1_filesystem.jail",
            "module.filestore.data.nebius_compute_v1_filesystem.jail_submount",
            "module.filestore.nebius_compute_v1_filesystem.accounting",
            "module.filestore.nebius_compute_v1_filesystem.controller_spool",
            "module.filestore.nebius_compute_v1_filesystem.jail",
            "module.filestore.nebius_compute_v1_filesystem.jail_submount",
            "module.fluxcd.terraform_data.flux2",
            "module.fluxcd.terraform_data.flux_namespace",
            "module.k8s.data.units_data_size.boot_disk_minimal",
            "module.k8s.module.resources.data.units_data_size.k8s_ephemeral_storage_reserve",
            "module.k8s.nebius_compute_v1_gpu_cluster.this_v2",
            "module.k8s.nebius_mk8s_v1_cluster.this",
            "module.k8s.nebius_mk8s_v1_node_group.accounting",
            "module.k8s.nebius_mk8s_v1_node_group.controller",
            "module.k8s.nebius_mk8s_v1_node_group.login",
            "module.k8s.nebius_mk8s_v1_node_group.nfs",
            "module.k8s.nebius_mk8s_v1_node_group.system",
            "module.k8s.nebius_mk8s_v1_node_group.worker_v2",
            "module.k8s.nebius_vpc_v1_allocation.this",
            "module.k8s.terraform_data.check_resource_preset_sufficiency",
            "module.k8s.terraform_data.check_worker_gpu_fabric",
            "module.k8s.terraform_data.kubectl_cluster_context",
            "module.nfs-server.nebius_compute_v1_disk.nfs-boot-disk",
            "module.nfs-server.nebius_compute_v1_disk.nfs-storage-disk",
            "module.nfs-server.nebius_compute_v1_instance.nfs_server",
            "module.o11y.terraform_data.o11y_static_key_secret",
            "module.o11y.terraform_data.opentelemetry_collector_cm",
            "module.resources.data.units_data_size.k8s_ephemeral_storage_reserve",
            "module.slurm.local_file.flux_release_rendered_nodesets",
            "terraform_data.check_local_nvme",
            "terraform_data.check_nfs",
            "terraform_data.check_region",
            "terraform_data.check_slurm_nodeset",
            "terraform_data.check_slurm_nodeset_accounting",
            "terraform_data.check_variables"
          ]
        }
      ]
    },
    {
      "module": "module.slurm",
      "mode": "managed",
      "type": "local_file",
      "name": "flux_release_rendered_nodesets",
      "provider": "provider[\"registry.terraform.io/hashicorp/local\"]",
      "instances": [
        {
          "schema_version": 0,
          "attributes": {
            "content": "nodesets:\n  enabled: true\n\n  interval: 5m\n  timeout: 5m\n  version: 4.1.0\n  namespace: soperator\n  releaseName: soperator-nodesets\n\n  overrideValues: \n    nodesets:\n      - name: worker\n        annotations:\n          slurm.nebius.ai/parental-cluster-ref: soperator\n\n        replicas: 2\n        maxUnavailable: 20%\n\n        gpu:\n          enabled: true\n          nvidia:\n            gdrCopyEnabled: true\n\n        nodeConfig:\n          features:\n            - gpu_h200_sxm\n            - network_ssd\n          static: \"CPUs=128 Boards=1 SocketsPerBoard=2 CoresPerSocket=32 ThreadsPerCore=2 Gres=gpu:nvidia_h200:8\"\n          dynamic: \"\\\"{ \\\\\\\"ib_pod\\\\\\\": \\\\\\\"$TOPO_SWITCH_TIER2\\\\\\\", \\\\\\\"ib_su\\\\\\\": \\\\\\\"$TOPO_SWITCH_TIER1\\\\\\\" }\\\"\"\n          gresConfig:\n            - AutoDetect=off Name=gpu Type=nvidia_h200 File=/dev/nvidia4 Cores=0-31 Links=-1,1,1,1,1,1,1,1 Flags=nvidia_gpu_env\n            - AutoDetect=off Name=gpu Type=nvidia_h200 File=/dev/nvidia5 Cores=0-31 Links=1,-1,1,1,1,1,1,1 Flags=nvidia_gpu_env\n            - AutoDetect=off Name=gpu Type=nvidia_h200 File=/dev/nvidia6 Cores=0-31 Links=1,1,-1,1,1,1,1,1 Flags=nvidia_gpu_env\n            - AutoDetect=off Name=gpu Type=nvidia_h200 File=/dev/nvidia7 Cores=0-31 Links=1,1,1,-1,1,1,1,1 Flags=nvidia_gpu_env\n            - AutoDetect=off Name=gpu Type=nvidia_h200 File=/dev/nvidia0 Cores=32-63 Links=1,1,1,1,-1,1,1,1 Flags=nvidia_gpu_env\n            - AutoDetect=off Name=gpu Type=nvidia_h200 File=/dev/nvidia1 Cores=32-63 Links=1,1,1,1,1,-1,1,1 Flags=nvidia_gpu_env\n            - AutoDetect=off Name=gpu Type=nvidia_h200 File=/dev/nvidia2 Cores=32-63 Links=1,1,1,1,1,1,-1,1 Flags=nvidia_gpu_env\n            - AutoDetect=off Name=gpu Type=nvidia_h200 File=/dev/nvidia3 Cores=32-63 Links=1,1,1,1,1,1,1,-1 Flags=nvidia_gpu_env\n\n        slurmd:\n          customEnv:\n            - name: \"NVIDIA_DRIVER_CAPABILITIES\"\n              value: \"compute,graphics,utility,video\"\n          resources:\n            cpu: 125950m\n            memory: 1436Gi\n            ephemeralStorage: 382Gi\n            gpu: 8\n\n          volumes:\n            spool:\n              emptyDir: {}\n\n            jail:\n              persistentVolumeClaim:\n                claimName: jail-pvc\n                readOnly: false\n\n            jailSubMounts:\n\n              - name: home-dir\n                mountPath: /home\n                volumeSource:\n                  persistentVolumeClaim:\n                    claimName: home-dir\n\n              - name: data\n                mountPath: /data\n                volumeSource:\n                  persistentVolumeClaim:\n                    claimName: jail-submount-data-pvc\n                    readOnly: false\n\n              - name: scratch\n                mountPath: /scratch\n                volumeClaimTemplateSpec:\n                  accessModes:\n                    - ReadWriteOnce\n                  storageClassName: compute-csi-network-ssd-ext4\n                  resources:\n                    requests:\n                      storage: 1024Gi\n\n\n\n            persistentVolumeClaimRetentionPolicy:\n              whenDeleted: Delete\n              whenScaled: Delete\n\n            customVolumeMounts:\n              - name: slurm-scripts\n                mountPath: /opt/slurm_scripts/\n                volumeSource:\n                  configMap:\n                    name: slurm-scripts\n                    defaultMode: 0755\n\n              - name: slurm-scripts-jail\n                mountPath: /mnt/jail.upper/opt/slurm_scripts/\n                volumeSource:\n                  configMap:\n                    name: slurm-scripts\n                    defaultMode: 0755\n\n              - name: sys-host\n                mountPath: /mnt/jail.upper/sys-host\n                readOnly: true\n                volumeSource:\n                  hostPath:\n                    path: /sys\n                    type: Directory\n\n\n              - name: hpc-jobs-dir\n                mountPath: /var/run/nebius/slurm\n                volumeSource:\n                  hostPath:\n                    path: /var/run/nebius/slurm\n                    type: DirectoryOrCreate\n\n              - name: nvidia-driver-root\n                mountPath: /run/nvidia/driver\n                readOnly: false\n                volumeSource:\n                  hostPath:\n                    path: /\n                    type: \"\"\n\n            sharedMemorySize: 64Gi\n\n          security:\n            appArmorProfile: unconfined\n\n        munge:\n          resources:\n            cpu: 100m\n            memory: 0.5Gi\n            ephemeralStorage: 5Gi\n\n          security:\n            appArmorProfile: unconfined\n\n        sssd:\n          enabled: false\n          resources:\n            cpu: 200m\n            memory: 0.5Gi\n            ephemeralStorage: 5Gi\n\n        sssdConfSecretRefName: \"\"\n        sssdLdapCAConfigMapRefName: \"\"\n\n        configMapRefSupervisord: custom-supervisord-config\n        configMapRefSshd: \n\n        enableHostUserNamespace: true\n\n        priorityClass: soperator-worker-high-priority\n        nodeSelector:\n          slurm.nebius.ai/nodeset-name: worker\n        tolerations:\n          - key: nvidia.com/gpu\n            operator: Exists\n            effect: NoSchedule\n\n        customInitContainers:\n          - name: ensure-jail-virtiofs\n            image: cr.eu-north1.nebius.cloud/soperator/busybox\n            volumeMounts: [{ name: jail, mountPath: /volume-mount }]\n            command: [\"grep\", \" /volume-mount virtiofs \", \"/proc/mounts\"]\n\n          - name: ensure-jail-submount-data-virtiofs\n            image: cr.eu-north1.nebius.cloud/soperator/busybox\n            volumeMounts: [{ name: 'data', mountPath: /volume-mount }]\n            command: [\"grep\", \" /volume-mount virtiofs \", \"/proc/mounts\"]\n\n          - name: ensure-node-local-jail-submount-scratch-ext4\n            image: cr.eu-north1.nebius.cloud/soperator/busybox\n            volumeMounts: [{ name: 'scratch', mountPath: /volume-mount }]\n            command: [\"grep\", ' /volume-mount ext4 ', \"/proc/mounts\"]\n\n\n",
            "content_base64": null,
            "content_base64sha256": "4bNz0ZqFrp/Ke6opW/V+NB72pqoeE7V1c58OJk/sqc0=",
            "content_base64sha512": "4duW4twdeR9DQG77w6NiClEFRvtYzJC77qlp8G1GVDnsE7cIVLOtS22owr2MywPnaGuaIwPnExTFp913RzjF6A==",
            "content_md5": "597b2c79e5fe193806f9834d64d03e14",
            "content_sha1": "988e35bcd81d89d56d087a9fafc2e7694ef30442",
            "content_sha256": "e1b373d19a85ae9fca7baa295bf57e341ef6a6aa1e13b575739f0e264feca9cd",
            "content_sha512": "e1db96e2dc1d791f43406efbc3a3620a510546fb58cc90bbeea969f06d465439ec13b70854b3ad4b6da8c2bd8ccb03e7686b9a2303e71314c5a7dd774738c5e8",
            "directory_permission": "0777",
            "file_permission": "0777",
            "filename": "./assets/render/flux_release_nodesets.yaml",
            "id": "988e35bcd81d89d56d087a9fafc2e7694ef30442",
            "sensitive_content": null,
            "source": null
          },
          "sensitive_attributes": [
            [
              {
                "type": "get_attr",
                "value": "sensitive_content"
              }
            ]
          ],
          "identity_schema_version": 0,
          "dependencies": [
            "data.nebius_compute_v1_filesystem.existing_jail",
            "data.nebius_iam_v1_project.this",
            "data.nebius_vpc_v1_subnet.this",
            "module.backups.data.nebius_iam_v1_group.editors",
            "module.backups.nebius_iam_v1_group_membership.backups_service_account_group",
            "module.backups.nebius_iam_v1_service_account.backups_service_account",
            "module.backups.terraform_data.k8s_backups_bucket_access_secret",
            "module.backups_store.nebius_storage_v1_bucket.backups_bucket",
            "module.backups_store.terraform_data.cleanup_bucket",
            "module.cleanup.terraform_data.disk_cleanup",
            "module.filestore.data.nebius_compute_v1_filesystem.accounting",
            "module.filestore.data.nebius_compute_v1_filesystem.controller_spool",
            "module.filestore.data.nebius_compute_v1_filesystem.jail",
            "module.filestore.data.nebius_compute_v1_filesystem.jail_submount",
            "module.filestore.nebius_compute_v1_filesystem.accounting",
            "module.filestore.nebius_compute_v1_filesystem.controller_spool",
            "module.filestore.nebius_compute_v1_filesystem.jail",
            "module.filestore.nebius_compute_v1_filesystem.jail_submount",
            "module.fluxcd.terraform_data.flux2",
            "module.fluxcd.terraform_data.flux_namespace",
            "module.k8s.data.units_data_size.boot_disk_minimal",
            "module.k8s.module.resources.data.units_data_size.k8s_ephemeral_storage_reserve",
            "module.k8s.nebius_compute_v1_gpu_cluster.this_v2",
            "module.k8s.nebius_mk8s_v1_cluster.this",
            "module.k8s.nebius_mk8s_v1_node_group.accounting",
            "module.k8s.nebius_mk8s_v1_node_group.controller",
            "module.k8s.nebius_mk8s_v1_node_group.login",
            "module.k8s.nebius_mk8s_v1_node_group.nfs",
            "module.k8s.nebius_mk8s_v1_node_group.system",
            "module.k8s.nebius_mk8s_v1_node_group.worker_v2",
            "module.k8s.nebius_vpc_v1_allocation.this",
            "module.k8s.terraform_data.check_resource_preset_sufficiency",
            "module.k8s.terraform_data.check_worker_gpu_fabric",
            "module.k8s.terraform_data.kubectl_cluster_context",
            "module.nfs-server.nebius_compute_v1_disk.nfs-boot-disk",
            "module.nfs-server.nebius_compute_v1_disk.nfs-storage-disk",
            "module.nfs-server.nebius_compute_v1_instance.nfs_server",
            "module.o11y.terraform_data.o11y_static_key_secret",
            "module.o11y.terraform_data.opentelemetry_collector_cm",
            "module.resources.data.units_data_size.k8s_ephemeral_storage_reserve",
            "terraform_data.check_local_nvme",
            "terraform_data.check_nfs",
            "terraform_data.check_region",
            "terraform_data.check_slurm_nodeset",
            "terraform_data.check_slurm_nodeset_accounting",
            "terraform_data.check_variables"
          ]
        }
      ]
    },
    {
      "module": "module.slurm",
      "mode": "managed",
      "type": "terraform_data",
      "name": "check_worker_nodesets",
      "provider": "provider[\"terraform.io/builtin/terraform\"]",
      "instances": [
        {
          "schema_version": 0,
          "attributes": {
            "id": "b169c85f-784c-a6de-ea1d-e0f6529961d1",
            "input": null,
            "output": null,
            "triggers_replace": null
          },
          "sensitive_attributes": [],
          "identity_schema_version": 0,
          "dependencies": [
            "data.nebius_compute_v1_filesystem.existing_jail",
            "data.nebius_iam_v1_project.this",
            "data.nebius_vpc_v1_subnet.this",
            "module.backups.data.nebius_iam_v1_group.editors",
            "module.backups.nebius_iam_v1_group_membership.backups_service_account_group",
            "module.backups.nebius_iam_v1_service_account.backups_service_account",
            "module.backups.terraform_data.k8s_backups_bucket_access_secret",
            "module.backups_store.nebius_storage_v1_bucket.backups_bucket",
            "module.backups_store.terraform_data.cleanup_bucket",
            "module.cleanup.terraform_data.disk_cleanup",
            "module.filestore.data.nebius_compute_v1_filesystem.accounting",
            "module.filestore.data.nebius_compute_v1_filesystem.controller_spool",
            "module.filestore.data.nebius_compute_v1_filesystem.jail",
            "module.filestore.data.nebius_compute_v1_filesystem.jail_submount",
            "module.filestore.nebius_compute_v1_filesystem.accounting",
            "module.filestore.nebius_compute_v1_filesystem.controller_spool",
            "module.filestore.nebius_compute_v1_filesystem.jail",
            "module.filestore.nebius_compute_v1_filesystem.jail_submount",
            "module.fluxcd.terraform_data.flux2",
            "module.fluxcd.terraform_data.flux_namespace",
            "module.k8s.data.units_data_size.boot_disk_minimal",
            "module.k8s.module.resources.data.units_data_size.k8s_ephemeral_storage_reserve",
            "module.k8s.nebius_compute_v1_gpu_cluster.this_v2",
            "module.k8s.nebius_mk8s_v1_cluster.this",
            "module.k8s.nebius_mk8s_v1_node_group.accounting",
            "module.k8s.nebius_mk8s_v1_node_group.controller",
            "module.k8s.nebius_mk8s_v1_node_group.login",
            "module.k8s.nebius_mk8s_v1_node_group.nfs",
            "module.k8s.nebius_mk8s_v1_node_group.system",
            "module.k8s.nebius_mk8s_v1_node_group.worker_v2",
            "module.k8s.nebius_vpc_v1_allocation.this",
            "module.k8s.terraform_data.check_resource_preset_sufficiency",
            "module.k8s.terraform_data.check_worker_gpu_fabric",
            "module.k8s.terraform_data.kubectl_cluster_context",
            "module.nfs-server.nebius_compute_v1_disk.nfs-boot-disk",
            "module.nfs-server.nebius_compute_v1_disk.nfs-storage-disk",
            "module.nfs-server.nebius_compute_v1_instance.nfs_server",
            "module.o11y.terraform_data.o11y_static_key_secret",
            "module.o11y.terraform_data.opentelemetry_collector_cm",
            "module.resources.data.units_data_size.k8s_ephemeral_storage_reserve",
            "terraform_data.check_local_nvme",
            "terraform_data.check_nfs",
            "terraform_data.check_region",
            "terraform_data.check_slurm_nodeset",
            "terraform_data.check_slurm_nodeset_accounting",
            "terraform_data.check_variables"
          ]
        }
      ]
    },
    {
      "module": "module.slurm",
      "mode": "managed",
      "type": "terraform_data",
      "name": "wait_for_slurm_cluster_available",
      "provider": "provider[\"terraform.io/builtin/terraform\"]",
      "instances": [
        {
          "schema_version": 0,
          "attributes": {
            "id": "8e4f43e2-7f11-ee75-4781-6f1d33b1d367",
            "input": null,
            "output": null,
            "triggers_replace": null
          },
          "sensitive_attributes": [],
          "identity_schema_version": 0,
          "dependencies": [
            "data.nebius_compute_v1_filesystem.existing_jail",
            "data.nebius_iam_v1_project.this",
            "data.nebius_vpc_v1_subnet.this",
            "module.backups.data.nebius_iam_v1_group.editors",
            "module.backups.nebius_iam_v1_group_membership.backups_service_account_group",
            "module.backups.nebius_iam_v1_service_account.backups_service_account",
            "module.backups.terraform_data.k8s_backups_bucket_access_secret",
            "module.backups_store.nebius_storage_v1_bucket.backups_bucket",
            "module.backups_store.terraform_data.cleanup_bucket",
            "module.cleanup.terraform_data.disk_cleanup",
            "module.filestore.data.nebius_compute_v1_filesystem.accounting",
            "module.filestore.data.nebius_compute_v1_filesystem.controller_spool",
            "module.filestore.data.nebius_compute_v1_filesystem.jail",
            "module.filestore.data.nebius_compute_v1_filesystem.jail_submount",
            "module.filestore.nebius_compute_v1_filesystem.accounting",
            "module.filestore.nebius_compute_v1_filesystem.controller_spool",
            "module.filestore.nebius_compute_v1_filesystem.jail",
            "module.filestore.nebius_compute_v1_filesystem.jail_submount",
            "module.fluxcd.terraform_data.flux2",
            "module.fluxcd.terraform_data.flux_namespace",
            "module.k8s.data.units_data_size.boot_disk_minimal",
            "module.k8s.module.resources.data.units_data_size.k8s_ephemeral_storage_reserve",
            "module.k8s.nebius_compute_v1_gpu_cluster.this_v2",
            "module.k8s.nebius_mk8s_v1_cluster.this",
            "module.k8s.nebius_mk8s_v1_node_group.accounting",
            "module.k8s.nebius_mk8s_v1_node_group.controller",
            "module.k8s.nebius_mk8s_v1_node_group.login",
            "module.k8s.nebius_mk8s_v1_node_group.nfs",
            "module.k8s.nebius_mk8s_v1_node_group.system",
            "module.k8s.nebius_mk8s_v1_node_group.worker_v2",
            "module.k8s.nebius_vpc_v1_allocation.this",
            "module.k8s.terraform_data.check_resource_preset_sufficiency",
            "module.k8s.terraform_data.check_worker_gpu_fabric",
            "module.k8s.terraform_data.kubectl_cluster_context",
            "module.nfs-server.nebius_compute_v1_disk.nfs-boot-disk",
            "module.nfs-server.nebius_compute_v1_disk.nfs-storage-disk",
            "module.nfs-server.nebius_compute_v1_instance.nfs_server",
            "module.o11y.terraform_data.o11y_static_key_secret",
            "module.o11y.terraform_data.opentelemetry_collector_cm",
            "module.resources.data.units_data_size.k8s_ephemeral_storage_reserve",
            "module.slurm.helm_release.soperator_fluxcd_bootstrap",
            "module.slurm.helm_release.soperator_fluxcd_cm",
            "module.slurm.local_file.flux_release_rendered_nodesets",
            "module.slurm.terraform_data.wait_for_slurm_cluster_hr",
            "terraform_data.check_local_nvme",
            "terraform_data.check_nfs",
            "terraform_data.check_region",
            "terraform_data.check_slurm_nodeset",
            "terraform_data.check_slurm_nodeset_accounting",
            "terraform_data.check_variables"
          ]
        }
      ]
    },
    {
      "module": "module.slurm",
      "mode": "managed",
      "type": "terraform_data",
      "name": "wait_for_slurm_cluster_hr",
      "provider": "provider[\"terraform.io/builtin/terraform\"]",
      "instances": [
        {
          "schema_version": 0,
          "attributes": {
            "id": "94c77a84-7398-4da3-2cdf-1f75e23ec571",
            "input": null,
            "output": null,
            "triggers_replace": null
          },
          "sensitive_attributes": [],
          "identity_schema_version": 0,
          "dependencies": [
            "data.nebius_compute_v1_filesystem.existing_jail",
            "data.nebius_iam_v1_project.this",
            "data.nebius_vpc_v1_subnet.this",
            "module.backups.data.nebius_iam_v1_group.editors",
            "module.backups.nebius_iam_v1_group_membership.backups_service_account_group",
            "module.backups.nebius_iam_v1_service_account.backups_service_account",
            "module.backups.terraform_data.k8s_backups_bucket_access_secret",
            "module.backups_store.nebius_storage_v1_bucket.backups_bucket",
            "module.backups_store.terraform_data.cleanup_bucket",
            "module.cleanup.terraform_data.disk_cleanup",
            "module.filestore.data.nebius_compute_v1_filesystem.accounting",
            "module.filestore.data.nebius_compute_v1_filesystem.controller_spool",
            "module.filestore.data.nebius_compute_v1_filesystem.jail",
            "module.filestore.data.nebius_compute_v1_filesystem.jail_submount",
            "module.filestore.nebius_compute_v1_filesystem.accounting",
            "module.filestore.nebius_compute_v1_filesystem.controller_spool",
            "module.filestore.nebius_compute_v1_filesystem.jail",
            "module.filestore.nebius_compute_v1_filesystem.jail_submount",
            "module.fluxcd.terraform_data.flux2",
            "module.fluxcd.terraform_data.flux_namespace",
            "module.k8s.data.units_data_size.boot_disk_minimal",
            "module.k8s.module.resources.data.units_data_size.k8s_ephemeral_storage_reserve",
            "module.k8s.nebius_compute_v1_gpu_cluster.this_v2",
            "module.k8s.nebius_mk8s_v1_cluster.this",
            "module.k8s.nebius_mk8s_v1_node_group.accounting",
            "module.k8s.nebius_mk8s_v1_node_group.controller",
            "module.k8s.nebius_mk8s_v1_node_group.login",
            "module.k8s.nebius_mk8s_v1_node_group.nfs",
            "module.k8s.nebius_mk8s_v1_node_group.system",
            "module.k8s.nebius_mk8s_v1_node_group.worker_v2",
            "module.k8s.nebius_vpc_v1_allocation.this",
            "module.k8s.terraform_data.check_resource_preset_sufficiency",
            "module.k8s.terraform_data.check_worker_gpu_fabric",
            "module.k8s.terraform_data.kubectl_cluster_context",
            "module.nfs-server.nebius_compute_v1_disk.nfs-boot-disk",
            "module.nfs-server.nebius_compute_v1_disk.nfs-storage-disk",
            "module.nfs-server.nebius_compute_v1_instance.nfs_server",
            "module.o11y.terraform_data.o11y_static_key_secret",
            "module.o11y.terraform_data.opentelemetry_collector_cm",
            "module.resources.data.units_data_size.k8s_ephemeral_storage_reserve",
            "module.slurm.helm_release.soperator_fluxcd_bootstrap",
            "module.slurm.helm_release.soperator_fluxcd_cm",
            "module.slurm.local_file.flux_release_rendered_nodesets",
            "terraform_data.check_local_nvme",
            "terraform_data.check_nfs",
            "terraform_data.check_region",
            "terraform_data.check_slurm_nodeset",
            "terraform_data.check_slurm_nodeset_accounting",
            "terraform_data.check_variables"
          ]
        }
      ]
    },
    {
      "module": "module.slurm",
      "mode": "managed",
      "type": "terraform_data",
      "name": "wait_for_soperator_activechecks_hr",
      "provider": "provider[\"terraform.io/builtin/terraform\"]",
      "instances": [
        {
          "schema_version": 0,
          "attributes": {
            "id": "ef90041e-a2d8-6f93-dcdf-0bda69472320",
            "input": null,
            "output": null,
            "triggers_replace": null
          },
          "sensitive_attributes": [],
          "identity_schema_version": 0,
          "dependencies": [
            "data.nebius_compute_v1_filesystem.existing_jail",
            "data.nebius_iam_v1_project.this",
            "data.nebius_vpc_v1_subnet.this",
            "module.backups.data.nebius_iam_v1_group.editors",
            "module.backups.nebius_iam_v1_group_membership.backups_service_account_group",
            "module.backups.nebius_iam_v1_service_account.backups_service_account",
            "module.backups.terraform_data.k8s_backups_bucket_access_secret",
            "module.backups_store.nebius_storage_v1_bucket.backups_bucket",
            "module.backups_store.terraform_data.cleanup_bucket",
            "module.cleanup.terraform_data.disk_cleanup",
            "module.filestore.data.nebius_compute_v1_filesystem.accounting",
            "module.filestore.data.nebius_compute_v1_filesystem.controller_spool",
            "module.filestore.data.nebius_compute_v1_filesystem.jail",
            "module.filestore.data.nebius_compute_v1_filesystem.jail_submount",
            "module.filestore.nebius_compute_v1_filesystem.accounting",
            "module.filestore.nebius_compute_v1_filesystem.controller_spool",
            "module.filestore.nebius_compute_v1_filesystem.jail",
            "module.filestore.nebius_compute_v1_filesystem.jail_submount",
            "module.fluxcd.terraform_data.flux2",
            "module.fluxcd.terraform_data.flux_namespace",
            "module.k8s.data.units_data_size.boot_disk_minimal",
            "module.k8s.module.resources.data.units_data_size.k8s_ephemeral_storage_reserve",
            "module.k8s.nebius_compute_v1_gpu_cluster.this_v2",
            "module.k8s.nebius_mk8s_v1_cluster.this",
            "module.k8s.nebius_mk8s_v1_node_group.accounting",
            "module.k8s.nebius_mk8s_v1_node_group.controller",
            "module.k8s.nebius_mk8s_v1_node_group.login",
            "module.k8s.nebius_mk8s_v1_node_group.nfs",
            "module.k8s.nebius_mk8s_v1_node_group.system",
            "module.k8s.nebius_mk8s_v1_node_group.worker_v2",
            "module.k8s.nebius_vpc_v1_allocation.this",
            "module.k8s.terraform_data.check_resource_preset_sufficiency",
            "module.k8s.terraform_data.check_worker_gpu_fabric",
            "module.k8s.terraform_data.kubectl_cluster_context",
            "module.nfs-server.nebius_compute_v1_disk.nfs-boot-disk",
            "module.nfs-server.nebius_compute_v1_disk.nfs-storage-disk",
            "module.nfs-server.nebius_compute_v1_instance.nfs_server",
            "module.o11y.terraform_data.o11y_static_key_secret",
            "module.o11y.terraform_data.opentelemetry_collector_cm",
            "module.resources.data.units_data_size.k8s_ephemeral_storage_reserve",
            "module.slurm.helm_release.soperator_fluxcd_bootstrap",
            "module.slurm.helm_release.soperator_fluxcd_cm",
            "module.slurm.local_file.flux_release_rendered_nodesets",
            "module.slurm.terraform_data.wait_for_slurm_cluster_hr",
            "terraform_data.check_local_nvme",
            "terraform_data.check_nfs",
            "terraform_data.check_region",
            "terraform_data.check_slurm_nodeset",
            "terraform_data.check_slurm_nodeset_accounting",
            "terraform_data.check_variables"
          ]
        }
      ]
    }
  ],
  "check_results": [
    {
      "object_kind": "var",
      "config_addr": "module.k8s.var.company_name",
      "status": "pass",
      "objects": [
        {
          "object_addr": "module.k8s.var.company_name",
          "status": "pass"
        }
      ]
    },
    {
      "object_kind": "var",
      "config_addr": "var.vpc_subnet_id",
      "status": "pass",
      "objects": [
        {
          "object_addr": "var.vpc_subnet_id",
          "status": "pass"
        }
      ]
    },
    {
      "object_kind": "var",
      "config_addr": "module.slurm.var.active_checks_scope",
      "status": "pass",
      "objects": [
        {
          "object_addr": "module.slurm.var.active_checks_scope",
          "status": "pass"
        }
      ]
    },
    {
      "object_kind": "resource",
      "config_addr": "terraform_data.check_slurm_nodeset_accounting",
      "status": "pass",
      "objects": [
        {
          "object_addr": "terraform_data.check_slurm_nodeset_accounting",
          "status": "pass"
        }
      ]
    },
    {
      "object_kind": "var",
      "config_addr": "var.filestore_controller_spool",
      "status": "pass",
      "objects": [
        {
          "object_addr": "var.filestore_controller_spool",
          "status": "pass"
        }
      ]
    },
    {
      "object_kind": "var",
      "config_addr": "var.iam_tenant_id",
      "status": "pass",
      "objects": [
        {
          "object_addr": "var.iam_tenant_id",
          "status": "pass"
        }
      ]
    },
    {
      "object_kind": "var",
      "config_addr": "module.filestore.var.jail",
      "status": "pass",
      "objects": [
        {
          "object_addr": "module.filestore.var.jail",
          "status": "pass"
        }
      ]
    },
    {
      "object_kind": "var",
      "config_addr": "var.slurm_nodeset_workers",
      "status": "pass",
      "objects": [
        {
          "object_addr": "var.slurm_nodeset_workers",
          "status": "pass"
        }
      ]
    },
    {
      "object_kind": "var",
      "config_addr": "var.slurm_nodeset_system",
      "status": "pass",
      "objects": [
        {
          "object_addr": "var.slurm_nodeset_system",
          "status": "pass"
        }
      ]
    },
    {
      "object_kind": "var",
      "config_addr": "module.filestore.var.jail_submounts",
      "status": "pass",
      "objects": [
        {
          "object_addr": "module.filestore.var.jail_submounts",
          "status": "pass"
        }
      ]
    },
    {
      "object_kind": "var",
      "config_addr": "module.slurm.var.nfs",
      "status": "pass",
      "objects": [
        {
          "object_addr": "module.slurm.var.nfs",
          "status": "pass"
        }
      ]
    },
    {
      "object_kind": "var",
      "config_addr": "module.slurm.var.login_ssh_root_public_keys",
      "status": "pass",
      "objects": [
        {
          "object_addr": "module.slurm.var.login_ssh_root_public_keys",
          "status": "pass"
        }
      ]
    },
    {
      "object_kind": "var",
      "config_addr": "module.slurm.var.maintenance_ignore_node_groups",
      "status": "pass",
      "objects": [
        {
          "object_addr": "module.slurm.var.maintenance_ignore_node_groups",
          "status": "pass"
        }
      ]
    },
    {
      "object_kind": "var",
      "config_addr": "var.active_checks_scope",
      "status": "pass",
      "objects": [
        {
          "object_addr": "var.active_checks_scope",
          "status": "pass"
        }
      ]
    },
    {
      "object_kind": "var",
      "config_addr": "var.o11y_iam_tenant_id",
      "status": "pass",
      "objects": [
        {
          "object_addr": "var.o11y_iam_tenant_id",
          "status": "pass"
        }
      ]
    },
    {
      "object_kind": "var",
      "config_addr": "var.slurm_nodeset_login",
      "status": "pass",
      "objects": [
        {
          "object_addr": "var.slurm_nodeset_login",
          "status": "pass"
        }
      ]
    },
    {
      "object_kind": "var",
      "config_addr": "var.nfs_in_k8s",
      "status": "pass",
      "objects": [
        {
          "object_addr": "var.nfs_in_k8s",
          "status": "pass"
        }
      ]
    },
    {
      "object_kind": "resource",
      "config_addr": "module.k8s.terraform_data.check_resource_preset_sufficiency",
      "status": "pass",
      "objects": [
        {
          "object_addr": "module.k8s.terraform_data.check_resource_preset_sufficiency[\"0\"]",
          "status": "pass"
        },
        {
          "object_addr": "module.k8s.terraform_data.check_resource_preset_sufficiency[\"1\"]",
          "status": "pass"
        },
        {
          "object_addr": "module.k8s.terraform_data.check_resource_preset_sufficiency[\"2\"]",
          "status": "pass"
        },
        {
          "object_addr": "module.k8s.terraform_data.check_resource_preset_sufficiency[\"3\"]",
          "status": "pass"
        },
        {
          "object_addr": "module.k8s.terraform_data.check_resource_preset_sufficiency[\"4\"]",
          "status": "pass"
        },
        {
          "object_addr": "module.k8s.terraform_data.check_resource_preset_sufficiency[\"5\"]",
          "status": "pass"
        }
      ]
    },
    {
      "object_kind": "var",
      "config_addr": "module.nvidia_operator_gpu.var.mig_strategy",
      "status": "pass",
      "objects": null
    },
    {
      "object_kind": "var",
      "config_addr": "var.slurm_nodeset_accounting",
      "status": "pass",
      "objects": [
        {
          "object_addr": "var.slurm_nodeset_accounting",
          "status": "pass"
        }
      ]
    },
    {
      "object_kind": "var",
      "config_addr": "module.k8s.var.node_group_accounting",
      "status": "pass",
      "objects": [
        {
          "object_addr": "module.k8s.var.node_group_accounting",
          "status": "pass"
        }
      ]
    },
    {
      "object_kind": "resource",
      "config_addr": "terraform_data.check_local_nvme",
      "status": "pass",
      "objects": [
        {
          "object_addr": "terraform_data.check_local_nvme",
          "status": "pass"
        }
      ]
    },
    {
      "object_kind": "var",
      "config_addr": "module.slurm.var.slurm_nodesets_partitions",
      "status": "pass",
      "objects": [
        {
          "object_addr": "module.slurm.var.slurm_nodesets_partitions",
          "status": "pass"
        }
      ]
    },
    {
      "object_kind": "var",
      "config_addr": "module.slurm.var.maintenance",
      "status": "pass",
      "objects": [
        {
          "object_addr": "module.slurm.var.maintenance",
          "status": "pass"
        }
      ]
    },
    {
      "object_kind": "var",
      "config_addr": "var.backups_enabled",
      "status": "pass",
      "objects": [
        {
          "object_addr": "var.backups_enabled",
          "status": "pass"
        }
      ]
    },
    {
      "object_kind": "var",
      "config_addr": "module.slurm.var.resources",
      "status": "pass",
      "objects": [
        {
          "object_addr": "module.slurm.var.resources",
          "status": "pass"
        }
      ]
    },
    {
      "object_kind": "var",
      "config_addr": "module.slurm.var.node_count",
      "status": "pass",
      "objects": [
        {
          "object_addr": "module.slurm.var.node_count",
          "status": "pass"
        }
      ]
    },
    {
      "object_kind": "var",
      "config_addr": "var.slurm_partition_config_type",
      "status": "pass",
      "objects": [
        {
          "object_addr": "var.slurm_partition_config_type",
          "status": "pass"
        }
      ]
    },
    {
      "object_kind": "var",
      "config_addr": "module.filestore.var.controller_spool",
      "status": "pass",
      "objects": [
        {
          "object_addr": "module.filestore.var.controller_spool",
          "status": "pass"
        }
      ]
    },
    {
      "object_kind": "var",
      "config_addr": "var.k8s_version",
      "status": "pass",
      "objects": [
        {
          "object_addr": "var.k8s_version",
          "status": "pass"
        }
      ]
    },
    {
      "object_kind": "resource",
      "config_addr": "module.k8s.nebius_mk8s_v1_node_group.worker_v2",
      "status": "pass",
      "objects": [
        {
          "object_addr": "module.k8s.nebius_mk8s_v1_node_group.worker_v2[0]",
          "status": "pass"
        }
      ]
    },
    {
      "object_kind": "var",
      "config_addr": "var.iam_merge_request_url",
      "status": "pass",
      "objects": [
        {
          "object_addr": "var.iam_merge_request_url",
          "status": "pass"
        }
      ]
    },
    {
      "object_kind": "resource",
      "config_addr": "terraform_data.check_region",
      "status": "pass",
      "objects": [
        {
          "object_addr": "terraform_data.check_region",
          "status": "pass"
        }
      ]
    },
    {
      "object_kind": "var",
      "config_addr": "var.o11y_profile",
      "status": "pass",
      "objects": [
        {
          "object_addr": "var.o11y_profile",
          "status": "pass"
        }
      ]
    },
    {
      "object_kind": "var",
      "config_addr": "var.slurm_nodeset_nfs",
      "status": "pass",
      "objects": [
        {
          "object_addr": "var.slurm_nodeset_nfs",
          "status": "pass"
        }
      ]
    },
    {
      "object_kind": "var",
      "config_addr": "module.slurm.var.worker_nodesets",
      "status": "pass",
      "objects": [
        {
          "object_addr": "module.slurm.var.worker_nodesets",
          "status": "pass"
        }
      ]
    },
    {
      "object_kind": "var",
      "config_addr": "var.soperator_notifier",
      "status": "pass",
      "objects": [
        {
          "object_addr": "var.soperator_notifier",
          "status": "pass"
        }
      ]
    },
    {
      "object_kind": "var",
      "config_addr": "var.slurm_login_ssh_root_public_keys",
      "status": "pass",
      "objects": [
        {
          "object_addr": "var.slurm_login_ssh_root_public_keys",
          "status": "pass"
        }
      ]
    },
    {
      "object_kind": "var",
      "config_addr": "var.filestore_jail",
      "status": "pass",
      "objects": [
        {
          "object_addr": "var.filestore_jail",
          "status": "pass"
        }
      ]
    },
    {
      "object_kind": "var",
      "config_addr": "module.slurm.var.nfs_in_k8s",
      "status": "pass",
      "objects": [
        {
          "object_addr": "module.slurm.var.nfs_in_k8s",
          "status": "pass"
        }
      ]
    },
    {
      "object_kind": "resource",
      "config_addr": "terraform_data.check_driver_presets",
      "status": "pass",
      "objects": [
        {
          "object_addr": "terraform_data.check_driver_presets",
          "status": "pass"
        }
      ]
    },
    {
      "object_kind": "var",
      "config_addr": "var.slurm_nodesets_partitions",
      "status": "pass",
      "objects": [
        {
          "object_addr": "var.slurm_nodesets_partitions",
          "status": "pass"
        }
      ]
    },
    {
      "object_kind": "resource",
      "config_addr": "terraform_data.check_slurm_nodeset",
      "status": "pass",
      "objects": [
        {
          "object_addr": "terraform_data.check_slurm_nodeset[\"system\"]",
          "status": "pass"
        },
        {
          "object_addr": "terraform_data.check_slurm_nodeset[\"worker_0\"]",
          "status": "pass"
        },
        {
          "object_addr": "terraform_data.check_slurm_nodeset[\"controller\"]",
          "status": "pass"
        },
        {
          "object_addr": "terraform_data.check_slurm_nodeset[\"login\"]",
          "status": "pass"
        },
        {
          "object_addr": "terraform_data.check_slurm_nodeset[\"nfs\"]",
          "status": "pass"
        }
      ]
    },
    {
      "object_kind": "var",
      "config_addr": "var.iam_project_id",
      "status": "pass",
      "objects": [
        {
          "object_addr": "var.iam_project_id",
          "status": "pass"
        }
      ]
    },
    {
      "object_kind": "var",
      "config_addr": "var.filestore_accounting",
      "status": "pass",
      "objects": [
        {
          "object_addr": "var.filestore_accounting",
          "status": "pass"
        }
      ]
    },
    {
      "object_kind": "resource",
      "config_addr": "module.k8s.terraform_data.check_worker_gpu_fabric",
      "status": "pass",
      "objects": [
        {
          "object_addr": "module.k8s.terraform_data.check_worker_gpu_fabric[\"0\"]",
          "status": "pass"
        }
      ]
    },
    {
      "object_kind": "resource",
      "config_addr": "module.slurm.terraform_data.check_worker_nodesets",
      "status": "pass",
      "objects": [
        {
          "object_addr": "module.slurm.terraform_data.check_worker_nodesets",
          "status": "pass"
        }
      ]
    },
    {
      "object_kind": "var",
      "config_addr": "var.slurm_nodeset_controller",
      "status": "pass",
      "objects": [
        {
          "object_addr": "var.slurm_nodeset_controller",
          "status": "pass"
        }
      ]
    },
    {
      "object_kind": "var",
      "config_addr": "var.filestore_jail_submounts",
      "status": "pass",
      "objects": [
        {
          "object_addr": "var.filestore_jail_submounts",
          "status": "pass"
        }
      ]
    },
    {
      "object_kind": "var",
      "config_addr": "var.nfs",
      "status": "pass",
      "objects": [
        {
          "object_addr": "var.nfs",
          "status": "pass"
        }
      ]
    },
    {
      "object_kind": "var",
      "config_addr": "module.filestore.var.accounting",
      "status": "pass",
      "objects": [
        {
          "object_addr": "module.filestore.var.accounting",
          "status": "pass"
        }
      ]
    },
    {
      "object_kind": "resource",
      "config_addr": "terraform_data.check_nfs",
      "status": "pass",
      "objects": [
        {
          "object_addr": "terraform_data.check_nfs",
          "status": "pass"
        }
      ]
    },
    {
      "object_kind": "var",
      "config_addr": "var.maintenance",
      "status": "pass",
      "objects": [
        {
          "object_addr": "var.maintenance",
          "status": "pass"
        }
      ]
    },
    {
      "object_kind": "var",
      "config_addr": "var.company_name",
      "status": "pass",
      "objects": [
        {
          "object_addr": "var.company_name",
          "status": "pass"
        }
      ]
    }
  ]
}
